{
  "version": 4,
  "terraform_version": "1.14.3",
  "serial": 47,
  "lineage": "1e913924-f296-ba67-4251-40f999c9e53d",
  "outputs": {
    "alert_bucket": {
      "value": "wsc2026-sensor-alert-bucket-111",
      "type": "string"
    },
    "dynamodb_table": {
      "value": "wsc2026-sensor-data",
      "type": "string"
    }
  },
  "resources": [
    {
      "mode": "data",
      "type": "archive_file",
      "name": "alert_consumer",
      "provider": "provider[\"registry.terraform.io/hashicorp/archive\"]",
      "instances": [
        {
          "schema_version": 0,
          "attributes": {
            "exclude_symlink_directories": null,
            "excludes": null,
            "id": "f17333259dbb9f9bbd7ffd11e5d642ff51d5bed2",
            "output_base64sha256": "rS5YOtCT2iEUKSnBzjBMfQTm8WmVa/cB2gV1rvC5OjU=",
            "output_base64sha512": "O0hMuML1Yk0f8n1/H//eFnnw/UhL+Xh+PcIBGXoTvC3bpQh+suvx4NDz0H82wgbUDNAK8l5lW3tVUAaBskHGWA==",
            "output_file_mode": null,
            "output_md5": "b315479f91e5a94b14eb33760e2f36e4",
            "output_path": "./build/alert_consumer.zip",
            "output_sha": "f17333259dbb9f9bbd7ffd11e5d642ff51d5bed2",
            "output_sha256": "ad2e583ad093da21142929c1ce304c7d04e6f169956bf701da0575aef0b93a35",
            "output_sha512": "3b484cb8c2f5624d1ff27d7f1fffde1679f0fd484bf9787e3dc201197a13bc2ddba5087eb2ebf1e0d0f3d07f36c206d40cd00af25e655b7b55500681b241c658",
            "output_size": 1165,
            "source": [],
            "source_content": null,
            "source_content_filename": null,
            "source_dir": null,
            "source_file": "./src/alert_consumer/index.py",
            "type": "zip"
          },
          "sensitive_attributes": [],
          "identity_schema_version": 0
        }
      ]
    },
    {
      "mode": "data",
      "type": "archive_file",
      "name": "consumer",
      "provider": "provider[\"registry.terraform.io/hashicorp/archive\"]",
      "instances": [
        {
          "schema_version": 0,
          "attributes": {
            "exclude_symlink_directories": null,
            "excludes": null,
            "id": "95aef0568c582e6f9e1dfe53e7dfbe3bacb990ea",
            "output_base64sha256": "pyWvP1acXQi8m7rIWGmtcovApvu2voE037dJD44n+as=",
            "output_base64sha512": "iEi4eECj7gy6YQSDytBj127IU9Bn3NddXoUJFM8BipH8cbd6iM5PvnHzzpR58bL0jlG43TNbJLZ9ah7+I3oDXw==",
            "output_file_mode": null,
            "output_md5": "7323353b1fe98b4dc0614d55fe722688",
            "output_path": "./build/consumer.zip",
            "output_sha": "95aef0568c582e6f9e1dfe53e7dfbe3bacb990ea",
            "output_sha256": "a725af3f569c5d08bc9bbac85869ad728bc0a6fbb6be8134dfb7490f8e27f9ab",
            "output_sha512": "8848b87840a3ee0cba610483cad063d76ec853d067dcd75d5e850914cf018a91fc71b77a88ce4fbe71f3ce9479f1b2f48e51b8dd335b24b67d6a1efe237a035f",
            "output_size": 1805,
            "source": [],
            "source_content": null,
            "source_content_filename": null,
            "source_dir": null,
            "source_file": "./src/consumer/index.py",
            "type": "zip"
          },
          "sensitive_attributes": [],
          "identity_schema_version": 0
        }
      ]
    },
    {
      "mode": "data",
      "type": "aws_caller_identity",
      "name": "current",
      "provider": "provider[\"registry.terraform.io/hashicorp/aws\"]",
      "instances": [
        {
          "schema_version": 0,
          "attributes": {
            "account_id": "412869002243",
            "arn": "arn:aws:iam::412869002243:user/kooleewan",
            "id": "412869002243",
            "user_id": "AIDAWAIHJAQB46PXDLJVU"
          },
          "sensitive_attributes": [],
          "identity_schema_version": 0
        }
      ]
    },
    {
      "mode": "data",
      "type": "aws_iam_policy_document",
      "name": "ec2_assume",
      "provider": "provider[\"registry.terraform.io/hashicorp/aws\"]",
      "instances": [
        {
          "schema_version": 0,
          "attributes": {
            "id": "2851119427",
            "json": "{\n  \"Version\": \"2012-10-17\",\n  \"Statement\": [\n    {\n      \"Effect\": \"Allow\",\n      \"Action\": \"sts:AssumeRole\",\n      \"Principal\": {\n        \"Service\": \"ec2.amazonaws.com\"\n      }\n    }\n  ]\n}",
            "minified_json": "{\"Version\":\"2012-10-17\",\"Statement\":[{\"Effect\":\"Allow\",\"Action\":\"sts:AssumeRole\",\"Principal\":{\"Service\":\"ec2.amazonaws.com\"}}]}",
            "override_json": null,
            "override_policy_documents": null,
            "policy_id": null,
            "source_json": null,
            "source_policy_documents": null,
            "statement": [
              {
                "actions": [
                  "sts:AssumeRole"
                ],
                "condition": [],
                "effect": "Allow",
                "not_actions": [],
                "not_principals": [],
                "not_resources": [],
                "principals": [
                  {
                    "identifiers": [
                      "ec2.amazonaws.com"
                    ],
                    "type": "Service"
                  }
                ],
                "resources": [],
                "sid": ""
              }
            ],
            "version": "2012-10-17"
          },
          "sensitive_attributes": [],
          "identity_schema_version": 0
        }
      ]
    },
    {
      "mode": "data",
      "type": "aws_iam_policy_document",
      "name": "ec2_layer_build",
      "provider": "provider[\"registry.terraform.io/hashicorp/aws\"]",
      "instances": [
        {
          "schema_version": 0,
          "attributes": {
            "id": "251632807",
            "json": "{\n  \"Version\": \"2012-10-17\",\n  \"Statement\": [\n    {\n      \"Sid\": \"PublishKafkaLayer\",\n      \"Effect\": \"Allow\",\n      \"Action\": [\n        \"lambda:UpdateFunctionConfiguration\",\n        \"lambda:PublishLayerVersion\",\n        \"lambda:GetFunctionConfiguration\",\n        \"lambda:GetFunction\"\n      ],\n      \"Resource\": [\n        \"arn:aws:lambda:ap-northeast-1:412869002243:layer:wsc2026-kafka-layer:*\",\n        \"arn:aws:lambda:ap-northeast-1:412869002243:layer:wsc2026-kafka-layer\",\n        \"arn:aws:lambda:ap-northeast-1:412869002243:function:wsc2026-sensor-consumer\"\n      ]\n    }\n  ]\n}",
            "minified_json": "{\"Version\":\"2012-10-17\",\"Statement\":[{\"Sid\":\"PublishKafkaLayer\",\"Effect\":\"Allow\",\"Action\":[\"lambda:UpdateFunctionConfiguration\",\"lambda:PublishLayerVersion\",\"lambda:GetFunctionConfiguration\",\"lambda:GetFunction\"],\"Resource\":[\"arn:aws:lambda:ap-northeast-1:412869002243:layer:wsc2026-kafka-layer:*\",\"arn:aws:lambda:ap-northeast-1:412869002243:layer:wsc2026-kafka-layer\",\"arn:aws:lambda:ap-northeast-1:412869002243:function:wsc2026-sensor-consumer\"]}]}",
            "override_json": null,
            "override_policy_documents": null,
            "policy_id": null,
            "source_json": null,
            "source_policy_documents": null,
            "statement": [
              {
                "actions": [
                  "lambda:GetFunction",
                  "lambda:GetFunctionConfiguration",
                  "lambda:PublishLayerVersion",
                  "lambda:UpdateFunctionConfiguration"
                ],
                "condition": [],
                "effect": "Allow",
                "not_actions": [],
                "not_principals": [],
                "not_resources": [],
                "principals": [],
                "resources": [
                  "arn:aws:lambda:ap-northeast-1:412869002243:function:wsc2026-sensor-consumer",
                  "arn:aws:lambda:ap-northeast-1:412869002243:layer:wsc2026-kafka-layer",
                  "arn:aws:lambda:ap-northeast-1:412869002243:layer:wsc2026-kafka-layer:*"
                ],
                "sid": "PublishKafkaLayer"
              }
            ],
            "version": "2012-10-17"
          },
          "sensitive_attributes": [],
          "identity_schema_version": 0
        }
      ]
    },
    {
      "mode": "data",
      "type": "aws_iam_policy_document",
      "name": "lambda_assume",
      "provider": "provider[\"registry.terraform.io/hashicorp/aws\"]",
      "instances": [
        {
          "schema_version": 0,
          "attributes": {
            "id": "2690255455",
            "json": "{\n  \"Version\": \"2012-10-17\",\n  \"Statement\": [\n    {\n      \"Effect\": \"Allow\",\n      \"Action\": \"sts:AssumeRole\",\n      \"Principal\": {\n        \"Service\": \"lambda.amazonaws.com\"\n      }\n    }\n  ]\n}",
            "minified_json": "{\"Version\":\"2012-10-17\",\"Statement\":[{\"Effect\":\"Allow\",\"Action\":\"sts:AssumeRole\",\"Principal\":{\"Service\":\"lambda.amazonaws.com\"}}]}",
            "override_json": null,
            "override_policy_documents": null,
            "policy_id": null,
            "source_json": null,
            "source_policy_documents": null,
            "statement": [
              {
                "actions": [
                  "sts:AssumeRole"
                ],
                "condition": [],
                "effect": "Allow",
                "not_actions": [],
                "not_principals": [],
                "not_resources": [],
                "principals": [
                  {
                    "identifiers": [
                      "lambda.amazonaws.com"
                    ],
                    "type": "Service"
                  }
                ],
                "resources": [],
                "sid": ""
              }
            ],
            "version": "2012-10-17"
          },
          "sensitive_attributes": [],
          "identity_schema_version": 0
        }
      ]
    },
    {
      "mode": "data",
      "type": "aws_partition",
      "name": "current",
      "provider": "provider[\"registry.terraform.io/hashicorp/aws\"]",
      "instances": [
        {
          "schema_version": 0,
          "attributes": {
            "dns_suffix": "amazonaws.com",
            "id": "aws",
            "partition": "aws",
            "reverse_dns_prefix": "com.amazonaws"
          },
          "sensitive_attributes": [],
          "identity_schema_version": 0
        }
      ]
    },
    {
      "mode": "data",
      "type": "aws_ssm_parameter",
      "name": "al2023",
      "provider": "provider[\"registry.terraform.io/hashicorp/aws\"]",
      "instances": [
        {
          "schema_version": 0,
          "attributes": {
            "arn": "arn:aws:ssm:ap-northeast-1::parameter/aws/service/ami-amazon-linux-latest/al2023-ami-kernel-6.1-x86_64",
            "id": "/aws/service/ami-amazon-linux-latest/al2023-ami-kernel-6.1-x86_64",
            "insecure_value": "ami-03107d83a97af3820",
            "name": "/aws/service/ami-amazon-linux-latest/al2023-ami-kernel-6.1-x86_64",
            "region": "ap-northeast-1",
            "type": "String",
            "value": "ami-03107d83a97af3820",
            "version": 182,
            "with_decryption": true
          },
          "sensitive_attributes": [
            [
              {
                "type": "get_attr",
                "value": "value"
              }
            ]
          ],
          "identity_schema_version": 0
        }
      ]
    },
    {
      "mode": "managed",
      "type": "aws_cloudwatch_log_group",
      "name": "alert_consumer",
      "provider": "provider[\"registry.terraform.io/hashicorp/aws\"]",
      "instances": [
        {
          "schema_version": 0,
          "attributes": {
            "arn": "arn:aws:logs:ap-northeast-1:412869002243:log-group:/aws/lambda/wsc2026-sensor-alert-consumer",
            "deletion_protection_enabled": false,
            "id": "/aws/lambda/wsc2026-sensor-alert-consumer",
            "kms_key_id": "",
            "log_group_class": "STANDARD",
            "name": "/aws/lambda/wsc2026-sensor-alert-consumer",
            "name_prefix": "",
            "region": "ap-northeast-1",
            "retention_in_days": 7,
            "skip_destroy": false,
            "tags": null,
            "tags_all": {
              "Project": "wsc2026-msk"
            }
          },
          "sensitive_attributes": [],
          "identity_schema_version": 0,
          "identity": {
            "account_id": "412869002243",
            "name": "/aws/lambda/wsc2026-sensor-alert-consumer",
            "region": "ap-northeast-1"
          },
          "private": "bnVsbA=="
        }
      ]
    },
    {
      "mode": "managed",
      "type": "aws_cloudwatch_log_group",
      "name": "consumer",
      "provider": "provider[\"registry.terraform.io/hashicorp/aws\"]",
      "instances": [
        {
          "schema_version": 0,
          "attributes": {
            "arn": "arn:aws:logs:ap-northeast-1:412869002243:log-group:/aws/lambda/wsc2026-sensor-consumer",
            "deletion_protection_enabled": false,
            "id": "/aws/lambda/wsc2026-sensor-consumer",
            "kms_key_id": "",
            "log_group_class": "STANDARD",
            "name": "/aws/lambda/wsc2026-sensor-consumer",
            "name_prefix": "",
            "region": "ap-northeast-1",
            "retention_in_days": 7,
            "skip_destroy": false,
            "tags": null,
            "tags_all": {
              "Project": "wsc2026-msk"
            }
          },
          "sensitive_attributes": [],
          "identity_schema_version": 0,
          "identity": {
            "account_id": "412869002243",
            "name": "/aws/lambda/wsc2026-sensor-consumer",
            "region": "ap-northeast-1"
          },
          "private": "bnVsbA=="
        }
      ]
    },
    {
      "mode": "managed",
      "type": "aws_cloudwatch_log_group",
      "name": "msk",
      "provider": "provider[\"registry.terraform.io/hashicorp/aws\"]",
      "instances": [
        {
          "schema_version": 0,
          "attributes": {
            "arn": "arn:aws:logs:ap-northeast-1:412869002243:log-group:/aws/msk/wsc2026-msk-cluster",
            "deletion_protection_enabled": false,
            "id": "/aws/msk/wsc2026-msk-cluster",
            "kms_key_id": "",
            "log_group_class": "STANDARD",
            "name": "/aws/msk/wsc2026-msk-cluster",
            "name_prefix": "",
            "region": "ap-northeast-1",
            "retention_in_days": 7,
            "skip_destroy": false,
            "tags": null,
            "tags_all": {
              "Project": "wsc2026-msk"
            }
          },
          "sensitive_attributes": [],
          "identity_schema_version": 0,
          "identity": {
            "account_id": "412869002243",
            "name": "/aws/msk/wsc2026-msk-cluster",
            "region": "ap-northeast-1"
          },
          "private": "bnVsbA=="
        }
      ]
    },
    {
      "mode": "managed",
      "type": "aws_dynamodb_table",
      "name": "sensor",
      "provider": "provider[\"registry.terraform.io/hashicorp/aws\"]",
      "instances": [
        {
          "schema_version": 1,
          "attributes": {
            "arn": "arn:aws:dynamodb:ap-northeast-1:412869002243:table/wsc2026-sensor-data",
            "attribute": [
              {
                "name": "sensorId",
                "type": "S"
              },
              {
                "name": "timestamp",
                "type": "S"
              }
            ],
            "billing_mode": "PAY_PER_REQUEST",
            "deletion_protection_enabled": false,
            "global_secondary_index": [],
            "global_table_witness": [],
            "hash_key": "sensorId",
            "id": "wsc2026-sensor-data",
            "import_table": [],
            "local_secondary_index": [],
            "name": "wsc2026-sensor-data",
            "on_demand_throughput": [],
            "point_in_time_recovery": [
              {
                "enabled": false,
                "recovery_period_in_days": 0
              }
            ],
            "range_key": "timestamp",
            "read_capacity": 0,
            "region": "ap-northeast-1",
            "replica": [],
            "restore_backup_arn": null,
            "restore_date_time": null,
            "restore_source_name": null,
            "restore_source_table_arn": null,
            "restore_to_latest_time": null,
            "server_side_encryption": [],
            "stream_arn": "",
            "stream_enabled": false,
            "stream_label": "",
            "stream_view_type": "",
            "table_class": "STANDARD",
            "tags": null,
            "tags_all": {
              "Project": "wsc2026-msk"
            },
            "timeouts": null,
            "ttl": [
              {
                "attribute_name": "",
                "enabled": false
              }
            ],
            "warm_throughput": [],
            "write_capacity": 0
          },
          "sensitive_attributes": [],
          "identity_schema_version": 0,
          "identity": {
            "account_id": "412869002243",
            "name": "wsc2026-sensor-data",
            "region": "ap-northeast-1"
          },
          "private": "eyJlMmJmYjczMC1lY2FhLTExZTYtOGY4OC0zNDM2M2JjN2M0YzAiOnsiY3JlYXRlIjoxODAwMDAwMDAwMDAwLCJkZWxldGUiOjYwMDAwMDAwMDAwMCwidXBkYXRlIjozNjAwMDAwMDAwMDAwfSwic2NoZW1hX3ZlcnNpb24iOiIxIn0="
        }
      ]
    },
    {
      "mode": "managed",
      "type": "aws_eip",
      "name": "ngw",
      "provider": "provider[\"registry.terraform.io/hashicorp/aws\"]",
      "instances": [
        {
          "schema_version": 0,
          "attributes": {
            "address": null,
            "allocation_id": "eipalloc-08bbcf36c86bfca54",
            "arn": "arn:aws:ec2:ap-northeast-1:412869002243:elastic-ip/eipalloc-08bbcf36c86bfca54",
            "associate_with_private_ip": null,
            "association_id": "",
            "carrier_ip": "",
            "customer_owned_ip": "",
            "customer_owned_ipv4_pool": "",
            "domain": "vpc",
            "id": "eipalloc-08bbcf36c86bfca54",
            "instance": "",
            "ipam_pool_id": "",
            "network_border_group": "ap-northeast-1",
            "network_interface": "",
            "private_dns": "",
            "private_ip": "",
            "ptr_record": "",
            "public_dns": "ec2-35-74-171-184.ap-northeast-1.compute.amazonaws.com",
            "public_ip": "35.74.171.184",
            "public_ipv4_pool": "amazon",
            "region": "ap-northeast-1",
            "tags": {
              "Name": "msk-ngw-eip"
            },
            "tags_all": {
              "Name": "msk-ngw-eip",
              "Project": "wsc2026-msk"
            },
            "timeouts": null
          },
          "sensitive_attributes": [],
          "identity_schema_version": 0,
          "identity": {
            "account_id": "412869002243",
            "id": "eipalloc-08bbcf36c86bfca54",
            "region": "ap-northeast-1"
          },
          "private": "eyJlMmJmYjczMC1lY2FhLTExZTYtOGY4OC0zNDM2M2JjN2M0YzAiOnsiZGVsZXRlIjoxODAwMDAwMDAwMDAsInJlYWQiOjkwMDAwMDAwMDAwMCwidXBkYXRlIjozMDAwMDAwMDAwMDB9fQ=="
        }
      ]
    },
    {
      "mode": "managed",
      "type": "aws_iam_instance_profile",
      "name": "ec2",
      "provider": "provider[\"registry.terraform.io/hashicorp/aws\"]",
      "instances": [
        {
          "schema_version": 0,
          "attributes": {
            "arn": "arn:aws:iam::412869002243:instance-profile/wsc2026-msk-ec2-role",
            "create_date": "2026-07-30T06:49:18Z",
            "id": "wsc2026-msk-ec2-role",
            "name": "wsc2026-msk-ec2-role",
            "name_prefix": "",
            "path": "/",
            "role": "wsc2026-msk-ec2-role",
            "tags": null,
            "tags_all": {
              "Project": "wsc2026-msk"
            },
            "unique_id": "AIPAWAIHJAQBQ7ADWBOJL"
          },
          "sensitive_attributes": [],
          "identity_schema_version": 0,
          "identity": {
            "account_id": "412869002243",
            "name": "wsc2026-msk-ec2-role"
          },
          "private": "bnVsbA==",
          "dependencies": [
            "aws_iam_role.ec2",
            "data.aws_iam_policy_document.ec2_assume"
          ]
        }
      ]
    },
    {
      "mode": "managed",
      "type": "aws_iam_role",
      "name": "ec2",
      "provider": "provider[\"registry.terraform.io/hashicorp/aws\"]",
      "instances": [
        {
          "schema_version": 0,
          "attributes": {
            "arn": "arn:aws:iam::412869002243:role/wsc2026-msk-ec2-role",
            "assume_role_policy": "{\"Statement\":[{\"Action\":\"sts:AssumeRole\",\"Effect\":\"Allow\",\"Principal\":{\"Service\":\"ec2.amazonaws.com\"}}],\"Version\":\"2012-10-17\"}",
            "create_date": "2026-07-30T06:49:17Z",
            "description": "",
            "force_detach_policies": false,
            "id": "wsc2026-msk-ec2-role",
            "inline_policy": [],
            "managed_policy_arns": [],
            "max_session_duration": 3600,
            "name": "wsc2026-msk-ec2-role",
            "name_prefix": "",
            "path": "/",
            "permissions_boundary": "",
            "tags": null,
            "tags_all": {
              "Project": "wsc2026-msk"
            },
            "unique_id": "AROAWAIHJAQBWTV22DP7E"
          },
          "sensitive_attributes": [],
          "identity_schema_version": 0,
          "identity": {
            "account_id": "412869002243",
            "name": "wsc2026-msk-ec2-role"
          },
          "private": "bnVsbA==",
          "dependencies": [
            "data.aws_iam_policy_document.ec2_assume"
          ]
        }
      ]
    },
    {
      "mode": "managed",
      "type": "aws_iam_role",
      "name": "lambda",
      "provider": "provider[\"registry.terraform.io/hashicorp/aws\"]",
      "instances": [
        {
          "schema_version": 0,
          "attributes": {
            "arn": "arn:aws:iam::412869002243:role/wsc2026-msk-lambda-role",
            "assume_role_policy": "{\"Statement\":[{\"Action\":\"sts:AssumeRole\",\"Effect\":\"Allow\",\"Principal\":{\"Service\":\"lambda.amazonaws.com\"}}],\"Version\":\"2012-10-17\"}",
            "create_date": "2026-07-30T06:49:17Z",
            "description": "",
            "force_detach_policies": false,
            "id": "wsc2026-msk-lambda-role",
            "inline_policy": [],
            "managed_policy_arns": [],
            "max_session_duration": 3600,
            "name": "wsc2026-msk-lambda-role",
            "name_prefix": "",
            "path": "/",
            "permissions_boundary": "",
            "tags": null,
            "tags_all": {
              "Project": "wsc2026-msk"
            },
            "unique_id": "AROAWAIHJAQBQSPPG57PH"
          },
          "sensitive_attributes": [],
          "identity_schema_version": 0,
          "identity": {
            "account_id": "412869002243",
            "name": "wsc2026-msk-lambda-role"
          },
          "private": "bnVsbA==",
          "dependencies": [
            "data.aws_iam_policy_document.lambda_assume"
          ]
        }
      ]
    },
    {
      "mode": "managed",
      "type": "aws_iam_role_policy",
      "name": "ec2_layer_build",
      "provider": "provider[\"registry.terraform.io/hashicorp/aws\"]",
      "instances": [
        {
          "index_key": 0,
          "schema_version": 0,
          "attributes": {
            "id": "wsc2026-msk-ec2-role:wsc2026-msk-ec2-layer-policy",
            "name": "wsc2026-msk-ec2-layer-policy",
            "name_prefix": "",
            "policy": "{\"Version\":\"2012-10-17\",\"Statement\":[{\"Action\":[\"lambda:UpdateFunctionConfiguration\",\"lambda:PublishLayerVersion\",\"lambda:GetFunctionConfiguration\",\"lambda:GetFunction\"],\"Effect\":\"Allow\",\"Resource\":[\"arn:aws:lambda:ap-northeast-1:412869002243:layer:wsc2026-kafka-layer:*\",\"arn:aws:lambda:ap-northeast-1:412869002243:layer:wsc2026-kafka-layer\",\"arn:aws:lambda:ap-northeast-1:412869002243:function:wsc2026-sensor-consumer\"],\"Sid\":\"PublishKafkaLayer\"}]}",
            "role": "wsc2026-msk-ec2-role"
          },
          "sensitive_attributes": [],
          "identity_schema_version": 0,
          "identity": {
            "account_id": "412869002243",
            "name": "wsc2026-msk-ec2-layer-policy",
            "role": "wsc2026-msk-ec2-role"
          },
          "private": "bnVsbA==",
          "dependencies": [
            "aws_iam_role.ec2",
            "data.aws_caller_identity.current",
            "data.aws_iam_policy_document.ec2_assume",
            "data.aws_iam_policy_document.ec2_layer_build",
            "data.aws_partition.current"
          ]
        }
      ]
    },
    {
      "mode": "managed",
      "type": "aws_iam_role_policy_attachment",
      "name": "ec2_ssm",
      "provider": "provider[\"registry.terraform.io/hashicorp/aws\"]",
      "instances": [
        {
          "schema_version": 0,
          "attributes": {
            "id": "wsc2026-msk-ec2-role/arn:aws:iam::aws:policy/AmazonSSMManagedInstanceCore",
            "policy_arn": "arn:aws:iam::aws:policy/AmazonSSMManagedInstanceCore",
            "role": "wsc2026-msk-ec2-role"
          },
          "sensitive_attributes": [],
          "identity_schema_version": 0,
          "identity": {
            "account_id": "412869002243",
            "policy_arn": "arn:aws:iam::aws:policy/AmazonSSMManagedInstanceCore",
            "role": "wsc2026-msk-ec2-role"
          },
          "private": "bnVsbA==",
          "dependencies": [
            "aws_iam_role.ec2",
            "data.aws_iam_policy_document.ec2_assume",
            "data.aws_partition.current"
          ]
        }
      ]
    },
    {
      "mode": "managed",
      "type": "aws_iam_role_policy_attachment",
      "name": "lambda_msk",
      "provider": "provider[\"registry.terraform.io/hashicorp/aws\"]",
      "instances": [
        {
          "schema_version": 0,
          "attributes": {
            "id": "wsc2026-msk-lambda-role/arn:aws:iam::aws:policy/service-role/AWSLambdaMSKExecutionRole",
            "policy_arn": "arn:aws:iam::aws:policy/service-role/AWSLambdaMSKExecutionRole",
            "role": "wsc2026-msk-lambda-role"
          },
          "sensitive_attributes": [],
          "identity_schema_version": 0,
          "identity": {
            "account_id": "412869002243",
            "policy_arn": "arn:aws:iam::aws:policy/service-role/AWSLambdaMSKExecutionRole",
            "role": "wsc2026-msk-lambda-role"
          },
          "private": "bnVsbA==",
          "dependencies": [
            "aws_iam_role.lambda",
            "data.aws_iam_policy_document.lambda_assume",
            "data.aws_partition.current"
          ]
        }
      ]
    },
    {
      "mode": "managed",
      "type": "aws_internet_gateway",
      "name": "igw",
      "provider": "provider[\"registry.terraform.io/hashicorp/aws\"]",
      "instances": [
        {
          "schema_version": 0,
          "attributes": {
            "arn": "arn:aws:ec2:ap-northeast-1:412869002243:internet-gateway/igw-0d3dd7dbfe801b9b8",
            "id": "igw-0d3dd7dbfe801b9b8",
            "owner_id": "412869002243",
            "region": "ap-northeast-1",
            "tags": {
              "Name": "msk-igw"
            },
            "tags_all": {
              "Name": "msk-igw",
              "Project": "wsc2026-msk"
            },
            "timeouts": null,
            "vpc_id": "vpc-04530b578ac93f89b"
          },
          "sensitive_attributes": [],
          "identity_schema_version": 0,
          "identity": {
            "account_id": "412869002243",
            "id": "igw-0d3dd7dbfe801b9b8",
            "region": "ap-northeast-1"
          },
          "private": "eyJlMmJmYjczMC1lY2FhLTExZTYtOGY4OC0zNDM2M2JjN2M0YzAiOnsiY3JlYXRlIjoxMjAwMDAwMDAwMDAwLCJkZWxldGUiOjEyMDAwMDAwMDAwMDAsInVwZGF0ZSI6MTIwMDAwMDAwMDAwMH19",
          "dependencies": [
            "aws_vpc.main"
          ]
        }
      ]
    },
    {
      "mode": "managed",
      "type": "aws_msk_cluster",
      "name": "main",
      "provider": "provider[\"registry.terraform.io/hashicorp/aws\"]",
      "instances": [
        {
          "status": "tainted",
          "schema_version": 0,
          "attributes": {
            "arn": null,
            "bootstrap_brokers": null,
            "bootstrap_brokers_ipv6": null,
            "bootstrap_brokers_public_sasl_iam": null,
            "bootstrap_brokers_public_sasl_scram": null,
            "bootstrap_brokers_public_tls": null,
            "bootstrap_brokers_sasl_iam": null,
            "bootstrap_brokers_sasl_iam_ipv6": null,
            "bootstrap_brokers_sasl_scram": null,
            "bootstrap_brokers_sasl_scram_ipv6": null,
            "bootstrap_brokers_tls": null,
            "bootstrap_brokers_tls_ipv6": null,
            "bootstrap_brokers_vpc_connectivity_sasl_iam": null,
            "bootstrap_brokers_vpc_connectivity_sasl_scram": null,
            "bootstrap_brokers_vpc_connectivity_tls": null,
            "broker_node_group_info": [
              {
                "az_distribution": "DEFAULT",
                "client_subnets": [
                  "subnet-0552e005c00f84990",
                  "subnet-0fa8353b72097156e"
                ],
                "connectivity_info": [],
                "instance_type": "kafka.t3.small",
                "security_groups": [
                  "sg-0cc3f3b2d4f555a38"
                ],
                "storage_info": [
                  {
                    "ebs_storage_info": [
                      {
                        "provisioned_throughput": [],
                        "volume_size": 100
                      }
                    ]
                  }
                ]
              }
            ],
            "client_authentication": [
              {
                "sasl": [
                  {
                    "iam": true,
                    "scram": false
                  }
                ],
                "tls": [],
                "unauthenticated": true
              }
            ],
            "cluster_name": "wsc2026-msk-cluster",
            "cluster_uuid": null,
            "configuration_info": [],
            "current_version": null,
            "customer_action_status": null,
            "encryption_info": [
              {
                "encryption_at_rest_kms_key_arn": "",
                "encryption_in_transit": [
                  {
                    "client_broker": "TLS_PLAINTEXT",
                    "in_cluster": true
                  }
                ]
              }
            ],
            "enhanced_monitoring": "DEFAULT",
            "id": "arn:aws:kafka:ap-northeast-1:412869002243:cluster/wsc2026-msk-cluster/188dd88c-20c1-40ca-91dc-e1512d4b891e-3",
            "kafka_version": "3.6.0",
            "logging_info": [
              {
                "broker_logs": [
                  {
                    "cloudwatch_logs": [
                      {
                        "enabled": true,
                        "log_group": "/aws/msk/wsc2026-msk-cluster"
                      }
                    ],
                    "firehose": [],
                    "s3": []
                  }
                ]
              }
            ],
            "number_of_broker_nodes": 2,
            "open_monitoring": [],
            "rebalancing": null,
            "region": "ap-northeast-1",
            "storage_mode": null,
            "tags": {
              "Name": "wsc2026-msk-cluster"
            },
            "tags_all": {
              "Name": "wsc2026-msk-cluster",
              "Project": "wsc2026-msk"
            },
            "timeouts": null,
            "zookeeper_connect_string": null,
            "zookeeper_connect_string_tls": null
          },
          "sensitive_attributes": [],
          "identity_schema_version": 0,
          "private": "eyJlMmJmYjczMC1lY2FhLTExZTYtOGY4OC0zNDM2M2JjN2M0YzAiOnsiY3JlYXRlIjo3MjAwMDAwMDAwMDAwLCJkZWxldGUiOjcyMDAwMDAwMDAwMDAsInVwZGF0ZSI6NzIwMDAwMDAwMDAwMH19",
          "dependencies": [
            "aws_cloudwatch_log_group.msk",
            "aws_security_group.msk",
            "aws_subnet.this",
            "aws_vpc.main"
          ]
        }
      ]
    },
    {
      "mode": "managed",
      "type": "aws_nat_gateway",
      "name": "ngw",
      "provider": "provider[\"registry.terraform.io/hashicorp/aws\"]",
      "instances": [
        {
          "schema_version": 0,
          "attributes": {
            "allocation_id": "eipalloc-08bbcf36c86bfca54",
            "association_id": "eipassoc-0f3e5694e5ff1a804",
            "auto_provision_zones": null,
            "auto_scaling_ips": null,
            "availability_mode": "zonal",
            "availability_zone_address": [],
            "connectivity_type": "public",
            "id": "nat-00092f8fbbdf183ab",
            "network_interface_id": "eni-018ed6b314ffff5f7",
            "private_ip": "192.168.0.217",
            "public_ip": "35.74.171.184",
            "region": "ap-northeast-1",
            "regional_nat_gateway_address": [],
            "regional_nat_gateway_auto_mode": null,
            "route_table_id": null,
            "secondary_allocation_ids": [],
            "secondary_private_ip_address_count": 0,
            "secondary_private_ip_addresses": [],
            "subnet_id": "subnet-09d8cf1729a78a5bd",
            "tags": {
              "Name": "msk-ngw"
            },
            "tags_all": {
              "Name": "msk-ngw",
              "Project": "wsc2026-msk"
            },
            "timeouts": null,
            "vpc_id": "vpc-04530b578ac93f89b"
          },
          "sensitive_attributes": [],
          "identity_schema_version": 0,
          "identity": {
            "account_id": "412869002243",
            "id": "nat-00092f8fbbdf183ab",
            "region": "ap-northeast-1"
          },
          "private": "eyJlMmJmYjczMC1lY2FhLTExZTYtOGY4OC0zNDM2M2JjN2M0YzAiOnsiY3JlYXRlIjo2MDAwMDAwMDAwMDAsImRlbGV0ZSI6MTgwMDAwMDAwMDAwMCwidXBkYXRlIjo2MDAwMDAwMDAwMDB9fQ==",
          "dependencies": [
            "aws_eip.ngw",
            "aws_internet_gateway.igw",
            "aws_subnet.this",
            "aws_vpc.main"
          ]
        }
      ]
    },
    {
      "mode": "managed",
      "type": "aws_route",
      "name": "priv_default",
      "provider": "provider[\"registry.terraform.io/hashicorp/aws\"]",
      "instances": [
        {
          "index_key": "msk-priv-a",
          "schema_version": 0,
          "attributes": {
            "carrier_gateway_id": "",
            "core_network_arn": "",
            "destination_cidr_block": "0.0.0.0/0",
            "destination_ipv6_cidr_block": "",
            "destination_prefix_list_id": "",
            "egress_only_gateway_id": "",
            "gateway_id": "",
            "id": "r-rtb-03765509a76ddfca31080289494",
            "instance_id": "",
            "instance_owner_id": "",
            "local_gateway_id": "",
            "nat_gateway_id": "nat-00092f8fbbdf183ab",
            "network_interface_id": "",
            "odb_network_arn": "",
            "origin": "CreateRoute",
            "region": "ap-northeast-1",
            "route_table_id": "rtb-03765509a76ddfca3",
            "state": "active",
            "timeouts": null,
            "transit_gateway_id": "",
            "vpc_endpoint_id": "",
            "vpc_peering_connection_id": ""
          },
          "sensitive_attributes": [],
          "identity_schema_version": 0,
          "identity": {
            "account_id": "412869002243",
            "destination_cidr_block": "0.0.0.0/0",
            "destination_ipv6_cidr_block": null,
            "destination_prefix_list_id": null,
            "region": "ap-northeast-1",
            "route_table_id": "rtb-03765509a76ddfca3"
          },
          "private": "eyJlMmJmYjczMC1lY2FhLTExZTYtOGY4OC0zNDM2M2JjN2M0YzAiOnsiY3JlYXRlIjozMDAwMDAwMDAwMDAsImRlbGV0ZSI6MzAwMDAwMDAwMDAwLCJ1cGRhdGUiOjEyMDAwMDAwMDAwMH19",
          "dependencies": [
            "aws_eip.ngw",
            "aws_internet_gateway.igw",
            "aws_nat_gateway.ngw",
            "aws_route_table.priv",
            "aws_subnet.this",
            "aws_vpc.main"
          ]
        },
        {
          "index_key": "msk-priv-d",
          "schema_version": 0,
          "attributes": {
            "carrier_gateway_id": "",
            "core_network_arn": "",
            "destination_cidr_block": "0.0.0.0/0",
            "destination_ipv6_cidr_block": "",
            "destination_prefix_list_id": "",
            "egress_only_gateway_id": "",
            "gateway_id": "",
            "id": "r-rtb-0563242e2beec51161080289494",
            "instance_id": "",
            "instance_owner_id": "",
            "local_gateway_id": "",
            "nat_gateway_id": "nat-00092f8fbbdf183ab",
            "network_interface_id": "",
            "odb_network_arn": "",
            "origin": "CreateRoute",
            "region": "ap-northeast-1",
            "route_table_id": "rtb-0563242e2beec5116",
            "state": "active",
            "timeouts": null,
            "transit_gateway_id": "",
            "vpc_endpoint_id": "",
            "vpc_peering_connection_id": ""
          },
          "sensitive_attributes": [],
          "identity_schema_version": 0,
          "identity": {
            "account_id": "412869002243",
            "destination_cidr_block": "0.0.0.0/0",
            "destination_ipv6_cidr_block": null,
            "destination_prefix_list_id": null,
            "region": "ap-northeast-1",
            "route_table_id": "rtb-0563242e2beec5116"
          },
          "private": "eyJlMmJmYjczMC1lY2FhLTExZTYtOGY4OC0zNDM2M2JjN2M0YzAiOnsiY3JlYXRlIjozMDAwMDAwMDAwMDAsImRlbGV0ZSI6MzAwMDAwMDAwMDAwLCJ1cGRhdGUiOjEyMDAwMDAwMDAwMH19",
          "dependencies": [
            "aws_eip.ngw",
            "aws_internet_gateway.igw",
            "aws_nat_gateway.ngw",
            "aws_route_table.priv",
            "aws_subnet.this",
            "aws_vpc.main"
          ]
        }
      ]
    },
    {
      "mode": "managed",
      "type": "aws_route",
      "name": "pub_default",
      "provider": "provider[\"registry.terraform.io/hashicorp/aws\"]",
      "instances": [
        {
          "schema_version": 0,
          "attributes": {
            "carrier_gateway_id": "",
            "core_network_arn": "",
            "destination_cidr_block": "0.0.0.0/0",
            "destination_ipv6_cidr_block": "",
            "destination_prefix_list_id": "",
            "egress_only_gateway_id": "",
            "gateway_id": "igw-0d3dd7dbfe801b9b8",
            "id": "r-rtb-0f0ca2a3ef3033edb1080289494",
            "instance_id": "",
            "instance_owner_id": "",
            "local_gateway_id": "",
            "nat_gateway_id": "",
            "network_interface_id": "",
            "odb_network_arn": "",
            "origin": "CreateRoute",
            "region": "ap-northeast-1",
            "route_table_id": "rtb-0f0ca2a3ef3033edb",
            "state": "active",
            "timeouts": null,
            "transit_gateway_id": "",
            "vpc_endpoint_id": "",
            "vpc_peering_connection_id": ""
          },
          "sensitive_attributes": [],
          "identity_schema_version": 0,
          "identity": {
            "account_id": "412869002243",
            "destination_cidr_block": "0.0.0.0/0",
            "destination_ipv6_cidr_block": null,
            "destination_prefix_list_id": null,
            "region": "ap-northeast-1",
            "route_table_id": "rtb-0f0ca2a3ef3033edb"
          },
          "private": "eyJlMmJmYjczMC1lY2FhLTExZTYtOGY4OC0zNDM2M2JjN2M0YzAiOnsiY3JlYXRlIjozMDAwMDAwMDAwMDAsImRlbGV0ZSI6MzAwMDAwMDAwMDAwLCJ1cGRhdGUiOjEyMDAwMDAwMDAwMH19",
          "dependencies": [
            "aws_internet_gateway.igw",
            "aws_route_table.pub",
            "aws_vpc.main"
          ]
        }
      ]
    },
    {
      "mode": "managed",
      "type": "aws_route_table",
      "name": "priv",
      "provider": "provider[\"registry.terraform.io/hashicorp/aws\"]",
      "instances": [
        {
          "index_key": "msk-priv-a",
          "schema_version": 0,
          "attributes": {
            "arn": "arn:aws:ec2:ap-northeast-1:412869002243:route-table/rtb-03765509a76ddfca3",
            "id": "rtb-03765509a76ddfca3",
            "owner_id": "412869002243",
            "propagating_vgws": [],
            "region": "ap-northeast-1",
            "route": [],
            "tags": {
              "Name": "msk-priv-a-rtb"
            },
            "tags_all": {
              "Name": "msk-priv-a-rtb",
              "Project": "wsc2026-msk"
            },
            "timeouts": null,
            "vpc_id": "vpc-04530b578ac93f89b"
          },
          "sensitive_attributes": [],
          "identity_schema_version": 0,
          "identity": {
            "account_id": "412869002243",
            "id": "rtb-03765509a76ddfca3",
            "region": "ap-northeast-1"
          },
          "private": "eyJlMmJmYjczMC1lY2FhLTExZTYtOGY4OC0zNDM2M2JjN2M0YzAiOnsiY3JlYXRlIjozMDAwMDAwMDAwMDAsImRlbGV0ZSI6MzAwMDAwMDAwMDAwLCJ1cGRhdGUiOjEyMDAwMDAwMDAwMH19",
          "dependencies": [
            "aws_vpc.main"
          ]
        },
        {
          "index_key": "msk-priv-d",
          "schema_version": 0,
          "attributes": {
            "arn": "arn:aws:ec2:ap-northeast-1:412869002243:route-table/rtb-0563242e2beec5116",
            "id": "rtb-0563242e2beec5116",
            "owner_id": "412869002243",
            "propagating_vgws": [],
            "region": "ap-northeast-1",
            "route": [],
            "tags": {
              "Name": "msk-priv-d-rtb"
            },
            "tags_all": {
              "Name": "msk-priv-d-rtb",
              "Project": "wsc2026-msk"
            },
            "timeouts": null,
            "vpc_id": "vpc-04530b578ac93f89b"
          },
          "sensitive_attributes": [],
          "identity_schema_version": 0,
          "identity": {
            "account_id": "412869002243",
            "id": "rtb-0563242e2beec5116",
            "region": "ap-northeast-1"
          },
          "private": "eyJlMmJmYjczMC1lY2FhLTExZTYtOGY4OC0zNDM2M2JjN2M0YzAiOnsiY3JlYXRlIjozMDAwMDAwMDAwMDAsImRlbGV0ZSI6MzAwMDAwMDAwMDAwLCJ1cGRhdGUiOjEyMDAwMDAwMDAwMH19",
          "dependencies": [
            "aws_vpc.main"
          ]
        }
      ]
    },
    {
      "mode": "managed",
      "type": "aws_route_table",
      "name": "pub",
      "provider": "provider[\"registry.terraform.io/hashicorp/aws\"]",
      "instances": [
        {
          "schema_version": 0,
          "attributes": {
            "arn": "arn:aws:ec2:ap-northeast-1:412869002243:route-table/rtb-0f0ca2a3ef3033edb",
            "id": "rtb-0f0ca2a3ef3033edb",
            "owner_id": "412869002243",
            "propagating_vgws": [],
            "region": "ap-northeast-1",
            "route": [],
            "tags": {
              "Name": "msk-pub-rtb"
            },
            "tags_all": {
              "Name": "msk-pub-rtb",
              "Project": "wsc2026-msk"
            },
            "timeouts": null,
            "vpc_id": "vpc-04530b578ac93f89b"
          },
          "sensitive_attributes": [],
          "identity_schema_version": 0,
          "identity": {
            "account_id": "412869002243",
            "id": "rtb-0f0ca2a3ef3033edb",
            "region": "ap-northeast-1"
          },
          "private": "eyJlMmJmYjczMC1lY2FhLTExZTYtOGY4OC0zNDM2M2JjN2M0YzAiOnsiY3JlYXRlIjozMDAwMDAwMDAwMDAsImRlbGV0ZSI6MzAwMDAwMDAwMDAwLCJ1cGRhdGUiOjEyMDAwMDAwMDAwMH19",
          "dependencies": [
            "aws_vpc.main"
          ]
        }
      ]
    },
    {
      "mode": "managed",
      "type": "aws_route_table_association",
      "name": "priv",
      "provider": "provider[\"registry.terraform.io/hashicorp/aws\"]",
      "instances": [
        {
          "index_key": "msk-priv-a",
          "schema_version": 0,
          "attributes": {
            "gateway_id": "",
            "id": "rtbassoc-0a8593b316b420207",
            "region": "ap-northeast-1",
            "route_table_id": "rtb-03765509a76ddfca3",
            "subnet_id": "subnet-0552e005c00f84990",
            "timeouts": null
          },
          "sensitive_attributes": [],
          "identity_schema_version": 0,
          "identity": {
            "account_id": "412869002243",
            "id": "rtbassoc-0a8593b316b420207",
            "region": "ap-northeast-1"
          },
          "private": "eyJlMmJmYjczMC1lY2FhLTExZTYtOGY4OC0zNDM2M2JjN2M0YzAiOnsiY3JlYXRlIjozMDAwMDAwMDAwMDAsImRlbGV0ZSI6MzAwMDAwMDAwMDAwLCJ1cGRhdGUiOjEyMDAwMDAwMDAwMH19",
          "dependencies": [
            "aws_route_table.priv",
            "aws_subnet.this",
            "aws_vpc.main"
          ]
        },
        {
          "index_key": "msk-priv-d",
          "schema_version": 0,
          "attributes": {
            "gateway_id": "",
            "id": "rtbassoc-07a7b0e6e7a0971d5",
            "region": "ap-northeast-1",
            "route_table_id": "rtb-0563242e2beec5116",
            "subnet_id": "subnet-0fa8353b72097156e",
            "timeouts": null
          },
          "sensitive_attributes": [],
          "identity_schema_version": 0,
          "identity": {
            "account_id": "412869002243",
            "id": "rtbassoc-07a7b0e6e7a0971d5",
            "region": "ap-northeast-1"
          },
          "private": "eyJlMmJmYjczMC1lY2FhLTExZTYtOGY4OC0zNDM2M2JjN2M0YzAiOnsiY3JlYXRlIjozMDAwMDAwMDAwMDAsImRlbGV0ZSI6MzAwMDAwMDAwMDAwLCJ1cGRhdGUiOjEyMDAwMDAwMDAwMH19",
          "dependencies": [
            "aws_route_table.priv",
            "aws_subnet.this",
            "aws_vpc.main"
          ]
        }
      ]
    },
    {
      "mode": "managed",
      "type": "aws_route_table_association",
      "name": "pub",
      "provider": "provider[\"registry.terraform.io/hashicorp/aws\"]",
      "instances": [
        {
          "index_key": "msk-pub-a",
          "schema_version": 0,
          "attributes": {
            "gateway_id": "",
            "id": "rtbassoc-0b9600029018e9336",
            "region": "ap-northeast-1",
            "route_table_id": "rtb-0f0ca2a3ef3033edb",
            "subnet_id": "subnet-09d8cf1729a78a5bd",
            "timeouts": null
          },
          "sensitive_attributes": [],
          "identity_schema_version": 0,
          "identity": {
            "account_id": "412869002243",
            "id": "rtbassoc-0b9600029018e9336",
            "region": "ap-northeast-1"
          },
          "private": "eyJlMmJmYjczMC1lY2FhLTExZTYtOGY4OC0zNDM2M2JjN2M0YzAiOnsiY3JlYXRlIjozMDAwMDAwMDAwMDAsImRlbGV0ZSI6MzAwMDAwMDAwMDAwLCJ1cGRhdGUiOjEyMDAwMDAwMDAwMH19",
          "dependencies": [
            "aws_route_table.pub",
            "aws_subnet.this",
            "aws_vpc.main"
          ]
        },
        {
          "index_key": "msk-pub-d",
          "schema_version": 0,
          "attributes": {
            "gateway_id": "",
            "id": "rtbassoc-02069d319b8e6ed75",
            "region": "ap-northeast-1",
            "route_table_id": "rtb-0f0ca2a3ef3033edb",
            "subnet_id": "subnet-0b6a4998cbf084260",
            "timeouts": null
          },
          "sensitive_attributes": [],
          "identity_schema_version": 0,
          "identity": {
            "account_id": "412869002243",
            "id": "rtbassoc-02069d319b8e6ed75",
            "region": "ap-northeast-1"
          },
          "private": "eyJlMmJmYjczMC1lY2FhLTExZTYtOGY4OC0zNDM2M2JjN2M0YzAiOnsiY3JlYXRlIjozMDAwMDAwMDAwMDAsImRlbGV0ZSI6MzAwMDAwMDAwMDAwLCJ1cGRhdGUiOjEyMDAwMDAwMDAwMH19",
          "dependencies": [
            "aws_route_table.pub",
            "aws_subnet.this",
            "aws_vpc.main"
          ]
        }
      ]
    },
    {
      "mode": "managed",
      "type": "aws_s3_bucket",
      "name": "alert",
      "provider": "provider[\"registry.terraform.io/hashicorp/aws\"]",
      "instances": [
        {
          "schema_version": 0,
          "attributes": {
            "acceleration_status": "",
            "acl": null,
            "arn": "arn:aws:s3:::wsc2026-sensor-alert-bucket-111",
            "bucket": "wsc2026-sensor-alert-bucket-111",
            "bucket_domain_name": "wsc2026-sensor-alert-bucket-111.s3.amazonaws.com",
            "bucket_namespace": "global",
            "bucket_prefix": "",
            "bucket_region": "ap-northeast-1",
            "bucket_regional_domain_name": "wsc2026-sensor-alert-bucket-111.s3.ap-northeast-1.amazonaws.com",
            "cors_rule": [],
            "force_destroy": true,
            "grant": [
              {
                "id": "883236cf36a311ef27f46da2d113ad85e64f344ecd572ad2f186f7a9a2f5359c",
                "permissions": [
                  "FULL_CONTROL"
                ],
                "type": "CanonicalUser",
                "uri": ""
              }
            ],
            "hosted_zone_id": "Z2M4EHUR26P7ZW",
            "id": "wsc2026-sensor-alert-bucket-111",
            "lifecycle_rule": [],
            "logging": [],
            "object_lock_configuration": [],
            "object_lock_enabled": false,
            "policy": "",
            "region": "ap-northeast-1",
            "replication_configuration": [],
            "request_payer": "BucketOwner",
            "server_side_encryption_configuration": [
              {
                "rule": [
                  {
                    "apply_server_side_encryption_by_default": [
                      {
                        "kms_master_key_id": "",
                        "sse_algorithm": "AES256"
                      }
                    ],
                    "bucket_key_enabled": false
                  }
                ]
              }
            ],
            "tags": null,
            "tags_all": {
              "Project": "wsc2026-msk"
            },
            "timeouts": null,
            "versioning": [
              {
                "enabled": false,
                "mfa_delete": false
              }
            ],
            "website": [],
            "website_domain": null,
            "website_endpoint": null
          },
          "sensitive_attributes": [],
          "identity_schema_version": 0,
          "identity": {
            "account_id": "412869002243",
            "bucket": "wsc2026-sensor-alert-bucket-111",
            "region": "ap-northeast-1"
          },
          "private": "eyJlMmJmYjczMC1lY2FhLTExZTYtOGY4OC0zNDM2M2JjN2M0YzAiOnsiY3JlYXRlIjoxMjAwMDAwMDAwMDAwLCJkZWxldGUiOjM2MDAwMDAwMDAwMDAsInJlYWQiOjEyMDAwMDAwMDAwMDAsInVwZGF0ZSI6MTIwMDAwMDAwMDAwMH19"
        }
      ]
    },
    {
      "mode": "managed",
      "type": "aws_s3_bucket",
      "name": "artifact",
      "provider": "provider[\"registry.terraform.io/hashicorp/aws\"]",
      "instances": [
        {
          "schema_version": 0,
          "attributes": {
            "acceleration_status": "",
            "acl": null,
            "arn": "arn:aws:s3:::wsc2026-msk-artifacts-111-412869002243",
            "bucket": "wsc2026-msk-artifacts-111-412869002243",
            "bucket_domain_name": "wsc2026-msk-artifacts-111-412869002243.s3.amazonaws.com",
            "bucket_namespace": "global",
            "bucket_prefix": "",
            "bucket_region": "ap-northeast-1",
            "bucket_regional_domain_name": "wsc2026-msk-artifacts-111-412869002243.s3.ap-northeast-1.amazonaws.com",
            "cors_rule": [],
            "force_destroy": true,
            "grant": [
              {
                "id": "883236cf36a311ef27f46da2d113ad85e64f344ecd572ad2f186f7a9a2f5359c",
                "permissions": [
                  "FULL_CONTROL"
                ],
                "type": "CanonicalUser",
                "uri": ""
              }
            ],
            "hosted_zone_id": "Z2M4EHUR26P7ZW",
            "id": "wsc2026-msk-artifacts-111-412869002243",
            "lifecycle_rule": [],
            "logging": [],
            "object_lock_configuration": [],
            "object_lock_enabled": false,
            "policy": "",
            "region": "ap-northeast-1",
            "replication_configuration": [],
            "request_payer": "BucketOwner",
            "server_side_encryption_configuration": [
              {
                "rule": [
                  {
                    "apply_server_side_encryption_by_default": [
                      {
                        "kms_master_key_id": "",
                        "sse_algorithm": "AES256"
                      }
                    ],
                    "bucket_key_enabled": false
                  }
                ]
              }
            ],
            "tags": null,
            "tags_all": {
              "Project": "wsc2026-msk"
            },
            "timeouts": null,
            "versioning": [
              {
                "enabled": false,
                "mfa_delete": false
              }
            ],
            "website": [],
            "website_domain": null,
            "website_endpoint": null
          },
          "sensitive_attributes": [],
          "identity_schema_version": 0,
          "identity": {
            "account_id": "412869002243",
            "bucket": "wsc2026-msk-artifacts-111-412869002243",
            "region": "ap-northeast-1"
          },
          "private": "eyJlMmJmYjczMC1lY2FhLTExZTYtOGY4OC0zNDM2M2JjN2M0YzAiOnsiY3JlYXRlIjoxMjAwMDAwMDAwMDAwLCJkZWxldGUiOjM2MDAwMDAwMDAwMDAsInJlYWQiOjEyMDAwMDAwMDAwMDAsInVwZGF0ZSI6MTIwMDAwMDAwMDAwMH19",
          "dependencies": [
            "data.aws_caller_identity.current"
          ]
        }
      ]
    },
    {
      "mode": "managed",
      "type": "aws_s3_bucket_public_access_block",
      "name": "alert",
      "provider": "provider[\"registry.terraform.io/hashicorp/aws\"]",
      "instances": [
        {
          "schema_version": 0,
          "attributes": {
            "block_public_acls": true,
            "block_public_policy": true,
            "bucket": "wsc2026-sensor-alert-bucket-111",
            "id": "wsc2026-sensor-alert-bucket-111",
            "ignore_public_acls": true,
            "region": "ap-northeast-1",
            "restrict_public_buckets": true,
            "skip_destroy": null
          },
          "sensitive_attributes": [],
          "identity_schema_version": 0,
          "identity": {
            "account_id": "412869002243",
            "bucket": "wsc2026-sensor-alert-bucket-111",
            "region": "ap-northeast-1"
          },
          "private": "bnVsbA==",
          "dependencies": [
            "aws_s3_bucket.alert"
          ]
        }
      ]
    },
    {
      "mode": "managed",
      "type": "aws_s3_bucket_public_access_block",
      "name": "artifact",
      "provider": "provider[\"registry.terraform.io/hashicorp/aws\"]",
      "instances": [
        {
          "schema_version": 0,
          "attributes": {
            "block_public_acls": true,
            "block_public_policy": true,
            "bucket": "wsc2026-msk-artifacts-111-412869002243",
            "id": "wsc2026-msk-artifacts-111-412869002243",
            "ignore_public_acls": true,
            "region": "ap-northeast-1",
            "restrict_public_buckets": true,
            "skip_destroy": null
          },
          "sensitive_attributes": [],
          "identity_schema_version": 0,
          "identity": {
            "account_id": "412869002243",
            "bucket": "wsc2026-msk-artifacts-111-412869002243",
            "region": "ap-northeast-1"
          },
          "private": "bnVsbA==",
          "dependencies": [
            "aws_s3_bucket.artifact",
            "data.aws_caller_identity.current"
          ]
        }
      ]
    },
    {
      "mode": "managed",
      "type": "aws_s3_object",
      "name": "app_binary",
      "provider": "provider[\"registry.terraform.io/hashicorp/aws\"]",
      "instances": [
        {
          "schema_version": 0,
          "attributes": {
            "acl": null,
            "arn": "arn:aws:s3:::wsc2026-msk-artifacts-111-412869002243/app",
            "bucket": "wsc2026-msk-artifacts-111-412869002243",
            "bucket_key_enabled": false,
            "cache_control": "",
            "checksum_algorithm": null,
            "checksum_crc32": "",
            "checksum_crc32c": "",
            "checksum_crc64nvme": "",
            "checksum_sha1": "",
            "checksum_sha256": "",
            "content": null,
            "content_base64": null,
            "content_disposition": "",
            "content_encoding": "",
            "content_language": "",
            "content_type": "binary/octet-stream",
            "etag": "76a54626f6e0994bf297a5eaa9d65c00-2",
            "force_destroy": false,
            "id": "wsc2026-msk-artifacts-111-412869002243/app",
            "key": "app",
            "kms_key_id": null,
            "metadata": null,
            "object_lock_legal_hold_status": "",
            "object_lock_mode": "",
            "object_lock_retain_until_date": "",
            "override_provider": [],
            "region": "ap-northeast-1",
            "server_side_encryption": "AES256",
            "source": "./app/app",
            "source_hash": null,
            "storage_class": "STANDARD",
            "tags": null,
            "tags_all": {
              "Project": "wsc2026-msk"
            },
            "version_id": "",
            "website_redirect": ""
          },
          "sensitive_attributes": [],
          "identity_schema_version": 0,
          "identity": {
            "account_id": "412869002243",
            "bucket": "wsc2026-msk-artifacts-111-412869002243",
            "key": "app",
            "region": "ap-northeast-1"
          },
          "private": "bnVsbA==",
          "dependencies": [
            "aws_s3_bucket.artifact",
            "data.aws_caller_identity.current"
          ]
        }
      ]
    },
    {
      "mode": "managed",
      "type": "aws_security_group",
      "name": "ec2",
      "provider": "provider[\"registry.terraform.io/hashicorp/aws\"]",
      "instances": [
        {
          "schema_version": 1,
          "attributes": {
            "arn": "arn:aws:ec2:ap-northeast-1:412869002243:security-group/sg-0fee2cd723accad73",
            "description": "Producer EC2",
            "egress": [],
            "id": "sg-0fee2cd723accad73",
            "ingress": [],
            "name": "wsc2026-msk-producer-sg",
            "name_prefix": "",
            "owner_id": "412869002243",
            "region": "ap-northeast-1",
            "revoke_rules_on_delete": false,
            "tags": {
              "Name": "wsc2026-msk-producer-sg"
            },
            "tags_all": {
              "Name": "wsc2026-msk-producer-sg",
              "Project": "wsc2026-msk"
            },
            "timeouts": null,
            "vpc_id": "vpc-04530b578ac93f89b"
          },
          "sensitive_attributes": [],
          "identity_schema_version": 0,
          "identity": {
            "account_id": "412869002243",
            "id": "sg-0fee2cd723accad73",
            "region": "ap-northeast-1"
          },
          "private": "eyJlMmJmYjczMC1lY2FhLTExZTYtOGY4OC0zNDM2M2JjN2M0YzAiOnsiY3JlYXRlIjo2MDAwMDAwMDAwMDAsImRlbGV0ZSI6OTAwMDAwMDAwMDAwfSwic2NoZW1hX3ZlcnNpb24iOiIxIn0=",
          "dependencies": [
            "aws_vpc.main"
          ]
        }
      ]
    },
    {
      "mode": "managed",
      "type": "aws_security_group",
      "name": "lambda",
      "provider": "provider[\"registry.terraform.io/hashicorp/aws\"]",
      "instances": [
        {
          "schema_version": 1,
          "attributes": {
            "arn": "arn:aws:ec2:ap-northeast-1:412869002243:security-group/sg-087b3acc276be9d4b",
            "description": "Lambda VPC ENI",
            "egress": [],
            "id": "sg-087b3acc276be9d4b",
            "ingress": [],
            "name": "wsc2026-msk-lambda-sg",
            "name_prefix": "",
            "owner_id": "412869002243",
            "region": "ap-northeast-1",
            "revoke_rules_on_delete": false,
            "tags": {
              "Name": "wsc2026-msk-lambda-sg"
            },
            "tags_all": {
              "Name": "wsc2026-msk-lambda-sg",
              "Project": "wsc2026-msk"
            },
            "timeouts": null,
            "vpc_id": "vpc-04530b578ac93f89b"
          },
          "sensitive_attributes": [],
          "identity_schema_version": 0,
          "identity": {
            "account_id": "412869002243",
            "id": "sg-087b3acc276be9d4b",
            "region": "ap-northeast-1"
          },
          "private": "eyJlMmJmYjczMC1lY2FhLTExZTYtOGY4OC0zNDM2M2JjN2M0YzAiOnsiY3JlYXRlIjo2MDAwMDAwMDAwMDAsImRlbGV0ZSI6OTAwMDAwMDAwMDAwfSwic2NoZW1hX3ZlcnNpb24iOiIxIn0=",
          "dependencies": [
            "aws_vpc.main"
          ]
        }
      ]
    },
    {
      "mode": "managed",
      "type": "aws_security_group",
      "name": "msk",
      "provider": "provider[\"registry.terraform.io/hashicorp/aws\"]",
      "instances": [
        {
          "schema_version": 1,
          "attributes": {
            "arn": "arn:aws:ec2:ap-northeast-1:412869002243:security-group/sg-0cc3f3b2d4f555a38",
            "description": "MSK broker access (IAM SASL 9098)",
            "egress": [],
            "id": "sg-0cc3f3b2d4f555a38",
            "ingress": [],
            "name": "wsc2026-msk-cluster-sg",
            "name_prefix": "",
            "owner_id": "412869002243",
            "region": "ap-northeast-1",
            "revoke_rules_on_delete": false,
            "tags": {
              "Name": "wsc2026-msk-cluster-sg"
            },
            "tags_all": {
              "Name": "wsc2026-msk-cluster-sg",
              "Project": "wsc2026-msk"
            },
            "timeouts": null,
            "vpc_id": "vpc-04530b578ac93f89b"
          },
          "sensitive_attributes": [],
          "identity_schema_version": 0,
          "identity": {
            "account_id": "412869002243",
            "id": "sg-0cc3f3b2d4f555a38",
            "region": "ap-northeast-1"
          },
          "private": "eyJlMmJmYjczMC1lY2FhLTExZTYtOGY4OC0zNDM2M2JjN2M0YzAiOnsiY3JlYXRlIjo2MDAwMDAwMDAwMDAsImRlbGV0ZSI6OTAwMDAwMDAwMDAwfSwic2NoZW1hX3ZlcnNpb24iOiIxIn0=",
          "dependencies": [
            "aws_vpc.main"
          ]
        }
      ]
    },
    {
      "mode": "managed",
      "type": "aws_sns_topic",
      "name": "alert",
      "provider": "provider[\"registry.terraform.io/hashicorp/aws\"]",
      "instances": [
        {
          "schema_version": 0,
          "attributes": {
            "application_failure_feedback_role_arn": "",
            "application_success_feedback_role_arn": "",
            "application_success_feedback_sample_rate": 0,
            "archive_policy": "",
            "arn": "arn:aws:sns:ap-northeast-1:412869002243:wsc2026-sensor-alert-topic",
            "beginning_archive_time": "",
            "content_based_deduplication": false,
            "delivery_policy": "",
            "display_name": "",
            "fifo_throughput_scope": "",
            "fifo_topic": false,
            "firehose_failure_feedback_role_arn": "",
            "firehose_success_feedback_role_arn": "",
            "firehose_success_feedback_sample_rate": 0,
            "http_failure_feedback_role_arn": "",
            "http_success_feedback_role_arn": "",
            "http_success_feedback_sample_rate": 0,
            "id": "arn:aws:sns:ap-northeast-1:412869002243:wsc2026-sensor-alert-topic",
            "kms_master_key_id": "",
            "lambda_failure_feedback_role_arn": "",
            "lambda_success_feedback_role_arn": "",
            "lambda_success_feedback_sample_rate": 0,
            "name": "wsc2026-sensor-alert-topic",
            "name_prefix": "",
            "owner": "412869002243",
            "policy": "{\"Id\":\"__default_policy_ID\",\"Statement\":[{\"Action\":[\"SNS:GetTopicAttributes\",\"SNS:SetTopicAttributes\",\"SNS:AddPermission\",\"SNS:RemovePermission\",\"SNS:DeleteTopic\",\"SNS:Subscribe\",\"SNS:ListSubscriptionsByTopic\",\"SNS:Publish\"],\"Condition\":{\"StringEquals\":{\"AWS:SourceOwner\":\"412869002243\"}},\"Effect\":\"Allow\",\"Principal\":{\"AWS\":\"*\"},\"Resource\":\"arn:aws:sns:ap-northeast-1:412869002243:wsc2026-sensor-alert-topic\",\"Sid\":\"__default_statement_ID\"}],\"Version\":\"2008-10-17\"}",
            "region": "ap-northeast-1",
            "signature_version": 0,
            "sqs_failure_feedback_role_arn": "",
            "sqs_success_feedback_role_arn": "",
            "sqs_success_feedback_sample_rate": 0,
            "tags": null,
            "tags_all": {
              "Project": "wsc2026-msk"
            },
            "tracing_config": ""
          },
          "sensitive_attributes": [],
          "identity_schema_version": 0,
          "identity": {
            "arn": "arn:aws:sns:ap-northeast-1:412869002243:wsc2026-sensor-alert-topic"
          },
          "private": "bnVsbA=="
        }
      ]
    },
    {
      "mode": "managed",
      "type": "aws_subnet",
      "name": "this",
      "provider": "provider[\"registry.terraform.io/hashicorp/aws\"]",
      "instances": [
        {
          "index_key": "msk-priv-a",
          "schema_version": 1,
          "attributes": {
            "arn": "arn:aws:ec2:ap-northeast-1:412869002243:subnet/subnet-0552e005c00f84990",
            "assign_ipv6_address_on_creation": false,
            "availability_zone": "ap-northeast-1a",
            "availability_zone_id": "apne1-az4",
            "cidr_block": "192.168.10.0/24",
            "customer_owned_ipv4_pool": "",
            "enable_dns64": false,
            "enable_lni_at_device_index": 0,
            "enable_resource_name_dns_a_record_on_launch": false,
            "enable_resource_name_dns_aaaa_record_on_launch": false,
            "id": "subnet-0552e005c00f84990",
            "ipv4_ipam_pool_id": null,
            "ipv4_netmask_length": null,
            "ipv6_cidr_block": "",
            "ipv6_cidr_block_association_id": "",
            "ipv6_ipam_pool_id": null,
            "ipv6_native": false,
            "ipv6_netmask_length": null,
            "map_customer_owned_ip_on_launch": false,
            "map_public_ip_on_launch": false,
            "outpost_arn": "",
            "owner_id": "412869002243",
            "private_dns_hostname_type_on_launch": "ip-name",
            "region": "ap-northeast-1",
            "tags": {
              "Name": "msk-priv-a"
            },
            "tags_all": {
              "Name": "msk-priv-a",
              "Project": "wsc2026-msk"
            },
            "timeouts": null,
            "vpc_id": "vpc-04530b578ac93f89b"
          },
          "sensitive_attributes": [],
          "identity_schema_version": 0,
          "identity": {
            "account_id": "412869002243",
            "id": "subnet-0552e005c00f84990",
            "region": "ap-northeast-1"
          },
          "private": "eyJlMmJmYjczMC1lY2FhLTExZTYtOGY4OC0zNDM2M2JjN2M0YzAiOnsiY3JlYXRlIjo2MDAwMDAwMDAwMDAsImRlbGV0ZSI6MTIwMDAwMDAwMDAwMH0sInNjaGVtYV92ZXJzaW9uIjoiMSJ9",
          "dependencies": [
            "aws_vpc.main"
          ]
        },
        {
          "index_key": "msk-priv-d",
          "schema_version": 1,
          "attributes": {
            "arn": "arn:aws:ec2:ap-northeast-1:412869002243:subnet/subnet-0fa8353b72097156e",
            "assign_ipv6_address_on_creation": false,
            "availability_zone": "ap-northeast-1d",
            "availability_zone_id": "apne1-az2",
            "cidr_block": "192.168.11.0/24",
            "customer_owned_ipv4_pool": "",
            "enable_dns64": false,
            "enable_lni_at_device_index": 0,
            "enable_resource_name_dns_a_record_on_launch": false,
            "enable_resource_name_dns_aaaa_record_on_launch": false,
            "id": "subnet-0fa8353b72097156e",
            "ipv4_ipam_pool_id": null,
            "ipv4_netmask_length": null,
            "ipv6_cidr_block": "",
            "ipv6_cidr_block_association_id": "",
            "ipv6_ipam_pool_id": null,
            "ipv6_native": false,
            "ipv6_netmask_length": null,
            "map_customer_owned_ip_on_launch": false,
            "map_public_ip_on_launch": false,
            "outpost_arn": "",
            "owner_id": "412869002243",
            "private_dns_hostname_type_on_launch": "ip-name",
            "region": "ap-northeast-1",
            "tags": {
              "Name": "msk-priv-d"
            },
            "tags_all": {
              "Name": "msk-priv-d",
              "Project": "wsc2026-msk"
            },
            "timeouts": null,
            "vpc_id": "vpc-04530b578ac93f89b"
          },
          "sensitive_attributes": [],
          "identity_schema_version": 0,
          "identity": {
            "account_id": "412869002243",
            "id": "subnet-0fa8353b72097156e",
            "region": "ap-northeast-1"
          },
          "private": "eyJlMmJmYjczMC1lY2FhLTExZTYtOGY4OC0zNDM2M2JjN2M0YzAiOnsiY3JlYXRlIjo2MDAwMDAwMDAwMDAsImRlbGV0ZSI6MTIwMDAwMDAwMDAwMH0sInNjaGVtYV92ZXJzaW9uIjoiMSJ9",
          "dependencies": [
            "aws_vpc.main"
          ]
        },
        {
          "index_key": "msk-pub-a",
          "schema_version": 1,
          "attributes": {
            "arn": "arn:aws:ec2:ap-northeast-1:412869002243:subnet/subnet-09d8cf1729a78a5bd",
            "assign_ipv6_address_on_creation": false,
            "availability_zone": "ap-northeast-1a",
            "availability_zone_id": "apne1-az4",
            "cidr_block": "192.168.0.0/24",
            "customer_owned_ipv4_pool": "",
            "enable_dns64": false,
            "enable_lni_at_device_index": 0,
            "enable_resource_name_dns_a_record_on_launch": false,
            "enable_resource_name_dns_aaaa_record_on_launch": false,
            "id": "subnet-09d8cf1729a78a5bd",
            "ipv4_ipam_pool_id": null,
            "ipv4_netmask_length": null,
            "ipv6_cidr_block": "",
            "ipv6_cidr_block_association_id": "",
            "ipv6_ipam_pool_id": null,
            "ipv6_native": false,
            "ipv6_netmask_length": null,
            "map_customer_owned_ip_on_launch": false,
            "map_public_ip_on_launch": true,
            "outpost_arn": "",
            "owner_id": "412869002243",
            "private_dns_hostname_type_on_launch": "ip-name",
            "region": "ap-northeast-1",
            "tags": {
              "Name": "msk-pub-a"
            },
            "tags_all": {
              "Name": "msk-pub-a",
              "Project": "wsc2026-msk"
            },
            "timeouts": null,
            "vpc_id": "vpc-04530b578ac93f89b"
          },
          "sensitive_attributes": [],
          "identity_schema_version": 0,
          "identity": {
            "account_id": "412869002243",
            "id": "subnet-09d8cf1729a78a5bd",
            "region": "ap-northeast-1"
          },
          "private": "eyJlMmJmYjczMC1lY2FhLTExZTYtOGY4OC0zNDM2M2JjN2M0YzAiOnsiY3JlYXRlIjo2MDAwMDAwMDAwMDAsImRlbGV0ZSI6MTIwMDAwMDAwMDAwMH0sInNjaGVtYV92ZXJzaW9uIjoiMSJ9",
          "dependencies": [
            "aws_vpc.main"
          ]
        },
        {
          "index_key": "msk-pub-d",
          "schema_version": 1,
          "attributes": {
            "arn": "arn:aws:ec2:ap-northeast-1:412869002243:subnet/subnet-0b6a4998cbf084260",
            "assign_ipv6_address_on_creation": false,
            "availability_zone": "ap-northeast-1d",
            "availability_zone_id": "apne1-az2",
            "cidr_block": "192.168.1.0/24",
            "customer_owned_ipv4_pool": "",
            "enable_dns64": false,
            "enable_lni_at_device_index": 0,
            "enable_resource_name_dns_a_record_on_launch": false,
            "enable_resource_name_dns_aaaa_record_on_launch": false,
            "id": "subnet-0b6a4998cbf084260",
            "ipv4_ipam_pool_id": null,
            "ipv4_netmask_length": null,
            "ipv6_cidr_block": "",
            "ipv6_cidr_block_association_id": "",
            "ipv6_ipam_pool_id": null,
            "ipv6_native": false,
            "ipv6_netmask_length": null,
            "map_customer_owned_ip_on_launch": false,
            "map_public_ip_on_launch": true,
            "outpost_arn": "",
            "owner_id": "412869002243",
            "private_dns_hostname_type_on_launch": "ip-name",
            "region": "ap-northeast-1",
            "tags": {
              "Name": "msk-pub-d"
            },
            "tags_all": {
              "Name": "msk-pub-d",
              "Project": "wsc2026-msk"
            },
            "timeouts": null,
            "vpc_id": "vpc-04530b578ac93f89b"
          },
          "sensitive_attributes": [],
          "identity_schema_version": 0,
          "identity": {
            "account_id": "412869002243",
            "id": "subnet-0b6a4998cbf084260",
            "region": "ap-northeast-1"
          },
          "private": "eyJlMmJmYjczMC1lY2FhLTExZTYtOGY4OC0zNDM2M2JjN2M0YzAiOnsiY3JlYXRlIjo2MDAwMDAwMDAwMDAsImRlbGV0ZSI6MTIwMDAwMDAwMDAwMH0sInNjaGVtYV92ZXJzaW9uIjoiMSJ9",
          "dependencies": [
            "aws_vpc.main"
          ]
        }
      ]
    },
    {
      "mode": "managed",
      "type": "aws_vpc",
      "name": "main",
      "provider": "provider[\"registry.terraform.io/hashicorp/aws\"]",
      "instances": [
        {
          "schema_version": 1,
          "attributes": {
            "arn": "arn:aws:ec2:ap-northeast-1:412869002243:vpc/vpc-04530b578ac93f89b",
            "assign_generated_ipv6_cidr_block": false,
            "cidr_block": "192.168.0.0/16",
            "default_network_acl_id": "acl-053b9a356e6ecae90",
            "default_route_table_id": "rtb-042667df4c08084b1",
            "default_security_group_id": "sg-00d1d4fe7d8de1f7c",
            "dhcp_options_id": "dopt-0e3667a61dca379c5",
            "enable_dns_hostnames": true,
            "enable_dns_support": true,
            "enable_network_address_usage_metrics": false,
            "id": "vpc-04530b578ac93f89b",
            "instance_tenancy": "default",
            "ipv4_ipam_pool_id": null,
            "ipv4_netmask_length": null,
            "ipv6_association_id": "",
            "ipv6_cidr_block": "",
            "ipv6_cidr_block_network_border_group": "",
            "ipv6_ipam_pool_id": "",
            "ipv6_netmask_length": 0,
            "main_route_table_id": "rtb-042667df4c08084b1",
            "owner_id": "412869002243",
            "region": "ap-northeast-1",
            "tags": {
              "Name": "msk-vpc"
            },
            "tags_all": {
              "Name": "msk-vpc",
              "Project": "wsc2026-msk"
            }
          },
          "sensitive_attributes": [],
          "identity_schema_version": 0,
          "identity": {
            "account_id": "412869002243",
            "id": "vpc-04530b578ac93f89b",
            "region": "ap-northeast-1"
          },
          "private": "eyJzY2hlbWFfdmVyc2lvbiI6IjEifQ=="
        }
      ]
    },
    {
      "mode": "managed",
      "type": "aws_vpc_security_group_egress_rule",
      "name": "ec2_all",
      "provider": "provider[\"registry.terraform.io/hashicorp/aws\"]",
      "instances": [
        {
          "schema_version": 0,
          "attributes": {
            "arn": "arn:aws:ec2:ap-northeast-1:412869002243:security-group-rule/sgr-06c14e05e96b8ca5c",
            "cidr_ipv4": "0.0.0.0/0",
            "cidr_ipv6": null,
            "description": "outbound all (NAT, MSK, AWS API)",
            "from_port": null,
            "id": "sgr-06c14e05e96b8ca5c",
            "ip_protocol": "-1",
            "prefix_list_id": null,
            "referenced_security_group_id": null,
            "region": "ap-northeast-1",
            "security_group_id": "sg-0fee2cd723accad73",
            "security_group_rule_id": "sgr-06c14e05e96b8ca5c",
            "tags": null,
            "tags_all": {
              "Project": "wsc2026-msk"
            },
            "to_port": null
          },
          "sensitive_attributes": [],
          "identity_schema_version": 0,
          "identity": {
            "account_id": "412869002243",
            "id": "sgr-06c14e05e96b8ca5c",
            "region": "ap-northeast-1"
          },
          "dependencies": [
            "aws_security_group.ec2",
            "aws_vpc.main"
          ]
        }
      ]
    },
    {
      "mode": "managed",
      "type": "aws_vpc_security_group_egress_rule",
      "name": "lambda_all",
      "provider": "provider[\"registry.terraform.io/hashicorp/aws\"]",
      "instances": [
        {
          "schema_version": 0,
          "attributes": {
            "arn": "arn:aws:ec2:ap-northeast-1:412869002243:security-group-rule/sgr-054481638b6e0c768",
            "cidr_ipv4": "0.0.0.0/0",
            "cidr_ipv6": null,
            "description": "outbound all",
            "from_port": null,
            "id": "sgr-054481638b6e0c768",
            "ip_protocol": "-1",
            "prefix_list_id": null,
            "referenced_security_group_id": null,
            "region": "ap-northeast-1",
            "security_group_id": "sg-087b3acc276be9d4b",
            "security_group_rule_id": "sgr-054481638b6e0c768",
            "tags": null,
            "tags_all": {
              "Project": "wsc2026-msk"
            },
            "to_port": null
          },
          "sensitive_attributes": [],
          "identity_schema_version": 0,
          "identity": {
            "account_id": "412869002243",
            "id": "sgr-054481638b6e0c768",
            "region": "ap-northeast-1"
          },
          "dependencies": [
            "aws_security_group.lambda",
            "aws_vpc.main"
          ]
        }
      ]
    },
    {
      "mode": "managed",
      "type": "aws_vpc_security_group_egress_rule",
      "name": "msk_all",
      "provider": "provider[\"registry.terraform.io/hashicorp/aws\"]",
      "instances": [
        {
          "schema_version": 0,
          "attributes": {
            "arn": "arn:aws:ec2:ap-northeast-1:412869002243:security-group-rule/sgr-0ab983229cdf1a558",
            "cidr_ipv4": "0.0.0.0/0",
            "cidr_ipv6": null,
            "description": null,
            "from_port": null,
            "id": "sgr-0ab983229cdf1a558",
            "ip_protocol": "-1",
            "prefix_list_id": null,
            "referenced_security_group_id": null,
            "region": "ap-northeast-1",
            "security_group_id": "sg-0cc3f3b2d4f555a38",
            "security_group_rule_id": "sgr-0ab983229cdf1a558",
            "tags": null,
            "tags_all": {
              "Project": "wsc2026-msk"
            },
            "to_port": null
          },
          "sensitive_attributes": [],
          "identity_schema_version": 0,
          "identity": {
            "account_id": "412869002243",
            "id": "sgr-0ab983229cdf1a558",
            "region": "ap-northeast-1"
          },
          "dependencies": [
            "aws_security_group.msk",
            "aws_vpc.main"
          ]
        }
      ]
    },
    {
      "mode": "managed",
      "type": "aws_vpc_security_group_ingress_rule",
      "name": "msk_from_ec2",
      "provider": "provider[\"registry.terraform.io/hashicorp/aws\"]",
      "instances": [
        {
          "index_key": "9092",
          "schema_version": 0,
          "attributes": {
            "arn": "arn:aws:ec2:ap-northeast-1:412869002243:security-group-rule/sgr-05df93e36c3c004ed",
            "cidr_ipv4": null,
            "cidr_ipv6": null,
            "description": "kafka 9092 from producer",
            "from_port": 9092,
            "id": "sgr-05df93e36c3c004ed",
            "ip_protocol": "tcp",
            "prefix_list_id": null,
            "referenced_security_group_id": "sg-0fee2cd723accad73",
            "region": "ap-northeast-1",
            "security_group_id": "sg-0cc3f3b2d4f555a38",
            "security_group_rule_id": "sgr-05df93e36c3c004ed",
            "tags": null,
            "tags_all": {
              "Project": "wsc2026-msk"
            },
            "to_port": 9092
          },
          "sensitive_attributes": [],
          "identity_schema_version": 0,
          "identity": {
            "account_id": "412869002243",
            "id": "sgr-05df93e36c3c004ed",
            "region": "ap-northeast-1"
          },
          "dependencies": [
            "aws_security_group.ec2",
            "aws_security_group.msk",
            "aws_vpc.main"
          ]
        },
        {
          "index_key": "9094",
          "schema_version": 0,
          "attributes": {
            "arn": "arn:aws:ec2:ap-northeast-1:412869002243:security-group-rule/sgr-0087227d93b3efd67",
            "cidr_ipv4": null,
            "cidr_ipv6": null,
            "description": "kafka 9094 from producer",
            "from_port": 9094,
            "id": "sgr-0087227d93b3efd67",
            "ip_protocol": "tcp",
            "prefix_list_id": null,
            "referenced_security_group_id": "sg-0fee2cd723accad73",
            "region": "ap-northeast-1",
            "security_group_id": "sg-0cc3f3b2d4f555a38",
            "security_group_rule_id": "sgr-0087227d93b3efd67",
            "tags": null,
            "tags_all": {
              "Project": "wsc2026-msk"
            },
            "to_port": 9094
          },
          "sensitive_attributes": [],
          "identity_schema_version": 0,
          "identity": {
            "account_id": "412869002243",
            "id": "sgr-0087227d93b3efd67",
            "region": "ap-northeast-1"
          },
          "dependencies": [
            "aws_security_group.ec2",
            "aws_security_group.msk",
            "aws_vpc.main"
          ]
        },
        {
          "index_key": "9098",
          "schema_version": 0,
          "attributes": {
            "arn": "arn:aws:ec2:ap-northeast-1:412869002243:security-group-rule/sgr-04c27329f3a197bf8",
            "cidr_ipv4": null,
            "cidr_ipv6": null,
            "description": "kafka 9098 from producer",
            "from_port": 9098,
            "id": "sgr-04c27329f3a197bf8",
            "ip_protocol": "tcp",
            "prefix_list_id": null,
            "referenced_security_group_id": "sg-0fee2cd723accad73",
            "region": "ap-northeast-1",
            "security_group_id": "sg-0cc3f3b2d4f555a38",
            "security_group_rule_id": "sgr-04c27329f3a197bf8",
            "tags": null,
            "tags_all": {
              "Project": "wsc2026-msk"
            },
            "to_port": 9098
          },
          "sensitive_attributes": [],
          "identity_schema_version": 0,
          "identity": {
            "account_id": "412869002243",
            "id": "sgr-04c27329f3a197bf8",
            "region": "ap-northeast-1"
          },
          "dependencies": [
            "aws_security_group.ec2",
            "aws_security_group.msk",
            "aws_vpc.main"
          ]
        }
      ]
    },
    {
      "mode": "managed",
      "type": "aws_vpc_security_group_ingress_rule",
      "name": "msk_from_lambda",
      "provider": "provider[\"registry.terraform.io/hashicorp/aws\"]",
      "instances": [
        {
          "schema_version": 0,
          "attributes": {
            "arn": "arn:aws:ec2:ap-northeast-1:412869002243:security-group-rule/sgr-0ec3d76b7891f365e",
            "cidr_ipv4": null,
            "cidr_ipv6": null,
            "description": "SASL_SSL(IAM) from lambda vpc eni",
            "from_port": 9098,
            "id": "sgr-0ec3d76b7891f365e",
            "ip_protocol": "tcp",
            "prefix_list_id": null,
            "referenced_security_group_id": "sg-087b3acc276be9d4b",
            "region": "ap-northeast-1",
            "security_group_id": "sg-0cc3f3b2d4f555a38",
            "security_group_rule_id": "sgr-0ec3d76b7891f365e",
            "tags": null,
            "tags_all": {
              "Project": "wsc2026-msk"
            },
            "to_port": 9098
          },
          "sensitive_attributes": [],
          "identity_schema_version": 0,
          "identity": {
            "account_id": "412869002243",
            "id": "sgr-0ec3d76b7891f365e",
            "region": "ap-northeast-1"
          },
          "dependencies": [
            "aws_security_group.lambda",
            "aws_security_group.msk",
            "aws_vpc.main"
          ]
        }
      ]
    },
    {
      "mode": "managed",
      "type": "aws_vpc_security_group_ingress_rule",
      "name": "msk_self",
      "provider": "provider[\"registry.terraform.io/hashicorp/aws\"]",
      "instances": [
        {
          "schema_version": 0,
          "attributes": {
            "arn": "arn:aws:ec2:ap-northeast-1:412869002243:security-group-rule/sgr-0fc1f142531990cd4",
            "cidr_ipv4": null,
            "cidr_ipv6": null,
            "description": "self reference for Lambda MSK event source ENI",
            "from_port": 0,
            "id": "sgr-0fc1f142531990cd4",
            "ip_protocol": "tcp",
            "prefix_list_id": null,
            "referenced_security_group_id": "sg-0cc3f3b2d4f555a38",
            "region": "ap-northeast-1",
            "security_group_id": "sg-0cc3f3b2d4f555a38",
            "security_group_rule_id": "sgr-0fc1f142531990cd4",
            "tags": null,
            "tags_all": {
              "Project": "wsc2026-msk"
            },
            "to_port": 65535
          },
          "sensitive_attributes": [],
          "identity_schema_version": 0,
          "identity": {
            "account_id": "412869002243",
            "id": "sgr-0fc1f142531990cd4",
            "region": "ap-northeast-1"
          },
          "dependencies": [
            "aws_security_group.msk",
            "aws_vpc.main"
          ]
        }
      ]
    }
  ],
  "check_results": [
    {
      "object_kind": "var",
      "config_addr": "var.producer_bootstrap",
      "status": "pass",
      "objects": [
        {
          "object_addr": "var.producer_bootstrap",
          "status": "pass"
        }
      ]
    },
    {
      "object_kind": "var",
      "config_addr": "var.student_number",
      "status": "pass",
      "objects": [
        {
          "object_addr": "var.student_number",
          "status": "pass"
        }
      ]
    }
  ]
}
