{
  "version": 4,
  "terraform_version": "1.14.3",
  "serial": 134,
  "lineage": "bd69fa44-ed6e-50ce-9879-9d429926c68e",
  "outputs": {
    "config_rules": {
      "value": [
        "wsc2026-sg-ssh-rule",
        "wsc2026-required-tags-rule"
      ],
      "type": [
        "tuple",
        [
          "string",
          "string"
        ]
      ]
    },
    "event_rules": {
      "value": [
        "wsc2026-ec2-stop-rule",
        "wsc2026-ec2-terminate-rule",
        "wsc2026-ec2-type-change-rule",
        "wsc2026-role-change-rule",
        "wsc2026-sg-change-rule",
        "wsc2026-tag-change-rule"
      ],
      "type": [
        "list",
        "string"
      ]
    },
    "instance_id": {
      "value": "i-07abb6789705eab83",
      "type": "string"
    },
    "lambda_functions": {
      "value": [
        "wsc2026-ec2-stop-remediation",
        "wsc2026-ec2-terminate-alert",
        "wsc2026-ec2-type-remediation",
        "wsc2026-role-remediation",
        "wsc2026-sg-remediation",
        "wsc2026-tag-alert"
      ],
      "type": [
        "list",
        "string"
      ]
    },
    "remediation_test_commands": {
      "value": "export AWS_DEFAULT_REGION=eu-west-1\nINSTANCE_ID=i-07abb6789705eab83\nSG_ID=sg-0e6ced721ba71f493\n\naws ec2 stop-instances --instance-ids $INSTANCE_ID\naws ec2 authorize-security-group-ingress --group-id $SG_ID --protocol tcp --port 22 --cidr 0.0.0.0/0\n\n# 2~3분 후\naws ec2 describe-instances --instance-ids $INSTANCE_ID --query \"Reservations[0].Instances[0].State.Name\" --output text\naws ec2 describe-security-groups --group-ids $SG_ID --query \"SecurityGroups[0].IpPermissions | length(@)\" --output text\n",
      "type": "string"
    },
    "security_group_id": {
      "value": "sg-0e6ced721ba71f493",
      "type": "string"
    },
    "sns_topic_arn": {
      "value": "arn:aws:sns:eu-west-1:412869002243:wsc2026-event-alert",
      "type": "string"
    }
  },
  "resources": [
    {
      "mode": "data",
      "type": "archive_file",
      "name": "lambda",
      "provider": "provider[\"registry.terraform.io/hashicorp/archive\"]",
      "instances": [
        {
          "schema_version": 0,
          "attributes": {
            "exclude_symlink_directories": null,
            "excludes": null,
            "id": "7bf823e862636f1da44a2fdb097716173a614060",
            "output_base64sha256": "F2DYUwJ4cy+tJmrt8T6LPiZbj+ZTZVYY1Z4sGhb9U2Q=",
            "output_base64sha512": "Izj9v1qves9tvOS6GNss8MX5AJ9RCXYNVIaWoklPoO49rMZUwNdgNTRR4PbJQTXQnGCaXEU2YRCooll9yxrpfw==",
            "output_file_mode": null,
            "output_md5": "ff8034b5a2c200fd0552b8a13480b1d1",
            "output_path": "./build/lambda.zip",
            "output_sha": "7bf823e862636f1da44a2fdb097716173a614060",
            "output_sha256": "1760d8530278732fad266aedf13e8b3e265b8fe653655618d59e2c1a16fd5364",
            "output_sha512": "2338fdbf5aaf7acf6dbce4ba18db2cf0c5f9009f5109760d548696a2494fa0ee3dacc654c0d760353451e0f6c94135d09c609a5c45366110a8a2597dcb1ae97f",
            "output_size": 3127,
            "source": [],
            "source_content": null,
            "source_content_filename": null,
            "source_dir": null,
            "source_file": "./src/index.py",
            "type": "zip"
          },
          "sensitive_attributes": [],
          "identity_schema_version": 0
        }
      ]
    },
    {
      "mode": "data",
      "type": "aws_caller_identity",
      "name": "current",
      "provider": "provider[\"registry.terraform.io/hashicorp/aws\"]",
      "instances": [
        {
          "schema_version": 0,
          "attributes": {
            "account_id": "412869002243",
            "arn": "arn:aws:iam::412869002243:user/kooleewan",
            "id": "412869002243",
            "user_id": "AIDAWAIHJAQB46PXDLJVU"
          },
          "sensitive_attributes": [],
          "identity_schema_version": 0
        }
      ]
    },
    {
      "mode": "data",
      "type": "aws_iam_policy_document",
      "name": "config_assume",
      "provider": "provider[\"registry.terraform.io/hashicorp/aws\"]",
      "instances": [
        {
          "schema_version": 0,
          "attributes": {
            "id": "607352202",
            "json": "{\n  \"Version\": \"2012-10-17\",\n  \"Statement\": [\n    {\n      \"Effect\": \"Allow\",\n      \"Action\": \"sts:AssumeRole\",\n      \"Principal\": {\n        \"Service\": \"config.amazonaws.com\"\n      }\n    }\n  ]\n}",
            "minified_json": "{\"Version\":\"2012-10-17\",\"Statement\":[{\"Effect\":\"Allow\",\"Action\":\"sts:AssumeRole\",\"Principal\":{\"Service\":\"config.amazonaws.com\"}}]}",
            "override_json": null,
            "override_policy_documents": null,
            "policy_id": null,
            "source_json": null,
            "source_policy_documents": null,
            "statement": [
              {
                "actions": [
                  "sts:AssumeRole"
                ],
                "condition": [],
                "effect": "Allow",
                "not_actions": [],
                "not_principals": [],
                "not_resources": [],
                "principals": [
                  {
                    "identifiers": [
                      "config.amazonaws.com"
                    ],
                    "type": "Service"
                  }
                ],
                "resources": [],
                "sid": ""
              }
            ],
            "version": "2012-10-17"
          },
          "sensitive_attributes": [],
          "identity_schema_version": 0
        }
      ]
    },
    {
      "mode": "data",
      "type": "aws_iam_policy_document",
      "name": "config_bucket",
      "provider": "provider[\"registry.terraform.io/hashicorp/aws\"]",
      "instances": [
        {
          "schema_version": 0,
          "attributes": {
            "id": "202234571",
            "json": "{\n  \"Version\": \"2012-10-17\",\n  \"Statement\": [\n    {\n      \"Sid\": \"AWSConfigBucketPermissionsCheck\",\n      \"Effect\": \"Allow\",\n      \"Action\": [\n        \"s3:ListBucket\",\n        \"s3:GetBucketAcl\"\n      ],\n      \"Resource\": \"arn:aws:s3:::wsc2026-event-config-111-412869002243\",\n      \"Principal\": {\n        \"Service\": \"config.amazonaws.com\"\n      }\n    },\n    {\n      \"Sid\": \"AWSConfigBucketDelivery\",\n      \"Effect\": \"Allow\",\n      \"Action\": \"s3:PutObject\",\n      \"Resource\": \"arn:aws:s3:::wsc2026-event-config-111-412869002243/AWSLogs/412869002243/Config/*\",\n      \"Principal\": {\n        \"Service\": \"config.amazonaws.com\"\n      },\n      \"Condition\": {\n        \"StringEquals\": {\n          \"s3:x-amz-acl\": \"bucket-owner-full-control\"\n        }\n      }\n    }\n  ]\n}",
            "minified_json": "{\"Version\":\"2012-10-17\",\"Statement\":[{\"Sid\":\"AWSConfigBucketPermissionsCheck\",\"Effect\":\"Allow\",\"Action\":[\"s3:ListBucket\",\"s3:GetBucketAcl\"],\"Resource\":\"arn:aws:s3:::wsc2026-event-config-111-412869002243\",\"Principal\":{\"Service\":\"config.amazonaws.com\"}},{\"Sid\":\"AWSConfigBucketDelivery\",\"Effect\":\"Allow\",\"Action\":\"s3:PutObject\",\"Resource\":\"arn:aws:s3:::wsc2026-event-config-111-412869002243/AWSLogs/412869002243/Config/*\",\"Principal\":{\"Service\":\"config.amazonaws.com\"},\"Condition\":{\"StringEquals\":{\"s3:x-amz-acl\":\"bucket-owner-full-control\"}}}]}",
            "override_json": null,
            "override_policy_documents": null,
            "policy_id": null,
            "source_json": null,
            "source_policy_documents": null,
            "statement": [
              {
                "actions": [
                  "s3:GetBucketAcl",
                  "s3:ListBucket"
                ],
                "condition": [],
                "effect": "Allow",
                "not_actions": [],
                "not_principals": [],
                "not_resources": [],
                "principals": [
                  {
                    "identifiers": [
                      "config.amazonaws.com"
                    ],
                    "type": "Service"
                  }
                ],
                "resources": [
                  "arn:aws:s3:::wsc2026-event-config-111-412869002243"
                ],
                "sid": "AWSConfigBucketPermissionsCheck"
              },
              {
                "actions": [
                  "s3:PutObject"
                ],
                "condition": [
                  {
                    "test": "StringEquals",
                    "values": [
                      "bucket-owner-full-control"
                    ],
                    "variable": "s3:x-amz-acl"
                  }
                ],
                "effect": "Allow",
                "not_actions": [],
                "not_principals": [],
                "not_resources": [],
                "principals": [
                  {
                    "identifiers": [
                      "config.amazonaws.com"
                    ],
                    "type": "Service"
                  }
                ],
                "resources": [
                  "arn:aws:s3:::wsc2026-event-config-111-412869002243/AWSLogs/412869002243/Config/*"
                ],
                "sid": "AWSConfigBucketDelivery"
              }
            ],
            "version": "2012-10-17"
          },
          "sensitive_attributes": [],
          "identity_schema_version": 0
        }
      ]
    },
    {
      "mode": "data",
      "type": "aws_iam_policy_document",
      "name": "config_delivery",
      "provider": "provider[\"registry.terraform.io/hashicorp/aws\"]",
      "instances": [
        {
          "schema_version": 0,
          "attributes": {
            "id": "2494258429",
            "json": "{\n  \"Version\": \"2012-10-17\",\n  \"Statement\": [\n    {\n      \"Effect\": \"Allow\",\n      \"Action\": [\n        \"s3:PutObject\",\n        \"s3:ListBucket\",\n        \"s3:GetBucketAcl\"\n      ],\n      \"Resource\": [\n        \"arn:aws:s3:::wsc2026-event-config-111-412869002243/*\",\n        \"arn:aws:s3:::wsc2026-event-config-111-412869002243\"\n      ]\n    }\n  ]\n}",
            "minified_json": "{\"Version\":\"2012-10-17\",\"Statement\":[{\"Effect\":\"Allow\",\"Action\":[\"s3:PutObject\",\"s3:ListBucket\",\"s3:GetBucketAcl\"],\"Resource\":[\"arn:aws:s3:::wsc2026-event-config-111-412869002243/*\",\"arn:aws:s3:::wsc2026-event-config-111-412869002243\"]}]}",
            "override_json": null,
            "override_policy_documents": null,
            "policy_id": null,
            "source_json": null,
            "source_policy_documents": null,
            "statement": [
              {
                "actions": [
                  "s3:GetBucketAcl",
                  "s3:ListBucket",
                  "s3:PutObject"
                ],
                "condition": [],
                "effect": "Allow",
                "not_actions": [],
                "not_principals": [],
                "not_resources": [],
                "principals": [],
                "resources": [
                  "arn:aws:s3:::wsc2026-event-config-111-412869002243",
                  "arn:aws:s3:::wsc2026-event-config-111-412869002243/*"
                ],
                "sid": ""
              }
            ],
            "version": "2012-10-17"
          },
          "sensitive_attributes": [],
          "identity_schema_version": 0
        }
      ]
    },
    {
      "mode": "data",
      "type": "aws_iam_policy_document",
      "name": "ec2_assume",
      "provider": "provider[\"registry.terraform.io/hashicorp/aws\"]",
      "instances": [
        {
          "schema_version": 0,
          "attributes": {
            "id": "2851119427",
            "json": "{\n  \"Version\": \"2012-10-17\",\n  \"Statement\": [\n    {\n      \"Effect\": \"Allow\",\n      \"Action\": \"sts:AssumeRole\",\n      \"Principal\": {\n        \"Service\": \"ec2.amazonaws.com\"\n      }\n    }\n  ]\n}",
            "minified_json": "{\"Version\":\"2012-10-17\",\"Statement\":[{\"Effect\":\"Allow\",\"Action\":\"sts:AssumeRole\",\"Principal\":{\"Service\":\"ec2.amazonaws.com\"}}]}",
            "override_json": null,
            "override_policy_documents": null,
            "policy_id": null,
            "source_json": null,
            "source_policy_documents": null,
            "statement": [
              {
                "actions": [
                  "sts:AssumeRole"
                ],
                "condition": [],
                "effect": "Allow",
                "not_actions": [],
                "not_principals": [],
                "not_resources": [],
                "principals": [
                  {
                    "identifiers": [
                      "ec2.amazonaws.com"
                    ],
                    "type": "Service"
                  }
                ],
                "resources": [],
                "sid": ""
              }
            ],
            "version": "2012-10-17"
          },
          "sensitive_attributes": [],
          "identity_schema_version": 0
        }
      ]
    },
    {
      "mode": "data",
      "type": "aws_iam_policy_document",
      "name": "lambda_assume",
      "provider": "provider[\"registry.terraform.io/hashicorp/aws\"]",
      "instances": [
        {
          "schema_version": 0,
          "attributes": {
            "id": "2690255455",
            "json": "{\n  \"Version\": \"2012-10-17\",\n  \"Statement\": [\n    {\n      \"Effect\": \"Allow\",\n      \"Action\": \"sts:AssumeRole\",\n      \"Principal\": {\n        \"Service\": \"lambda.amazonaws.com\"\n      }\n    }\n  ]\n}",
            "minified_json": "{\"Version\":\"2012-10-17\",\"Statement\":[{\"Effect\":\"Allow\",\"Action\":\"sts:AssumeRole\",\"Principal\":{\"Service\":\"lambda.amazonaws.com\"}}]}",
            "override_json": null,
            "override_policy_documents": null,
            "policy_id": null,
            "source_json": null,
            "source_policy_documents": null,
            "statement": [
              {
                "actions": [
                  "sts:AssumeRole"
                ],
                "condition": [],
                "effect": "Allow",
                "not_actions": [],
                "not_principals": [],
                "not_resources": [],
                "principals": [
                  {
                    "identifiers": [
                      "lambda.amazonaws.com"
                    ],
                    "type": "Service"
                  }
                ],
                "resources": [],
                "sid": ""
              }
            ],
            "version": "2012-10-17"
          },
          "sensitive_attributes": [],
          "identity_schema_version": 0
        }
      ]
    },
    {
      "mode": "data",
      "type": "aws_iam_policy_document",
      "name": "lambda_policy",
      "provider": "provider[\"registry.terraform.io/hashicorp/aws\"]",
      "instances": [
        {
          "schema_version": 0,
          "attributes": {
            "id": "837700435",
            "json": "{\n  \"Version\": \"2012-10-17\",\n  \"Statement\": [\n    {\n      \"Sid\": \"Logs\",\n      \"Effect\": \"Allow\",\n      \"Action\": [\n        \"logs:PutLogEvents\",\n        \"logs:CreateLogStream\",\n        \"logs:CreateLogGroup\"\n      ],\n      \"Resource\": \"arn:aws:logs:eu-west-1:412869002243:log-group:/aws/lambda/wsc2026-*\"\n    },\n    {\n      \"Sid\": \"PublishAlert\",\n      \"Effect\": \"Allow\",\n      \"Action\": \"sns:Publish\",\n      \"Resource\": \"arn:aws:sns:eu-west-1:412869002243:wsc2026-event-alert\"\n    },\n    {\n      \"Sid\": \"DescribeResources\",\n      \"Effect\": \"Allow\",\n      \"Action\": [\n        \"ec2:DescribeTags\",\n        \"ec2:DescribeSecurityGroups\",\n        \"ec2:DescribeSecurityGroupRules\",\n        \"ec2:DescribeInstances\",\n        \"ec2:DescribeInstanceStatus\",\n        \"ec2:DescribeIamInstanceProfileAssociations\"\n      ],\n      \"Resource\": \"*\"\n    },\n    {\n      \"Sid\": \"RemediateSecurityGroup\",\n      \"Effect\": \"Allow\",\n      \"Action\": \"ec2:RevokeSecurityGroupIngress\",\n      \"Resource\": \"arn:aws:ec2:eu-west-1:412869002243:security-group/sg-0e6ced721ba71f493\"\n    },\n    {\n      \"Sid\": \"RemediateInstance\",\n      \"Effect\": \"Allow\",\n      \"Action\": [\n        \"ec2:StopInstances\",\n        \"ec2:StartInstances\",\n        \"ec2:ModifyInstanceAttribute\",\n        \"ec2:CreateTags\"\n      ],\n      \"Resource\": \"arn:aws:ec2:eu-west-1:412869002243:instance/i-07abb6789705eab83\"\n    },\n    {\n      \"Sid\": \"RemediateInstanceProfile\",\n      \"Effect\": \"Allow\",\n      \"Action\": [\n        \"ec2:ReplaceIamInstanceProfileAssociation\",\n        \"ec2:DisassociateIamInstanceProfile\",\n        \"ec2:AssociateIamInstanceProfile\"\n      ],\n      \"Resource\": \"*\"\n    },\n    {\n      \"Sid\": \"PassEc2Role\",\n      \"Effect\": \"Allow\",\n      \"Action\": \"iam:PassRole\",\n      \"Resource\": \"arn:aws:iam::412869002243:role/wsc2026-event-ec2-role\"\n    }\n  ]\n}",
            "minified_json": "{\"Version\":\"2012-10-17\",\"Statement\":[{\"Sid\":\"Logs\",\"Effect\":\"Allow\",\"Action\":[\"logs:PutLogEvents\",\"logs:CreateLogStream\",\"logs:CreateLogGroup\"],\"Resource\":\"arn:aws:logs:eu-west-1:412869002243:log-group:/aws/lambda/wsc2026-*\"},{\"Sid\":\"PublishAlert\",\"Effect\":\"Allow\",\"Action\":\"sns:Publish\",\"Resource\":\"arn:aws:sns:eu-west-1:412869002243:wsc2026-event-alert\"},{\"Sid\":\"DescribeResources\",\"Effect\":\"Allow\",\"Action\":[\"ec2:DescribeTags\",\"ec2:DescribeSecurityGroups\",\"ec2:DescribeSecurityGroupRules\",\"ec2:DescribeInstances\",\"ec2:DescribeInstanceStatus\",\"ec2:DescribeIamInstanceProfileAssociations\"],\"Resource\":\"*\"},{\"Sid\":\"RemediateSecurityGroup\",\"Effect\":\"Allow\",\"Action\":\"ec2:RevokeSecurityGroupIngress\",\"Resource\":\"arn:aws:ec2:eu-west-1:412869002243:security-group/sg-0e6ced721ba71f493\"},{\"Sid\":\"RemediateInstance\",\"Effect\":\"Allow\",\"Action\":[\"ec2:StopInstances\",\"ec2:StartInstances\",\"ec2:ModifyInstanceAttribute\",\"ec2:CreateTags\"],\"Resource\":\"arn:aws:ec2:eu-west-1:412869002243:instance/i-07abb6789705eab83\"},{\"Sid\":\"RemediateInstanceProfile\",\"Effect\":\"Allow\",\"Action\":[\"ec2:ReplaceIamInstanceProfileAssociation\",\"ec2:DisassociateIamInstanceProfile\",\"ec2:AssociateIamInstanceProfile\"],\"Resource\":\"*\"},{\"Sid\":\"PassEc2Role\",\"Effect\":\"Allow\",\"Action\":\"iam:PassRole\",\"Resource\":\"arn:aws:iam::412869002243:role/wsc2026-event-ec2-role\"}]}",
            "override_json": null,
            "override_policy_documents": null,
            "policy_id": null,
            "source_json": null,
            "source_policy_documents": null,
            "statement": [
              {
                "actions": [
                  "logs:CreateLogGroup",
                  "logs:CreateLogStream",
                  "logs:PutLogEvents"
                ],
                "condition": [],
                "effect": "Allow",
                "not_actions": [],
                "not_principals": [],
                "not_resources": [],
                "principals": [],
                "resources": [
                  "arn:aws:logs:eu-west-1:412869002243:log-group:/aws/lambda/wsc2026-*"
                ],
                "sid": "Logs"
              },
              {
                "actions": [
                  "sns:Publish"
                ],
                "condition": [],
                "effect": "Allow",
                "not_actions": [],
                "not_principals": [],
                "not_resources": [],
                "principals": [],
                "resources": [
                  "arn:aws:sns:eu-west-1:412869002243:wsc2026-event-alert"
                ],
                "sid": "PublishAlert"
              },
              {
                "actions": [
                  "ec2:DescribeIamInstanceProfileAssociations",
                  "ec2:DescribeInstanceStatus",
                  "ec2:DescribeInstances",
                  "ec2:DescribeSecurityGroupRules",
                  "ec2:DescribeSecurityGroups",
                  "ec2:DescribeTags"
                ],
                "condition": [],
                "effect": "Allow",
                "not_actions": [],
                "not_principals": [],
                "not_resources": [],
                "principals": [],
                "resources": [
                  "*"
                ],
                "sid": "DescribeResources"
              },
              {
                "actions": [
                  "ec2:RevokeSecurityGroupIngress"
                ],
                "condition": [],
                "effect": "Allow",
                "not_actions": [],
                "not_principals": [],
                "not_resources": [],
                "principals": [],
                "resources": [
                  "arn:aws:ec2:eu-west-1:412869002243:security-group/sg-0e6ced721ba71f493"
                ],
                "sid": "RemediateSecurityGroup"
              },
              {
                "actions": [
                  "ec2:CreateTags",
                  "ec2:ModifyInstanceAttribute",
                  "ec2:StartInstances",
                  "ec2:StopInstances"
                ],
                "condition": [],
                "effect": "Allow",
                "not_actions": [],
                "not_principals": [],
                "not_resources": [],
                "principals": [],
                "resources": [
                  "arn:aws:ec2:eu-west-1:412869002243:instance/i-07abb6789705eab83"
                ],
                "sid": "RemediateInstance"
              },
              {
                "actions": [
                  "ec2:AssociateIamInstanceProfile",
                  "ec2:DisassociateIamInstanceProfile",
                  "ec2:ReplaceIamInstanceProfileAssociation"
                ],
                "condition": [],
                "effect": "Allow",
                "not_actions": [],
                "not_principals": [],
                "not_resources": [],
                "principals": [],
                "resources": [
                  "*"
                ],
                "sid": "RemediateInstanceProfile"
              },
              {
                "actions": [
                  "iam:PassRole"
                ],
                "condition": [],
                "effect": "Allow",
                "not_actions": [],
                "not_principals": [],
                "not_resources": [],
                "principals": [],
                "resources": [
                  "arn:aws:iam::412869002243:role/wsc2026-event-ec2-role"
                ],
                "sid": "PassEc2Role"
              }
            ],
            "version": "2012-10-17"
          },
          "sensitive_attributes": [],
          "identity_schema_version": 0
        }
      ]
    },
    {
      "mode": "data",
      "type": "aws_iam_policy_document",
      "name": "trail_bucket",
      "provider": "provider[\"registry.terraform.io/hashicorp/aws\"]",
      "instances": [
        {
          "schema_version": 0,
          "attributes": {
            "id": "3653951955",
            "json": "{\n  \"Version\": \"2012-10-17\",\n  \"Statement\": [\n    {\n      \"Sid\": \"AWSCloudTrailAclCheck\",\n      \"Effect\": \"Allow\",\n      \"Action\": \"s3:GetBucketAcl\",\n      \"Resource\": \"arn:aws:s3:::wsc2026-event-trail-111-412869002243\",\n      \"Principal\": {\n        \"Service\": \"cloudtrail.amazonaws.com\"\n      },\n      \"Condition\": {\n        \"StringEquals\": {\n          \"aws:SourceArn\": \"arn:aws:cloudtrail:eu-west-1:412869002243:trail/wsc2026-event-trail\"\n        }\n      }\n    },\n    {\n      \"Sid\": \"AWSCloudTrailWrite\",\n      \"Effect\": \"Allow\",\n      \"Action\": \"s3:PutObject\",\n      \"Resource\": \"arn:aws:s3:::wsc2026-event-trail-111-412869002243/AWSLogs/412869002243/*\",\n      \"Principal\": {\n        \"Service\": \"cloudtrail.amazonaws.com\"\n      },\n      \"Condition\": {\n        \"StringEquals\": {\n          \"aws:SourceArn\": \"arn:aws:cloudtrail:eu-west-1:412869002243:trail/wsc2026-event-trail\",\n          \"s3:x-amz-acl\": \"bucket-owner-full-control\"\n        }\n      }\n    }\n  ]\n}",
            "minified_json": "{\"Version\":\"2012-10-17\",\"Statement\":[{\"Sid\":\"AWSCloudTrailAclCheck\",\"Effect\":\"Allow\",\"Action\":\"s3:GetBucketAcl\",\"Resource\":\"arn:aws:s3:::wsc2026-event-trail-111-412869002243\",\"Principal\":{\"Service\":\"cloudtrail.amazonaws.com\"},\"Condition\":{\"StringEquals\":{\"aws:SourceArn\":\"arn:aws:cloudtrail:eu-west-1:412869002243:trail/wsc2026-event-trail\"}}},{\"Sid\":\"AWSCloudTrailWrite\",\"Effect\":\"Allow\",\"Action\":\"s3:PutObject\",\"Resource\":\"arn:aws:s3:::wsc2026-event-trail-111-412869002243/AWSLogs/412869002243/*\",\"Principal\":{\"Service\":\"cloudtrail.amazonaws.com\"},\"Condition\":{\"StringEquals\":{\"aws:SourceArn\":\"arn:aws:cloudtrail:eu-west-1:412869002243:trail/wsc2026-event-trail\",\"s3:x-amz-acl\":\"bucket-owner-full-control\"}}}]}",
            "override_json": null,
            "override_policy_documents": null,
            "policy_id": null,
            "source_json": null,
            "source_policy_documents": null,
            "statement": [
              {
                "actions": [
                  "s3:GetBucketAcl"
                ],
                "condition": [
                  {
                    "test": "StringEquals",
                    "values": [
                      "arn:aws:cloudtrail:eu-west-1:412869002243:trail/wsc2026-event-trail"
                    ],
                    "variable": "aws:SourceArn"
                  }
                ],
                "effect": "Allow",
                "not_actions": [],
                "not_principals": [],
                "not_resources": [],
                "principals": [
                  {
                    "identifiers": [
                      "cloudtrail.amazonaws.com"
                    ],
                    "type": "Service"
                  }
                ],
                "resources": [
                  "arn:aws:s3:::wsc2026-event-trail-111-412869002243"
                ],
                "sid": "AWSCloudTrailAclCheck"
              },
              {
                "actions": [
                  "s3:PutObject"
                ],
                "condition": [
                  {
                    "test": "StringEquals",
                    "values": [
                      "arn:aws:cloudtrail:eu-west-1:412869002243:trail/wsc2026-event-trail"
                    ],
                    "variable": "aws:SourceArn"
                  },
                  {
                    "test": "StringEquals",
                    "values": [
                      "bucket-owner-full-control"
                    ],
                    "variable": "s3:x-amz-acl"
                  }
                ],
                "effect": "Allow",
                "not_actions": [],
                "not_principals": [],
                "not_resources": [],
                "principals": [
                  {
                    "identifiers": [
                      "cloudtrail.amazonaws.com"
                    ],
                    "type": "Service"
                  }
                ],
                "resources": [
                  "arn:aws:s3:::wsc2026-event-trail-111-412869002243/AWSLogs/412869002243/*"
                ],
                "sid": "AWSCloudTrailWrite"
              }
            ],
            "version": "2012-10-17"
          },
          "sensitive_attributes": [],
          "identity_schema_version": 0
        }
      ]
    },
    {
      "mode": "data",
      "type": "aws_partition",
      "name": "current",
      "provider": "provider[\"registry.terraform.io/hashicorp/aws\"]",
      "instances": [
        {
          "schema_version": 0,
          "attributes": {
            "dns_suffix": "amazonaws.com",
            "id": "aws",
            "partition": "aws",
            "reverse_dns_prefix": "com.amazonaws"
          },
          "sensitive_attributes": [],
          "identity_schema_version": 0
        }
      ]
    },
    {
      "mode": "data",
      "type": "aws_ssm_parameter",
      "name": "al2023",
      "provider": "provider[\"registry.terraform.io/hashicorp/aws\"]",
      "instances": [
        {
          "schema_version": 0,
          "attributes": {
            "arn": "arn:aws:ssm:eu-west-1::parameter/aws/service/ami-amazon-linux-latest/al2023-ami-kernel-6.1-x86_64",
            "id": "/aws/service/ami-amazon-linux-latest/al2023-ami-kernel-6.1-x86_64",
            "insecure_value": "ami-02c25106ee38f6087",
            "name": "/aws/service/ami-amazon-linux-latest/al2023-ami-kernel-6.1-x86_64",
            "type": "String",
            "value": "ami-02c25106ee38f6087",
            "version": 182,
            "with_decryption": true
          },
          "sensitive_attributes": [
            [
              {
                "type": "get_attr",
                "value": "value"
              }
            ]
          ],
          "identity_schema_version": 0
        }
      ]
    },
    {
      "mode": "managed",
      "type": "aws_cloudtrail",
      "name": "main",
      "provider": "provider[\"registry.terraform.io/hashicorp/aws\"]",
      "instances": [
        {
          "schema_version": 1,
          "attributes": {
            "advanced_event_selector": [],
            "arn": "arn:aws:cloudtrail:eu-west-1:412869002243:trail/wsc2026-event-trail",
            "cloud_watch_logs_group_arn": "",
            "cloud_watch_logs_role_arn": "",
            "enable_log_file_validation": true,
            "enable_logging": true,
            "event_selector": [
              {
                "data_resource": [],
                "exclude_management_event_sources": null,
                "include_management_events": true,
                "read_write_type": "All"
              }
            ],
            "home_region": "eu-west-1",
            "id": "arn:aws:cloudtrail:eu-west-1:412869002243:trail/wsc2026-event-trail",
            "include_global_service_events": true,
            "insight_selector": [],
            "is_multi_region_trail": false,
            "is_organization_trail": false,
            "kms_key_id": "",
            "name": "wsc2026-event-trail",
            "s3_bucket_name": "wsc2026-event-trail-111-412869002243",
            "s3_key_prefix": "",
            "sns_topic_arn": "",
            "sns_topic_name": "",
            "tags": null,
            "tags_all": {
              "Project": "wsc2026-event"
            }
          },
          "sensitive_attributes": [],
          "identity_schema_version": 0,
          "private": "eyJzY2hlbWFfdmVyc2lvbiI6IjEifQ==",
          "dependencies": [
            "aws_s3_bucket.trail",
            "aws_s3_bucket_policy.trail",
            "data.aws_caller_identity.current",
            "data.aws_iam_policy_document.trail_bucket",
            "data.aws_partition.current"
          ]
        }
      ]
    },
    {
      "mode": "managed",
      "type": "aws_cloudwatch_event_rule",
      "name": "this",
      "provider": "provider[\"registry.terraform.io/hashicorp/aws\"]",
      "instances": [
        {
          "index_key": "wsc2026-ec2-stop-rule",
          "schema_version": 1,
          "attributes": {
            "arn": "arn:aws:events:eu-west-1:412869002243:rule/wsc2026-ec2-stop-rule",
            "description": "EC2 인스턴스 중지 감지 -\u003e 자동 재시작",
            "event_bus_name": "default",
            "event_pattern": "{\"detail\":{\"state\":[\"stopping\",\"stopped\"]},\"detail-type\":[\"EC2 Instance State-change Notification\"],\"source\":[\"aws.ec2\"]}",
            "force_destroy": false,
            "id": "wsc2026-ec2-stop-rule",
            "is_enabled": true,
            "name": "wsc2026-ec2-stop-rule",
            "name_prefix": "",
            "role_arn": "",
            "schedule_expression": "",
            "state": "ENABLED",
            "tags": null,
            "tags_all": {
              "Project": "wsc2026-event"
            }
          },
          "sensitive_attributes": [],
          "identity_schema_version": 0,
          "private": "eyJzY2hlbWFfdmVyc2lvbiI6IjEifQ=="
        },
        {
          "index_key": "wsc2026-ec2-terminate-rule",
          "schema_version": 1,
          "attributes": {
            "arn": "arn:aws:events:eu-west-1:412869002243:rule/wsc2026-ec2-terminate-rule",
            "description": "EC2 인스턴스 종료 감지",
            "event_bus_name": "default",
            "event_pattern": "{\"detail\":{\"state\":[\"terminated\",\"shutting-down\"]},\"detail-type\":[\"EC2 Instance State-change Notification\"],\"source\":[\"aws.ec2\"]}",
            "force_destroy": false,
            "id": "wsc2026-ec2-terminate-rule",
            "is_enabled": true,
            "name": "wsc2026-ec2-terminate-rule",
            "name_prefix": "",
            "role_arn": "",
            "schedule_expression": "",
            "state": "ENABLED",
            "tags": null,
            "tags_all": {
              "Project": "wsc2026-event"
            }
          },
          "sensitive_attributes": [],
          "identity_schema_version": 0,
          "private": "eyJzY2hlbWFfdmVyc2lvbiI6IjEifQ=="
        },
        {
          "index_key": "wsc2026-ec2-type-change-rule",
          "schema_version": 1,
          "attributes": {
            "arn": "arn:aws:events:eu-west-1:412869002243:rule/wsc2026-ec2-type-change-rule",
            "description": "EC2 인스턴스 타입 변경 감지",
            "event_bus_name": "default",
            "event_pattern": "{\"detail\":{\"eventName\":[\"ModifyInstanceAttribute\"],\"eventSource\":[\"ec2.amazonaws.com\"]},\"detail-type\":[\"AWS API Call via CloudTrail\"],\"source\":[\"aws.ec2\"]}",
            "force_destroy": false,
            "id": "wsc2026-ec2-type-change-rule",
            "is_enabled": true,
            "name": "wsc2026-ec2-type-change-rule",
            "name_prefix": "",
            "role_arn": "",
            "schedule_expression": "",
            "state": "ENABLED",
            "tags": null,
            "tags_all": {
              "Project": "wsc2026-event"
            }
          },
          "sensitive_attributes": [],
          "identity_schema_version": 0,
          "private": "eyJzY2hlbWFfdmVyc2lvbiI6IjEifQ=="
        },
        {
          "index_key": "wsc2026-role-change-rule",
          "schema_version": 1,
          "attributes": {
            "arn": "arn:aws:events:eu-west-1:412869002243:rule/wsc2026-role-change-rule",
            "description": "EC2 IAM Role(Instance Profile) 변경 감지",
            "event_bus_name": "default",
            "event_pattern": "{\"detail\":{\"eventName\":[\"AssociateIamInstanceProfile\",\"ReplaceIamInstanceProfileAssociation\"],\"eventSource\":[\"ec2.amazonaws.com\"]},\"detail-type\":[\"AWS API Call via CloudTrail\"],\"source\":[\"aws.ec2\"]}",
            "force_destroy": false,
            "id": "wsc2026-role-change-rule",
            "is_enabled": true,
            "name": "wsc2026-role-change-rule",
            "name_prefix": "",
            "role_arn": "",
            "schedule_expression": "",
            "state": "ENABLED",
            "tags": null,
            "tags_all": {
              "Project": "wsc2026-event"
            }
          },
          "sensitive_attributes": [],
          "identity_schema_version": 0,
          "private": "eyJzY2hlbWFfdmVyc2lvbiI6IjEifQ=="
        },
        {
          "index_key": "wsc2026-sg-change-rule",
          "schema_version": 1,
          "attributes": {
            "arn": "arn:aws:events:eu-west-1:412869002243:rule/wsc2026-sg-change-rule",
            "description": "EC2 Security Group 인바운드 규칙 추가 감지",
            "event_bus_name": "default",
            "event_pattern": "{\"detail\":{\"eventName\":[\"AuthorizeSecurityGroupIngress\"],\"eventSource\":[\"ec2.amazonaws.com\"]},\"detail-type\":[\"AWS API Call via CloudTrail\"],\"source\":[\"aws.ec2\"]}",
            "force_destroy": false,
            "id": "wsc2026-sg-change-rule",
            "is_enabled": true,
            "name": "wsc2026-sg-change-rule",
            "name_prefix": "",
            "role_arn": "",
            "schedule_expression": "",
            "state": "ENABLED",
            "tags": null,
            "tags_all": {
              "Project": "wsc2026-event"
            }
          },
          "sensitive_attributes": [],
          "identity_schema_version": 0,
          "private": "eyJzY2hlbWFfdmVyc2lvbiI6IjEifQ=="
        },
        {
          "index_key": "wsc2026-tag-change-rule",
          "schema_version": 1,
          "attributes": {
            "arn": "arn:aws:events:eu-west-1:412869002243:rule/wsc2026-tag-change-rule",
            "description": "EC2 인스턴스 태그 변경 감지",
            "event_bus_name": "default",
            "event_pattern": "{\"detail\":{\"resource-type\":[\"instance\"],\"service\":[\"ec2\"]},\"detail-type\":[\"Tag Change on Resource\"],\"source\":[\"aws.tag\"]}",
            "force_destroy": false,
            "id": "wsc2026-tag-change-rule",
            "is_enabled": true,
            "name": "wsc2026-tag-change-rule",
            "name_prefix": "",
            "role_arn": "",
            "schedule_expression": "",
            "state": "ENABLED",
            "tags": null,
            "tags_all": {
              "Project": "wsc2026-event"
            }
          },
          "sensitive_attributes": [],
          "identity_schema_version": 0,
          "private": "eyJzY2hlbWFfdmVyc2lvbiI6IjEifQ=="
        }
      ]
    },
    {
      "mode": "managed",
      "type": "aws_cloudwatch_event_target",
      "name": "this",
      "provider": "provider[\"registry.terraform.io/hashicorp/aws\"]",
      "instances": [
        {
          "index_key": "wsc2026-ec2-stop-rule",
          "schema_version": 1,
          "attributes": {
            "appsync_target": [],
            "arn": "arn:aws:lambda:eu-west-1:412869002243:function:wsc2026-ec2-stop-remediation",
            "batch_target": [],
            "dead_letter_config": [],
            "ecs_target": [],
            "event_bus_name": "default",
            "force_destroy": false,
            "http_target": [],
            "id": "wsc2026-ec2-stop-rule-wsc2026-ec2-stop-remediation",
            "input": "",
            "input_path": "",
            "input_transformer": [],
            "kinesis_target": [],
            "redshift_target": [],
            "retry_policy": [],
            "role_arn": "",
            "rule": "wsc2026-ec2-stop-rule",
            "run_command_targets": [],
            "sagemaker_pipeline_target": [],
            "sqs_target": [],
            "target_id": "wsc2026-ec2-stop-remediation"
          },
          "sensitive_attributes": [],
          "identity_schema_version": 0,
          "private": "eyJzY2hlbWFfdmVyc2lvbiI6IjEifQ==",
          "dependencies": [
            "aws_cloudwatch_event_rule.this",
            "aws_cloudwatch_log_group.lambda",
            "aws_iam_instance_profile.ec2",
            "aws_iam_role.ec2",
            "aws_iam_role.lambda",
            "aws_iam_role_policy.lambda",
            "aws_instance.monitored",
            "aws_lambda_function.fn",
            "aws_security_group.ec2",
            "aws_sns_topic.alert",
            "aws_subnet.this",
            "aws_vpc.main",
            "data.archive_file.lambda",
            "data.aws_caller_identity.current",
            "data.aws_iam_policy_document.ec2_assume",
            "data.aws_iam_policy_document.lambda_assume",
            "data.aws_iam_policy_document.lambda_policy",
            "data.aws_partition.current",
            "data.aws_ssm_parameter.al2023"
          ]
        },
        {
          "index_key": "wsc2026-ec2-terminate-rule",
          "schema_version": 1,
          "attributes": {
            "appsync_target": [],
            "arn": "arn:aws:lambda:eu-west-1:412869002243:function:wsc2026-ec2-terminate-alert",
            "batch_target": [],
            "dead_letter_config": [],
            "ecs_target": [],
            "event_bus_name": "default",
            "force_destroy": false,
            "http_target": [],
            "id": "wsc2026-ec2-terminate-rule-wsc2026-ec2-terminate-alert",
            "input": "",
            "input_path": "",
            "input_transformer": [],
            "kinesis_target": [],
            "redshift_target": [],
            "retry_policy": [],
            "role_arn": "",
            "rule": "wsc2026-ec2-terminate-rule",
            "run_command_targets": [],
            "sagemaker_pipeline_target": [],
            "sqs_target": [],
            "target_id": "wsc2026-ec2-terminate-alert"
          },
          "sensitive_attributes": [],
          "identity_schema_version": 0,
          "private": "eyJzY2hlbWFfdmVyc2lvbiI6IjEifQ==",
          "dependencies": [
            "aws_cloudwatch_event_rule.this",
            "aws_cloudwatch_log_group.lambda",
            "aws_iam_instance_profile.ec2",
            "aws_iam_role.ec2",
            "aws_iam_role.lambda",
            "aws_iam_role_policy.lambda",
            "aws_instance.monitored",
            "aws_lambda_function.fn",
            "aws_security_group.ec2",
            "aws_sns_topic.alert",
            "aws_subnet.this",
            "aws_vpc.main",
            "data.archive_file.lambda",
            "data.aws_caller_identity.current",
            "data.aws_iam_policy_document.ec2_assume",
            "data.aws_iam_policy_document.lambda_assume",
            "data.aws_iam_policy_document.lambda_policy",
            "data.aws_partition.current",
            "data.aws_ssm_parameter.al2023"
          ]
        },
        {
          "index_key": "wsc2026-ec2-type-change-rule",
          "schema_version": 1,
          "attributes": {
            "appsync_target": [],
            "arn": "arn:aws:lambda:eu-west-1:412869002243:function:wsc2026-ec2-type-remediation",
            "batch_target": [],
            "dead_letter_config": [],
            "ecs_target": [],
            "event_bus_name": "default",
            "force_destroy": false,
            "http_target": [],
            "id": "wsc2026-ec2-type-change-rule-wsc2026-ec2-type-remediation",
            "input": "",
            "input_path": "",
            "input_transformer": [],
            "kinesis_target": [],
            "redshift_target": [],
            "retry_policy": [],
            "role_arn": "",
            "rule": "wsc2026-ec2-type-change-rule",
            "run_command_targets": [],
            "sagemaker_pipeline_target": [],
            "sqs_target": [],
            "target_id": "wsc2026-ec2-type-remediation"
          },
          "sensitive_attributes": [],
          "identity_schema_version": 0,
          "private": "eyJzY2hlbWFfdmVyc2lvbiI6IjEifQ==",
          "dependencies": [
            "aws_cloudwatch_event_rule.this",
            "aws_cloudwatch_log_group.lambda",
            "aws_iam_instance_profile.ec2",
            "aws_iam_role.ec2",
            "aws_iam_role.lambda",
            "aws_iam_role_policy.lambda",
            "aws_instance.monitored",
            "aws_lambda_function.fn",
            "aws_security_group.ec2",
            "aws_sns_topic.alert",
            "aws_subnet.this",
            "aws_vpc.main",
            "data.archive_file.lambda",
            "data.aws_caller_identity.current",
            "data.aws_iam_policy_document.ec2_assume",
            "data.aws_iam_policy_document.lambda_assume",
            "data.aws_iam_policy_document.lambda_policy",
            "data.aws_partition.current",
            "data.aws_ssm_parameter.al2023"
          ]
        },
        {
          "index_key": "wsc2026-role-change-rule",
          "schema_version": 1,
          "attributes": {
            "appsync_target": [],
            "arn": "arn:aws:lambda:eu-west-1:412869002243:function:wsc2026-role-remediation",
            "batch_target": [],
            "dead_letter_config": [],
            "ecs_target": [],
            "event_bus_name": "default",
            "force_destroy": false,
            "http_target": [],
            "id": "wsc2026-role-change-rule-wsc2026-role-remediation",
            "input": "",
            "input_path": "",
            "input_transformer": [],
            "kinesis_target": [],
            "redshift_target": [],
            "retry_policy": [],
            "role_arn": "",
            "rule": "wsc2026-role-change-rule",
            "run_command_targets": [],
            "sagemaker_pipeline_target": [],
            "sqs_target": [],
            "target_id": "wsc2026-role-remediation"
          },
          "sensitive_attributes": [],
          "identity_schema_version": 0,
          "private": "eyJzY2hlbWFfdmVyc2lvbiI6IjEifQ==",
          "dependencies": [
            "aws_cloudwatch_event_rule.this",
            "aws_cloudwatch_log_group.lambda",
            "aws_iam_instance_profile.ec2",
            "aws_iam_role.ec2",
            "aws_iam_role.lambda",
            "aws_iam_role_policy.lambda",
            "aws_instance.monitored",
            "aws_lambda_function.fn",
            "aws_security_group.ec2",
            "aws_sns_topic.alert",
            "aws_subnet.this",
            "aws_vpc.main",
            "data.archive_file.lambda",
            "data.aws_caller_identity.current",
            "data.aws_iam_policy_document.ec2_assume",
            "data.aws_iam_policy_document.lambda_assume",
            "data.aws_iam_policy_document.lambda_policy",
            "data.aws_partition.current",
            "data.aws_ssm_parameter.al2023"
          ]
        },
        {
          "index_key": "wsc2026-sg-change-rule",
          "schema_version": 1,
          "attributes": {
            "appsync_target": [],
            "arn": "arn:aws:lambda:eu-west-1:412869002243:function:wsc2026-sg-remediation",
            "batch_target": [],
            "dead_letter_config": [],
            "ecs_target": [],
            "event_bus_name": "default",
            "force_destroy": false,
            "http_target": [],
            "id": "wsc2026-sg-change-rule-wsc2026-sg-remediation",
            "input": "",
            "input_path": "",
            "input_transformer": [],
            "kinesis_target": [],
            "redshift_target": [],
            "retry_policy": [],
            "role_arn": "",
            "rule": "wsc2026-sg-change-rule",
            "run_command_targets": [],
            "sagemaker_pipeline_target": [],
            "sqs_target": [],
            "target_id": "wsc2026-sg-remediation"
          },
          "sensitive_attributes": [],
          "identity_schema_version": 0,
          "private": "eyJzY2hlbWFfdmVyc2lvbiI6IjEifQ==",
          "dependencies": [
            "aws_cloudwatch_event_rule.this",
            "aws_cloudwatch_log_group.lambda",
            "aws_iam_instance_profile.ec2",
            "aws_iam_role.ec2",
            "aws_iam_role.lambda",
            "aws_iam_role_policy.lambda",
            "aws_instance.monitored",
            "aws_lambda_function.fn",
            "aws_security_group.ec2",
            "aws_sns_topic.alert",
            "aws_subnet.this",
            "aws_vpc.main",
            "data.archive_file.lambda",
            "data.aws_caller_identity.current",
            "data.aws_iam_policy_document.ec2_assume",
            "data.aws_iam_policy_document.lambda_assume",
            "data.aws_iam_policy_document.lambda_policy",
            "data.aws_partition.current",
            "data.aws_ssm_parameter.al2023"
          ]
        },
        {
          "index_key": "wsc2026-tag-change-rule",
          "schema_version": 1,
          "attributes": {
            "appsync_target": [],
            "arn": "arn:aws:lambda:eu-west-1:412869002243:function:wsc2026-tag-alert",
            "batch_target": [],
            "dead_letter_config": [],
            "ecs_target": [],
            "event_bus_name": "default",
            "force_destroy": false,
            "http_target": [],
            "id": "wsc2026-tag-change-rule-wsc2026-tag-alert",
            "input": "",
            "input_path": "",
            "input_transformer": [],
            "kinesis_target": [],
            "redshift_target": [],
            "retry_policy": [],
            "role_arn": "",
            "rule": "wsc2026-tag-change-rule",
            "run_command_targets": [],
            "sagemaker_pipeline_target": [],
            "sqs_target": [],
            "target_id": "wsc2026-tag-alert"
          },
          "sensitive_attributes": [],
          "identity_schema_version": 0,
          "private": "eyJzY2hlbWFfdmVyc2lvbiI6IjEifQ==",
          "dependencies": [
            "aws_cloudwatch_event_rule.this",
            "aws_cloudwatch_log_group.lambda",
            "aws_iam_instance_profile.ec2",
            "aws_iam_role.ec2",
            "aws_iam_role.lambda",
            "aws_iam_role_policy.lambda",
            "aws_instance.monitored",
            "aws_lambda_function.fn",
            "aws_security_group.ec2",
            "aws_sns_topic.alert",
            "aws_subnet.this",
            "aws_vpc.main",
            "data.archive_file.lambda",
            "data.aws_caller_identity.current",
            "data.aws_iam_policy_document.ec2_assume",
            "data.aws_iam_policy_document.lambda_assume",
            "data.aws_iam_policy_document.lambda_policy",
            "data.aws_partition.current",
            "data.aws_ssm_parameter.al2023"
          ]
        }
      ]
    },
    {
      "mode": "managed",
      "type": "aws_cloudwatch_log_group",
      "name": "lambda",
      "provider": "provider[\"registry.terraform.io/hashicorp/aws\"]",
      "instances": [
        {
          "index_key": "wsc2026-ec2-stop-remediation",
          "schema_version": 0,
          "attributes": {
            "arn": "arn:aws:logs:eu-west-1:412869002243:log-group:/aws/lambda/wsc2026-ec2-stop-remediation",
            "id": "/aws/lambda/wsc2026-ec2-stop-remediation",
            "kms_key_id": "",
            "log_group_class": "STANDARD",
            "name": "/aws/lambda/wsc2026-ec2-stop-remediation",
            "name_prefix": "",
            "retention_in_days": 7,
            "skip_destroy": false,
            "tags": null,
            "tags_all": {
              "Project": "wsc2026-event"
            }
          },
          "sensitive_attributes": [],
          "identity_schema_version": 0,
          "private": "bnVsbA=="
        },
        {
          "index_key": "wsc2026-ec2-terminate-alert",
          "schema_version": 0,
          "attributes": {
            "arn": "arn:aws:logs:eu-west-1:412869002243:log-group:/aws/lambda/wsc2026-ec2-terminate-alert",
            "id": "/aws/lambda/wsc2026-ec2-terminate-alert",
            "kms_key_id": "",
            "log_group_class": "STANDARD",
            "name": "/aws/lambda/wsc2026-ec2-terminate-alert",
            "name_prefix": "",
            "retention_in_days": 7,
            "skip_destroy": false,
            "tags": null,
            "tags_all": {
              "Project": "wsc2026-event"
            }
          },
          "sensitive_attributes": [],
          "identity_schema_version": 0,
          "private": "bnVsbA=="
        },
        {
          "index_key": "wsc2026-ec2-type-remediation",
          "schema_version": 0,
          "attributes": {
            "arn": "arn:aws:logs:eu-west-1:412869002243:log-group:/aws/lambda/wsc2026-ec2-type-remediation",
            "id": "/aws/lambda/wsc2026-ec2-type-remediation",
            "kms_key_id": "",
            "log_group_class": "STANDARD",
            "name": "/aws/lambda/wsc2026-ec2-type-remediation",
            "name_prefix": "",
            "retention_in_days": 7,
            "skip_destroy": false,
            "tags": null,
            "tags_all": {
              "Project": "wsc2026-event"
            }
          },
          "sensitive_attributes": [],
          "identity_schema_version": 0,
          "private": "bnVsbA=="
        },
        {
          "index_key": "wsc2026-role-remediation",
          "schema_version": 0,
          "attributes": {
            "arn": "arn:aws:logs:eu-west-1:412869002243:log-group:/aws/lambda/wsc2026-role-remediation",
            "id": "/aws/lambda/wsc2026-role-remediation",
            "kms_key_id": "",
            "log_group_class": "STANDARD",
            "name": "/aws/lambda/wsc2026-role-remediation",
            "name_prefix": "",
            "retention_in_days": 7,
            "skip_destroy": false,
            "tags": null,
            "tags_all": {
              "Project": "wsc2026-event"
            }
          },
          "sensitive_attributes": [],
          "identity_schema_version": 0,
          "private": "bnVsbA=="
        },
        {
          "index_key": "wsc2026-sg-remediation",
          "schema_version": 0,
          "attributes": {
            "arn": "arn:aws:logs:eu-west-1:412869002243:log-group:/aws/lambda/wsc2026-sg-remediation",
            "id": "/aws/lambda/wsc2026-sg-remediation",
            "kms_key_id": "",
            "log_group_class": "STANDARD",
            "name": "/aws/lambda/wsc2026-sg-remediation",
            "name_prefix": "",
            "retention_in_days": 7,
            "skip_destroy": false,
            "tags": null,
            "tags_all": {
              "Project": "wsc2026-event"
            }
          },
          "sensitive_attributes": [],
          "identity_schema_version": 0,
          "private": "bnVsbA=="
        },
        {
          "index_key": "wsc2026-tag-alert",
          "schema_version": 0,
          "attributes": {
            "arn": "arn:aws:logs:eu-west-1:412869002243:log-group:/aws/lambda/wsc2026-tag-alert",
            "id": "/aws/lambda/wsc2026-tag-alert",
            "kms_key_id": "",
            "log_group_class": "STANDARD",
            "name": "/aws/lambda/wsc2026-tag-alert",
            "name_prefix": "",
            "retention_in_days": 7,
            "skip_destroy": false,
            "tags": null,
            "tags_all": {
              "Project": "wsc2026-event"
            }
          },
          "sensitive_attributes": [],
          "identity_schema_version": 0,
          "private": "bnVsbA=="
        }
      ]
    },
    {
      "mode": "managed",
      "type": "aws_config_config_rule",
      "name": "required_tags",
      "provider": "provider[\"registry.terraform.io/hashicorp/aws\"]",
      "instances": [
        {
          "schema_version": 0,
          "attributes": {
            "arn": "arn:aws:config:eu-west-1:412869002243:config-rule/config-rule-kjg5ng",
            "description": "EC2 인스턴스에 필수 태그(Name)가 있어야 함",
            "evaluation_mode": [
              {
                "mode": "DETECTIVE"
              }
            ],
            "id": "wsc2026-required-tags-rule",
            "input_parameters": "{\"tag1Key\":\"Name\"}",
            "maximum_execution_frequency": "",
            "name": "wsc2026-required-tags-rule",
            "rule_id": "config-rule-kjg5ng",
            "scope": [
              {
                "compliance_resource_id": "",
                "compliance_resource_types": [
                  "AWS::EC2::Instance"
                ],
                "tag_key": "",
                "tag_value": ""
              }
            ],
            "source": [
              {
                "custom_policy_details": [],
                "owner": "AWS",
                "source_detail": [],
                "source_identifier": "REQUIRED_TAGS"
              }
            ],
            "tags": null,
            "tags_all": {
              "Project": "wsc2026-event"
            }
          },
          "sensitive_attributes": [],
          "identity_schema_version": 0,
          "private": "bnVsbA==",
          "dependencies": [
            "aws_config_configuration_recorder.main",
            "aws_config_configuration_recorder_status.main",
            "aws_config_delivery_channel.main",
            "aws_iam_role.config",
            "aws_s3_bucket.config",
            "aws_s3_bucket_policy.config",
            "data.aws_caller_identity.current",
            "data.aws_iam_policy_document.config_assume",
            "data.aws_iam_policy_document.config_bucket"
          ]
        }
      ]
    },
    {
      "mode": "managed",
      "type": "aws_config_config_rule",
      "name": "sg_ssh",
      "provider": "provider[\"registry.terraform.io/hashicorp/aws\"]",
      "instances": [
        {
          "schema_version": 0,
          "attributes": {
            "arn": "arn:aws:config:eu-west-1:412869002243:config-rule/config-rule-x3nrmw",
            "description": "Security Group 에 0.0.0.0/0 SSH 인바운드가 없어야 함",
            "evaluation_mode": [
              {
                "mode": "DETECTIVE"
              }
            ],
            "id": "wsc2026-sg-ssh-rule",
            "input_parameters": "",
            "maximum_execution_frequency": "",
            "name": "wsc2026-sg-ssh-rule",
            "rule_id": "config-rule-x3nrmw",
            "scope": [
              {
                "compliance_resource_id": "",
                "compliance_resource_types": [
                  "AWS::EC2::SecurityGroup"
                ],
                "tag_key": "",
                "tag_value": ""
              }
            ],
            "source": [
              {
                "custom_policy_details": [],
                "owner": "AWS",
                "source_detail": [],
                "source_identifier": "INCOMING_SSH_DISABLED"
              }
            ],
            "tags": null,
            "tags_all": {
              "Project": "wsc2026-event"
            }
          },
          "sensitive_attributes": [],
          "identity_schema_version": 0,
          "private": "bnVsbA==",
          "dependencies": [
            "aws_config_configuration_recorder.main",
            "aws_config_configuration_recorder_status.main",
            "aws_config_delivery_channel.main",
            "aws_iam_role.config",
            "aws_s3_bucket.config",
            "aws_s3_bucket_policy.config",
            "data.aws_caller_identity.current",
            "data.aws_iam_policy_document.config_assume",
            "data.aws_iam_policy_document.config_bucket"
          ]
        }
      ]
    },
    {
      "mode": "managed",
      "type": "aws_config_configuration_recorder",
      "name": "main",
      "provider": "provider[\"registry.terraform.io/hashicorp/aws\"]",
      "instances": [
        {
          "schema_version": 0,
          "attributes": {
            "id": "wsc2026-event-recorder",
            "name": "wsc2026-event-recorder",
            "recording_group": [
              {
                "all_supported": false,
                "exclusion_by_resource_types": [
                  {
                    "resource_types": []
                  }
                ],
                "include_global_resource_types": false,
                "recording_strategy": [
                  {
                    "use_only": "INCLUSION_BY_RESOURCE_TYPES"
                  }
                ],
                "resource_types": [
                  "AWS::EC2::Instance",
                  "AWS::EC2::SecurityGroup"
                ]
              }
            ],
            "recording_mode": [
              {
                "recording_frequency": "CONTINUOUS",
                "recording_mode_override": []
              }
            ],
            "role_arn": "arn:aws:iam::412869002243:role/wsc2026-event-config-role"
          },
          "sensitive_attributes": [],
          "identity_schema_version": 0,
          "private": "bnVsbA==",
          "dependencies": [
            "aws_iam_role.config",
            "data.aws_iam_policy_document.config_assume"
          ]
        }
      ]
    },
    {
      "mode": "managed",
      "type": "aws_config_configuration_recorder_status",
      "name": "main",
      "provider": "provider[\"registry.terraform.io/hashicorp/aws\"]",
      "instances": [
        {
          "schema_version": 0,
          "attributes": {
            "id": "wsc2026-event-recorder",
            "is_enabled": true,
            "name": "wsc2026-event-recorder"
          },
          "sensitive_attributes": [],
          "identity_schema_version": 0,
          "private": "bnVsbA==",
          "dependencies": [
            "aws_config_configuration_recorder.main",
            "aws_config_delivery_channel.main",
            "aws_iam_role.config",
            "aws_s3_bucket.config",
            "aws_s3_bucket_policy.config",
            "data.aws_caller_identity.current",
            "data.aws_iam_policy_document.config_assume",
            "data.aws_iam_policy_document.config_bucket"
          ]
        }
      ]
    },
    {
      "mode": "managed",
      "type": "aws_config_delivery_channel",
      "name": "main",
      "provider": "provider[\"registry.terraform.io/hashicorp/aws\"]",
      "instances": [
        {
          "schema_version": 0,
          "attributes": {
            "id": "wsc2026-event-delivery",
            "name": "wsc2026-event-delivery",
            "s3_bucket_name": "wsc2026-event-config-111-412869002243",
            "s3_key_prefix": "",
            "s3_kms_key_arn": "",
            "snapshot_delivery_properties": [],
            "sns_topic_arn": ""
          },
          "sensitive_attributes": [],
          "identity_schema_version": 0,
          "private": "bnVsbA==",
          "dependencies": [
            "aws_config_configuration_recorder.main",
            "aws_iam_role.config",
            "aws_s3_bucket.config",
            "aws_s3_bucket_policy.config",
            "data.aws_caller_identity.current",
            "data.aws_iam_policy_document.config_assume",
            "data.aws_iam_policy_document.config_bucket"
          ]
        }
      ]
    },
    {
      "mode": "managed",
      "type": "aws_iam_instance_profile",
      "name": "ec2",
      "provider": "provider[\"registry.terraform.io/hashicorp/aws\"]",
      "instances": [
        {
          "schema_version": 0,
          "attributes": {
            "arn": "arn:aws:iam::412869002243:instance-profile/wsc2026-event-ec2-role",
            "create_date": "2026-07-31T01:24:08Z",
            "id": "wsc2026-event-ec2-role",
            "name": "wsc2026-event-ec2-role",
            "name_prefix": "",
            "path": "/",
            "role": "wsc2026-event-ec2-role",
            "tags": null,
            "tags_all": {
              "Project": "wsc2026-event"
            },
            "unique_id": "AIPAWAIHJAQBUTD5YMYUG"
          },
          "sensitive_attributes": [],
          "identity_schema_version": 0,
          "private": "bnVsbA==",
          "dependencies": [
            "aws_iam_role.ec2",
            "data.aws_iam_policy_document.ec2_assume"
          ]
        }
      ]
    },
    {
      "mode": "managed",
      "type": "aws_iam_role",
      "name": "config",
      "provider": "provider[\"registry.terraform.io/hashicorp/aws\"]",
      "instances": [
        {
          "schema_version": 0,
          "attributes": {
            "arn": "arn:aws:iam::412869002243:role/wsc2026-event-config-role",
            "assume_role_policy": "{\"Statement\":[{\"Action\":\"sts:AssumeRole\",\"Effect\":\"Allow\",\"Principal\":{\"Service\":\"config.amazonaws.com\"}}],\"Version\":\"2012-10-17\"}",
            "create_date": "2026-07-31T01:24:06Z",
            "description": "",
            "force_detach_policies": false,
            "id": "wsc2026-event-config-role",
            "inline_policy": [],
            "managed_policy_arns": [],
            "max_session_duration": 3600,
            "name": "wsc2026-event-config-role",
            "name_prefix": "",
            "path": "/",
            "permissions_boundary": "",
            "tags": null,
            "tags_all": {
              "Project": "wsc2026-event"
            },
            "unique_id": "AROAWAIHJAQBVJ2VYVOXY"
          },
          "sensitive_attributes": [],
          "identity_schema_version": 0,
          "private": "bnVsbA==",
          "dependencies": [
            "data.aws_iam_policy_document.config_assume"
          ]
        }
      ]
    },
    {
      "mode": "managed",
      "type": "aws_iam_role",
      "name": "ec2",
      "provider": "provider[\"registry.terraform.io/hashicorp/aws\"]",
      "instances": [
        {
          "schema_version": 0,
          "attributes": {
            "arn": "arn:aws:iam::412869002243:role/wsc2026-event-ec2-role",
            "assume_role_policy": "{\"Statement\":[{\"Action\":\"sts:AssumeRole\",\"Effect\":\"Allow\",\"Principal\":{\"Service\":\"ec2.amazonaws.com\"}}],\"Version\":\"2012-10-17\"}",
            "create_date": "2026-07-31T01:24:06Z",
            "description": "",
            "force_detach_policies": false,
            "id": "wsc2026-event-ec2-role",
            "inline_policy": [],
            "managed_policy_arns": [],
            "max_session_duration": 3600,
            "name": "wsc2026-event-ec2-role",
            "name_prefix": "",
            "path": "/",
            "permissions_boundary": "",
            "tags": null,
            "tags_all": {
              "Project": "wsc2026-event"
            },
            "unique_id": "AROAWAIHJAQBSJ7BRBCTL"
          },
          "sensitive_attributes": [],
          "identity_schema_version": 0,
          "private": "bnVsbA==",
          "dependencies": [
            "data.aws_iam_policy_document.ec2_assume"
          ]
        }
      ]
    },
    {
      "mode": "managed",
      "type": "aws_iam_role",
      "name": "lambda",
      "provider": "provider[\"registry.terraform.io/hashicorp/aws\"]",
      "instances": [
        {
          "schema_version": 0,
          "attributes": {
            "arn": "arn:aws:iam::412869002243:role/wsc2026-event-lambda-role",
            "assume_role_policy": "{\"Statement\":[{\"Action\":\"sts:AssumeRole\",\"Effect\":\"Allow\",\"Principal\":{\"Service\":\"lambda.amazonaws.com\"}}],\"Version\":\"2012-10-17\"}",
            "create_date": "2026-07-31T01:24:06Z",
            "description": "",
            "force_detach_policies": false,
            "id": "wsc2026-event-lambda-role",
            "inline_policy": [],
            "managed_policy_arns": [],
            "max_session_duration": 3600,
            "name": "wsc2026-event-lambda-role",
            "name_prefix": "",
            "path": "/",
            "permissions_boundary": "",
            "tags": null,
            "tags_all": {
              "Project": "wsc2026-event"
            },
            "unique_id": "AROAWAIHJAQBSYRLY5O6Z"
          },
          "sensitive_attributes": [],
          "identity_schema_version": 0,
          "private": "bnVsbA==",
          "dependencies": [
            "data.aws_iam_policy_document.lambda_assume"
          ]
        }
      ]
    },
    {
      "mode": "managed",
      "type": "aws_iam_role_policy",
      "name": "config_delivery",
      "provider": "provider[\"registry.terraform.io/hashicorp/aws\"]",
      "instances": [
        {
          "schema_version": 0,
          "attributes": {
            "id": "wsc2026-event-config-role:wsc2026-event-config-delivery",
            "name": "wsc2026-event-config-delivery",
            "name_prefix": "",
            "policy": "{\"Version\":\"2012-10-17\",\"Statement\":[{\"Action\":[\"s3:PutObject\",\"s3:ListBucket\",\"s3:GetBucketAcl\"],\"Effect\":\"Allow\",\"Resource\":[\"arn:aws:s3:::wsc2026-event-config-111-412869002243/*\",\"arn:aws:s3:::wsc2026-event-config-111-412869002243\"]}]}",
            "role": "wsc2026-event-config-role"
          },
          "sensitive_attributes": [],
          "identity_schema_version": 0,
          "private": "bnVsbA==",
          "dependencies": [
            "aws_iam_role.config",
            "aws_s3_bucket.config",
            "data.aws_caller_identity.current",
            "data.aws_iam_policy_document.config_assume",
            "data.aws_iam_policy_document.config_delivery"
          ]
        }
      ]
    },
    {
      "mode": "managed",
      "type": "aws_iam_role_policy",
      "name": "lambda",
      "provider": "provider[\"registry.terraform.io/hashicorp/aws\"]",
      "instances": [
        {
          "schema_version": 0,
          "attributes": {
            "id": "wsc2026-event-lambda-role:wsc2026-event-lambda-policy",
            "name": "wsc2026-event-lambda-policy",
            "name_prefix": "",
            "policy": "{\"Version\":\"2012-10-17\",\"Statement\":[{\"Action\":[\"logs:PutLogEvents\",\"logs:CreateLogStream\",\"logs:CreateLogGroup\"],\"Effect\":\"Allow\",\"Resource\":\"arn:aws:logs:eu-west-1:412869002243:log-group:/aws/lambda/wsc2026-*\",\"Sid\":\"Logs\"},{\"Action\":\"sns:Publish\",\"Effect\":\"Allow\",\"Resource\":\"arn:aws:sns:eu-west-1:412869002243:wsc2026-event-alert\",\"Sid\":\"PublishAlert\"},{\"Action\":[\"ec2:DescribeTags\",\"ec2:DescribeSecurityGroups\",\"ec2:DescribeSecurityGroupRules\",\"ec2:DescribeInstances\",\"ec2:DescribeInstanceStatus\",\"ec2:DescribeIamInstanceProfileAssociations\"],\"Effect\":\"Allow\",\"Resource\":\"*\",\"Sid\":\"DescribeResources\"},{\"Action\":\"ec2:RevokeSecurityGroupIngress\",\"Effect\":\"Allow\",\"Resource\":\"arn:aws:ec2:eu-west-1:412869002243:security-group/sg-0e6ced721ba71f493\",\"Sid\":\"RemediateSecurityGroup\"},{\"Action\":[\"ec2:StopInstances\",\"ec2:StartInstances\",\"ec2:ModifyInstanceAttribute\",\"ec2:CreateTags\"],\"Effect\":\"Allow\",\"Resource\":\"arn:aws:ec2:eu-west-1:412869002243:instance/i-07abb6789705eab83\",\"Sid\":\"RemediateInstance\"},{\"Action\":[\"ec2:ReplaceIamInstanceProfileAssociation\",\"ec2:DisassociateIamInstanceProfile\",\"ec2:AssociateIamInstanceProfile\"],\"Effect\":\"Allow\",\"Resource\":\"*\",\"Sid\":\"RemediateInstanceProfile\"},{\"Action\":\"iam:PassRole\",\"Effect\":\"Allow\",\"Resource\":\"arn:aws:iam::412869002243:role/wsc2026-event-ec2-role\",\"Sid\":\"PassEc2Role\"}]}",
            "role": "wsc2026-event-lambda-role"
          },
          "sensitive_attributes": [],
          "identity_schema_version": 0,
          "private": "bnVsbA==",
          "dependencies": [
            "aws_iam_instance_profile.ec2",
            "aws_iam_role.ec2",
            "aws_iam_role.lambda",
            "aws_instance.monitored",
            "aws_security_group.ec2",
            "aws_sns_topic.alert",
            "aws_subnet.this",
            "aws_vpc.main",
            "data.aws_caller_identity.current",
            "data.aws_iam_policy_document.ec2_assume",
            "data.aws_iam_policy_document.lambda_assume",
            "data.aws_iam_policy_document.lambda_policy",
            "data.aws_partition.current",
            "data.aws_ssm_parameter.al2023"
          ]
        }
      ]
    },
    {
      "mode": "managed",
      "type": "aws_iam_role_policy_attachment",
      "name": "config_managed",
      "provider": "provider[\"registry.terraform.io/hashicorp/aws\"]",
      "instances": [
        {
          "schema_version": 0,
          "attributes": {
            "id": "wsc2026-event-config-role-20260731012407888700000002",
            "policy_arn": "arn:aws:iam::aws:policy/service-role/AWS_ConfigRole",
            "role": "wsc2026-event-config-role"
          },
          "sensitive_attributes": [],
          "identity_schema_version": 0,
          "private": "bnVsbA==",
          "dependencies": [
            "aws_iam_role.config",
            "data.aws_iam_policy_document.config_assume",
            "data.aws_partition.current"
          ]
        }
      ]
    },
    {
      "mode": "managed",
      "type": "aws_iam_role_policy_attachment",
      "name": "ec2_ssm",
      "provider": "provider[\"registry.terraform.io/hashicorp/aws\"]",
      "instances": [
        {
          "schema_version": 0,
          "attributes": {
            "id": "wsc2026-event-ec2-role-20260731012407841300000001",
            "policy_arn": "arn:aws:iam::aws:policy/AmazonSSMManagedInstanceCore",
            "role": "wsc2026-event-ec2-role"
          },
          "sensitive_attributes": [],
          "identity_schema_version": 0,
          "private": "bnVsbA==",
          "dependencies": [
            "aws_iam_role.ec2",
            "data.aws_iam_policy_document.ec2_assume",
            "data.aws_partition.current"
          ]
        }
      ]
    },
    {
      "mode": "managed",
      "type": "aws_instance",
      "name": "monitored",
      "provider": "provider[\"registry.terraform.io/hashicorp/aws\"]",
      "instances": [
        {
          "schema_version": 1,
          "attributes": {
            "ami": "ami-02c25106ee38f6087",
            "arn": "arn:aws:ec2:eu-west-1:412869002243:instance/i-07abb6789705eab83",
            "associate_public_ip_address": true,
            "availability_zone": "eu-west-1a",
            "capacity_reservation_specification": [
              {
                "capacity_reservation_preference": "open",
                "capacity_reservation_target": []
              }
            ],
            "cpu_core_count": 1,
            "cpu_options": [
              {
                "amd_sev_snp": "",
                "core_count": 1,
                "threads_per_core": 2
              }
            ],
            "cpu_threads_per_core": 2,
            "credit_specification": [
              {
                "cpu_credits": "unlimited"
              }
            ],
            "disable_api_stop": false,
            "disable_api_termination": false,
            "ebs_block_device": [],
            "ebs_optimized": false,
            "enable_primary_ipv6": null,
            "enclave_options": [
              {
                "enabled": false
              }
            ],
            "ephemeral_block_device": [],
            "get_password_data": false,
            "hibernation": false,
            "host_id": "",
            "host_resource_group_arn": null,
            "iam_instance_profile": "wsc2026-event-ec2-role",
            "id": "i-07abb6789705eab83",
            "instance_initiated_shutdown_behavior": "stop",
            "instance_lifecycle": "",
            "instance_market_options": [],
            "instance_state": "running",
            "instance_type": "t3.micro",
            "ipv6_address_count": 0,
            "ipv6_addresses": [],
            "key_name": "",
            "launch_template": [],
            "maintenance_options": [
              {
                "auto_recovery": "default"
              }
            ],
            "metadata_options": [
              {
                "http_endpoint": "enabled",
                "http_protocol_ipv6": "disabled",
                "http_put_response_hop_limit": 2,
                "http_tokens": "required",
                "instance_metadata_tags": "disabled"
              }
            ],
            "monitoring": false,
            "network_interface": [],
            "outpost_arn": "",
            "password_data": "",
            "placement_group": "",
            "placement_partition_number": 0,
            "primary_network_interface_id": "eni-0485276785eaf2c3f",
            "private_dns": "ip-172-16-0-17.eu-west-1.compute.internal",
            "private_dns_name_options": [
              {
                "enable_resource_name_dns_a_record": false,
                "enable_resource_name_dns_aaaa_record": false,
                "hostname_type": "ip-name"
              }
            ],
            "private_ip": "172.16.0.17",
            "public_dns": "ec2-54-246-149-117.eu-west-1.compute.amazonaws.com",
            "public_ip": "54.246.149.117",
            "root_block_device": [
              {
                "delete_on_termination": true,
                "device_name": "/dev/xvda",
                "encrypted": true,
                "iops": 3000,
                "kms_key_id": "arn:aws:kms:eu-west-1:412869002243:key/bd6b4252-d379-4e1f-8fc8-ada9e0f6749c",
                "tags": null,
                "tags_all": {
                  "Project": "wsc2026-event"
                },
                "throughput": 125,
                "volume_id": "vol-0f331917e5fb3132b",
                "volume_size": 8,
                "volume_type": "gp3"
              }
            ],
            "secondary_private_ips": [],
            "security_groups": [],
            "source_dest_check": true,
            "spot_instance_request_id": "",
            "subnet_id": "subnet-09dfae6a88c6884c8",
            "tags": {
              "Name": "wsc2026-event-ec2"
            },
            "tags_all": {
              "Name": "wsc2026-event-ec2",
              "Project": "wsc2026-event"
            },
            "tenancy": "default",
            "timeouts": null,
            "user_data": null,
            "user_data_base64": null,
            "user_data_replace_on_change": false,
            "volume_tags": null,
            "vpc_security_group_ids": [
              "sg-0e6ced721ba71f493"
            ]
          },
          "sensitive_attributes": [
            [
              {
                "type": "get_attr",
                "value": "ami"
              }
            ]
          ],
          "identity_schema_version": 0,
          "private": "eyJlMmJmYjczMC1lY2FhLTExZTYtOGY4OC0zNDM2M2JjN2M0YzAiOnsiY3JlYXRlIjo2MDAwMDAwMDAwMDAsImRlbGV0ZSI6MTIwMDAwMDAwMDAwMCwicmVhZCI6OTAwMDAwMDAwMDAwLCJ1cGRhdGUiOjYwMDAwMDAwMDAwMH0sInNjaGVtYV92ZXJzaW9uIjoiMSJ9",
          "dependencies": [
            "aws_iam_instance_profile.ec2",
            "aws_iam_role.ec2",
            "aws_security_group.ec2",
            "aws_subnet.this",
            "aws_vpc.main",
            "data.aws_iam_policy_document.ec2_assume",
            "data.aws_ssm_parameter.al2023"
          ]
        }
      ]
    },
    {
      "mode": "managed",
      "type": "aws_internet_gateway",
      "name": "igw",
      "provider": "provider[\"registry.terraform.io/hashicorp/aws\"]",
      "instances": [
        {
          "schema_version": 0,
          "attributes": {
            "arn": "arn:aws:ec2:eu-west-1:412869002243:internet-gateway/igw-0936f1f2b4c818e2e",
            "id": "igw-0936f1f2b4c818e2e",
            "owner_id": "412869002243",
            "tags": {
              "Name": "event-igw"
            },
            "tags_all": {
              "Name": "event-igw",
              "Project": "wsc2026-event"
            },
            "timeouts": null,
            "vpc_id": "vpc-0c91c66f70b4e999b"
          },
          "sensitive_attributes": [],
          "identity_schema_version": 0,
          "private": "eyJlMmJmYjczMC1lY2FhLTExZTYtOGY4OC0zNDM2M2JjN2M0YzAiOnsiY3JlYXRlIjoxMjAwMDAwMDAwMDAwLCJkZWxldGUiOjEyMDAwMDAwMDAwMDAsInVwZGF0ZSI6MTIwMDAwMDAwMDAwMH19",
          "dependencies": [
            "aws_vpc.main"
          ]
        }
      ]
    },
    {
      "mode": "managed",
      "type": "aws_lambda_function",
      "name": "fn",
      "provider": "provider[\"registry.terraform.io/hashicorp/aws\"]",
      "instances": [
        {
          "index_key": "wsc2026-ec2-stop-remediation",
          "schema_version": 0,
          "attributes": {
            "architectures": [
              "x86_64"
            ],
            "arn": "arn:aws:lambda:eu-west-1:412869002243:function:wsc2026-ec2-stop-remediation",
            "code_sha256": "F2DYUwJ4cy+tJmrt8T6LPiZbj+ZTZVYY1Z4sGhb9U2Q=",
            "code_signing_config_arn": "",
            "dead_letter_config": [],
            "description": "EC2 중지 감지 -\u003e 재시작 + 알림",
            "environment": [
              {
                "variables": {
                  "FUNCTION_ROLE": "EC2_STOP_REMEDIATION",
                  "INSTANCE_ID": "i-07abb6789705eab83",
                  "INSTANCE_TYPE": "t3.micro",
                  "REQUIRED_TAG_KEY": "Name",
                  "REQUIRED_TAG_VALUE": "wsc2026-event-ec2",
                  "ROLE_NAME": "wsc2026-event-ec2-role",
                  "SECURITY_GROUP_ID": "sg-0e6ced721ba71f493",
                  "SNS_TOPIC_ARN": "arn:aws:sns:eu-west-1:412869002243:wsc2026-event-alert"
                }
              }
            ],
            "ephemeral_storage": [
              {
                "size": 512
              }
            ],
            "file_system_config": [],
            "filename": "./build/lambda.zip",
            "function_name": "wsc2026-ec2-stop-remediation",
            "handler": "index.handler",
            "id": "wsc2026-ec2-stop-remediation",
            "image_config": [],
            "image_uri": "",
            "invoke_arn": "arn:aws:apigateway:eu-west-1:lambda:path/2015-03-31/functions/arn:aws:lambda:eu-west-1:412869002243:function:wsc2026-ec2-stop-remediation/invocations",
            "kms_key_arn": "",
            "last_modified": "2026-07-31T01:25:31.284+0000",
            "layers": null,
            "logging_config": [
              {
                "application_log_level": "",
                "log_format": "Text",
                "log_group": "/aws/lambda/wsc2026-ec2-stop-remediation",
                "system_log_level": ""
              }
            ],
            "memory_size": 256,
            "package_type": "Zip",
            "publish": false,
            "qualified_arn": "arn:aws:lambda:eu-west-1:412869002243:function:wsc2026-ec2-stop-remediation:$LATEST",
            "qualified_invoke_arn": "arn:aws:apigateway:eu-west-1:lambda:path/2015-03-31/functions/arn:aws:lambda:eu-west-1:412869002243:function:wsc2026-ec2-stop-remediation:$LATEST/invocations",
            "replace_security_groups_on_destroy": null,
            "replacement_security_group_ids": null,
            "reserved_concurrent_executions": -1,
            "role": "arn:aws:iam::412869002243:role/wsc2026-event-lambda-role",
            "runtime": "python3.12",
            "s3_bucket": null,
            "s3_key": null,
            "s3_object_version": null,
            "signing_job_arn": "",
            "signing_profile_version_arn": "",
            "skip_destroy": false,
            "snap_start": [],
            "source_code_hash": "F2DYUwJ4cy+tJmrt8T6LPiZbj+ZTZVYY1Z4sGhb9U2Q=",
            "source_code_size": 3127,
            "tags": null,
            "tags_all": {
              "Project": "wsc2026-event"
            },
            "timeout": 300,
            "timeouts": null,
            "tracing_config": [
              {
                "mode": "PassThrough"
              }
            ],
            "version": "$LATEST",
            "vpc_config": []
          },
          "sensitive_attributes": [],
          "identity_schema_version": 0,
          "private": "eyJlMmJmYjczMC1lY2FhLTExZTYtOGY4OC0zNDM2M2JjN2M0YzAiOnsiY3JlYXRlIjo2MDAwMDAwMDAwMDAsImRlbGV0ZSI6NjAwMDAwMDAwMDAwLCJ1cGRhdGUiOjYwMDAwMDAwMDAwMH19",
          "dependencies": [
            "aws_cloudwatch_log_group.lambda",
            "aws_iam_instance_profile.ec2",
            "aws_iam_role.ec2",
            "aws_iam_role.lambda",
            "aws_iam_role_policy.lambda",
            "aws_instance.monitored",
            "aws_security_group.ec2",
            "aws_sns_topic.alert",
            "aws_subnet.this",
            "aws_vpc.main",
            "data.archive_file.lambda",
            "data.aws_caller_identity.current",
            "data.aws_iam_policy_document.ec2_assume",
            "data.aws_iam_policy_document.lambda_assume",
            "data.aws_iam_policy_document.lambda_policy",
            "data.aws_partition.current",
            "data.aws_ssm_parameter.al2023"
          ]
        },
        {
          "index_key": "wsc2026-ec2-terminate-alert",
          "schema_version": 0,
          "attributes": {
            "architectures": [
              "x86_64"
            ],
            "arn": "arn:aws:lambda:eu-west-1:412869002243:function:wsc2026-ec2-terminate-alert",
            "code_sha256": "F2DYUwJ4cy+tJmrt8T6LPiZbj+ZTZVYY1Z4sGhb9U2Q=",
            "code_signing_config_arn": "",
            "dead_letter_config": [],
            "description": "EC2 종료 감지 -\u003e 알림",
            "environment": [
              {
                "variables": {
                  "FUNCTION_ROLE": "EC2_TERMINATE_ALERT",
                  "INSTANCE_ID": "i-07abb6789705eab83",
                  "INSTANCE_TYPE": "t3.micro",
                  "REQUIRED_TAG_KEY": "Name",
                  "REQUIRED_TAG_VALUE": "wsc2026-event-ec2",
                  "ROLE_NAME": "wsc2026-event-ec2-role",
                  "SECURITY_GROUP_ID": "sg-0e6ced721ba71f493",
                  "SNS_TOPIC_ARN": "arn:aws:sns:eu-west-1:412869002243:wsc2026-event-alert"
                }
              }
            ],
            "ephemeral_storage": [
              {
                "size": 512
              }
            ],
            "file_system_config": [],
            "filename": "./build/lambda.zip",
            "function_name": "wsc2026-ec2-terminate-alert",
            "handler": "index.handler",
            "id": "wsc2026-ec2-terminate-alert",
            "image_config": [],
            "image_uri": "",
            "invoke_arn": "arn:aws:apigateway:eu-west-1:lambda:path/2015-03-31/functions/arn:aws:lambda:eu-west-1:412869002243:function:wsc2026-ec2-terminate-alert/invocations",
            "kms_key_arn": "",
            "last_modified": "2026-07-31T01:25:16.454+0000",
            "layers": null,
            "logging_config": [
              {
                "application_log_level": "",
                "log_format": "Text",
                "log_group": "/aws/lambda/wsc2026-ec2-terminate-alert",
                "system_log_level": ""
              }
            ],
            "memory_size": 256,
            "package_type": "Zip",
            "publish": false,
            "qualified_arn": "arn:aws:lambda:eu-west-1:412869002243:function:wsc2026-ec2-terminate-alert:$LATEST",
            "qualified_invoke_arn": "arn:aws:apigateway:eu-west-1:lambda:path/2015-03-31/functions/arn:aws:lambda:eu-west-1:412869002243:function:wsc2026-ec2-terminate-alert:$LATEST/invocations",
            "replace_security_groups_on_destroy": null,
            "replacement_security_group_ids": null,
            "reserved_concurrent_executions": -1,
            "role": "arn:aws:iam::412869002243:role/wsc2026-event-lambda-role",
            "runtime": "python3.12",
            "s3_bucket": null,
            "s3_key": null,
            "s3_object_version": null,
            "signing_job_arn": "",
            "signing_profile_version_arn": "",
            "skip_destroy": false,
            "snap_start": [],
            "source_code_hash": "F2DYUwJ4cy+tJmrt8T6LPiZbj+ZTZVYY1Z4sGhb9U2Q=",
            "source_code_size": 3127,
            "tags": null,
            "tags_all": {
              "Project": "wsc2026-event"
            },
            "timeout": 30,
            "timeouts": null,
            "tracing_config": [
              {
                "mode": "PassThrough"
              }
            ],
            "version": "$LATEST",
            "vpc_config": []
          },
          "sensitive_attributes": [],
          "identity_schema_version": 0,
          "private": "eyJlMmJmYjczMC1lY2FhLTExZTYtOGY4OC0zNDM2M2JjN2M0YzAiOnsiY3JlYXRlIjo2MDAwMDAwMDAwMDAsImRlbGV0ZSI6NjAwMDAwMDAwMDAwLCJ1cGRhdGUiOjYwMDAwMDAwMDAwMH19",
          "dependencies": [
            "aws_cloudwatch_log_group.lambda",
            "aws_iam_instance_profile.ec2",
            "aws_iam_role.ec2",
            "aws_iam_role.lambda",
            "aws_iam_role_policy.lambda",
            "aws_instance.monitored",
            "aws_security_group.ec2",
            "aws_sns_topic.alert",
            "aws_subnet.this",
            "aws_vpc.main",
            "data.archive_file.lambda",
            "data.aws_caller_identity.current",
            "data.aws_iam_policy_document.ec2_assume",
            "data.aws_iam_policy_document.lambda_assume",
            "data.aws_iam_policy_document.lambda_policy",
            "data.aws_partition.current",
            "data.aws_ssm_parameter.al2023"
          ]
        },
        {
          "index_key": "wsc2026-ec2-type-remediation",
          "schema_version": 0,
          "attributes": {
            "architectures": [
              "x86_64"
            ],
            "arn": "arn:aws:lambda:eu-west-1:412869002243:function:wsc2026-ec2-type-remediation",
            "code_sha256": "F2DYUwJ4cy+tJmrt8T6LPiZbj+ZTZVYY1Z4sGhb9U2Q=",
            "code_signing_config_arn": "",
            "dead_letter_config": [],
            "description": "EC2 타입 변경 감지 -\u003e 원복 + 알림",
            "environment": [
              {
                "variables": {
                  "FUNCTION_ROLE": "EC2_TYPE_REMEDIATION",
                  "INSTANCE_ID": "i-07abb6789705eab83",
                  "INSTANCE_TYPE": "t3.micro",
                  "REQUIRED_TAG_KEY": "Name",
                  "REQUIRED_TAG_VALUE": "wsc2026-event-ec2",
                  "ROLE_NAME": "wsc2026-event-ec2-role",
                  "SECURITY_GROUP_ID": "sg-0e6ced721ba71f493",
                  "SNS_TOPIC_ARN": "arn:aws:sns:eu-west-1:412869002243:wsc2026-event-alert"
                }
              }
            ],
            "ephemeral_storage": [
              {
                "size": 512
              }
            ],
            "file_system_config": [],
            "filename": "./build/lambda.zip",
            "function_name": "wsc2026-ec2-type-remediation",
            "handler": "index.handler",
            "id": "wsc2026-ec2-type-remediation",
            "image_config": [],
            "image_uri": "",
            "invoke_arn": "arn:aws:apigateway:eu-west-1:lambda:path/2015-03-31/functions/arn:aws:lambda:eu-west-1:412869002243:function:wsc2026-ec2-type-remediation/invocations",
            "kms_key_arn": "",
            "last_modified": "2026-07-31T01:25:09.053+0000",
            "layers": null,
            "logging_config": [
              {
                "application_log_level": "",
                "log_format": "Text",
                "log_group": "/aws/lambda/wsc2026-ec2-type-remediation",
                "system_log_level": ""
              }
            ],
            "memory_size": 256,
            "package_type": "Zip",
            "publish": false,
            "qualified_arn": "arn:aws:lambda:eu-west-1:412869002243:function:wsc2026-ec2-type-remediation:$LATEST",
            "qualified_invoke_arn": "arn:aws:apigateway:eu-west-1:lambda:path/2015-03-31/functions/arn:aws:lambda:eu-west-1:412869002243:function:wsc2026-ec2-type-remediation:$LATEST/invocations",
            "replace_security_groups_on_destroy": null,
            "replacement_security_group_ids": null,
            "reserved_concurrent_executions": -1,
            "role": "arn:aws:iam::412869002243:role/wsc2026-event-lambda-role",
            "runtime": "python3.12",
            "s3_bucket": null,
            "s3_key": null,
            "s3_object_version": null,
            "signing_job_arn": "",
            "signing_profile_version_arn": "",
            "skip_destroy": false,
            "snap_start": [],
            "source_code_hash": "F2DYUwJ4cy+tJmrt8T6LPiZbj+ZTZVYY1Z4sGhb9U2Q=",
            "source_code_size": 3127,
            "tags": null,
            "tags_all": {
              "Project": "wsc2026-event"
            },
            "timeout": 300,
            "timeouts": null,
            "tracing_config": [
              {
                "mode": "PassThrough"
              }
            ],
            "version": "$LATEST",
            "vpc_config": []
          },
          "sensitive_attributes": [],
          "identity_schema_version": 0,
          "private": "eyJlMmJmYjczMC1lY2FhLTExZTYtOGY4OC0zNDM2M2JjN2M0YzAiOnsiY3JlYXRlIjo2MDAwMDAwMDAwMDAsImRlbGV0ZSI6NjAwMDAwMDAwMDAwLCJ1cGRhdGUiOjYwMDAwMDAwMDAwMH19",
          "dependencies": [
            "aws_cloudwatch_log_group.lambda",
            "aws_iam_instance_profile.ec2",
            "aws_iam_role.ec2",
            "aws_iam_role.lambda",
            "aws_iam_role_policy.lambda",
            "aws_instance.monitored",
            "aws_security_group.ec2",
            "aws_sns_topic.alert",
            "aws_subnet.this",
            "aws_vpc.main",
            "data.archive_file.lambda",
            "data.aws_caller_identity.current",
            "data.aws_iam_policy_document.ec2_assume",
            "data.aws_iam_policy_document.lambda_assume",
            "data.aws_iam_policy_document.lambda_policy",
            "data.aws_partition.current",
            "data.aws_ssm_parameter.al2023"
          ]
        },
        {
          "index_key": "wsc2026-role-remediation",
          "schema_version": 0,
          "attributes": {
            "architectures": [
              "x86_64"
            ],
            "arn": "arn:aws:lambda:eu-west-1:412869002243:function:wsc2026-role-remediation",
            "code_sha256": "F2DYUwJ4cy+tJmrt8T6LPiZbj+ZTZVYY1Z4sGhb9U2Q=",
            "code_signing_config_arn": "",
            "dead_letter_config": [],
            "description": "EC2 IAM Role 변경 감지 -\u003e 원복 + 알림",
            "environment": [
              {
                "variables": {
                  "FUNCTION_ROLE": "ROLE_REMEDIATION",
                  "INSTANCE_ID": "i-07abb6789705eab83",
                  "INSTANCE_TYPE": "t3.micro",
                  "REQUIRED_TAG_KEY": "Name",
                  "REQUIRED_TAG_VALUE": "wsc2026-event-ec2",
                  "ROLE_NAME": "wsc2026-event-ec2-role",
                  "SECURITY_GROUP_ID": "sg-0e6ced721ba71f493",
                  "SNS_TOPIC_ARN": "arn:aws:sns:eu-west-1:412869002243:wsc2026-event-alert"
                }
              }
            ],
            "ephemeral_storage": [
              {
                "size": 512
              }
            ],
            "file_system_config": [],
            "filename": "./build/lambda.zip",
            "function_name": "wsc2026-role-remediation",
            "handler": "index.handler",
            "id": "wsc2026-role-remediation",
            "image_config": [],
            "image_uri": "",
            "invoke_arn": "arn:aws:apigateway:eu-west-1:lambda:path/2015-03-31/functions/arn:aws:lambda:eu-west-1:412869002243:function:wsc2026-role-remediation/invocations",
            "kms_key_arn": "",
            "last_modified": "2026-07-31T01:25:23.812+0000",
            "layers": null,
            "logging_config": [
              {
                "application_log_level": "",
                "log_format": "Text",
                "log_group": "/aws/lambda/wsc2026-role-remediation",
                "system_log_level": ""
              }
            ],
            "memory_size": 256,
            "package_type": "Zip",
            "publish": false,
            "qualified_arn": "arn:aws:lambda:eu-west-1:412869002243:function:wsc2026-role-remediation:$LATEST",
            "qualified_invoke_arn": "arn:aws:apigateway:eu-west-1:lambda:path/2015-03-31/functions/arn:aws:lambda:eu-west-1:412869002243:function:wsc2026-role-remediation:$LATEST/invocations",
            "replace_security_groups_on_destroy": null,
            "replacement_security_group_ids": null,
            "reserved_concurrent_executions": -1,
            "role": "arn:aws:iam::412869002243:role/wsc2026-event-lambda-role",
            "runtime": "python3.12",
            "s3_bucket": null,
            "s3_key": null,
            "s3_object_version": null,
            "signing_job_arn": "",
            "signing_profile_version_arn": "",
            "skip_destroy": false,
            "snap_start": [],
            "source_code_hash": "F2DYUwJ4cy+tJmrt8T6LPiZbj+ZTZVYY1Z4sGhb9U2Q=",
            "source_code_size": 3127,
            "tags": null,
            "tags_all": {
              "Project": "wsc2026-event"
            },
            "timeout": 60,
            "timeouts": null,
            "tracing_config": [
              {
                "mode": "PassThrough"
              }
            ],
            "version": "$LATEST",
            "vpc_config": []
          },
          "sensitive_attributes": [],
          "identity_schema_version": 0,
          "private": "eyJlMmJmYjczMC1lY2FhLTExZTYtOGY4OC0zNDM2M2JjN2M0YzAiOnsiY3JlYXRlIjo2MDAwMDAwMDAwMDAsImRlbGV0ZSI6NjAwMDAwMDAwMDAwLCJ1cGRhdGUiOjYwMDAwMDAwMDAwMH19",
          "dependencies": [
            "aws_cloudwatch_log_group.lambda",
            "aws_iam_instance_profile.ec2",
            "aws_iam_role.ec2",
            "aws_iam_role.lambda",
            "aws_iam_role_policy.lambda",
            "aws_instance.monitored",
            "aws_security_group.ec2",
            "aws_sns_topic.alert",
            "aws_subnet.this",
            "aws_vpc.main",
            "data.archive_file.lambda",
            "data.aws_caller_identity.current",
            "data.aws_iam_policy_document.ec2_assume",
            "data.aws_iam_policy_document.lambda_assume",
            "data.aws_iam_policy_document.lambda_policy",
            "data.aws_partition.current",
            "data.aws_ssm_parameter.al2023"
          ]
        },
        {
          "index_key": "wsc2026-sg-remediation",
          "schema_version": 0,
          "attributes": {
            "architectures": [
              "x86_64"
            ],
            "arn": "arn:aws:lambda:eu-west-1:412869002243:function:wsc2026-sg-remediation",
            "code_sha256": "F2DYUwJ4cy+tJmrt8T6LPiZbj+ZTZVYY1Z4sGhb9U2Q=",
            "code_signing_config_arn": "",
            "dead_letter_config": [],
            "description": "Security Group 인바운드 규칙 추가 감지 -\u003e 규칙 삭제 + 알림",
            "environment": [
              {
                "variables": {
                  "FUNCTION_ROLE": "SG_REMEDIATION",
                  "INSTANCE_ID": "i-07abb6789705eab83",
                  "INSTANCE_TYPE": "t3.micro",
                  "REQUIRED_TAG_KEY": "Name",
                  "REQUIRED_TAG_VALUE": "wsc2026-event-ec2",
                  "ROLE_NAME": "wsc2026-event-ec2-role",
                  "SECURITY_GROUP_ID": "sg-0e6ced721ba71f493",
                  "SNS_TOPIC_ARN": "arn:aws:sns:eu-west-1:412869002243:wsc2026-event-alert"
                }
              }
            ],
            "ephemeral_storage": [
              {
                "size": 512
              }
            ],
            "file_system_config": [],
            "filename": "./build/lambda.zip",
            "function_name": "wsc2026-sg-remediation",
            "handler": "index.handler",
            "id": "wsc2026-sg-remediation",
            "image_config": [],
            "image_uri": "",
            "invoke_arn": "arn:aws:apigateway:eu-west-1:lambda:path/2015-03-31/functions/arn:aws:lambda:eu-west-1:412869002243:function:wsc2026-sg-remediation/invocations",
            "kms_key_arn": "",
            "last_modified": "2026-07-31T01:24:54.169+0000",
            "layers": null,
            "logging_config": [
              {
                "application_log_level": "",
                "log_format": "Text",
                "log_group": "/aws/lambda/wsc2026-sg-remediation",
                "system_log_level": ""
              }
            ],
            "memory_size": 256,
            "package_type": "Zip",
            "publish": false,
            "qualified_arn": "arn:aws:lambda:eu-west-1:412869002243:function:wsc2026-sg-remediation:$LATEST",
            "qualified_invoke_arn": "arn:aws:apigateway:eu-west-1:lambda:path/2015-03-31/functions/arn:aws:lambda:eu-west-1:412869002243:function:wsc2026-sg-remediation:$LATEST/invocations",
            "replace_security_groups_on_destroy": null,
            "replacement_security_group_ids": null,
            "reserved_concurrent_executions": -1,
            "role": "arn:aws:iam::412869002243:role/wsc2026-event-lambda-role",
            "runtime": "python3.12",
            "s3_bucket": null,
            "s3_key": null,
            "s3_object_version": null,
            "signing_job_arn": "",
            "signing_profile_version_arn": "",
            "skip_destroy": false,
            "snap_start": [],
            "source_code_hash": "F2DYUwJ4cy+tJmrt8T6LPiZbj+ZTZVYY1Z4sGhb9U2Q=",
            "source_code_size": 3127,
            "tags": null,
            "tags_all": {
              "Project": "wsc2026-event"
            },
            "timeout": 60,
            "timeouts": null,
            "tracing_config": [
              {
                "mode": "PassThrough"
              }
            ],
            "version": "$LATEST",
            "vpc_config": []
          },
          "sensitive_attributes": [],
          "identity_schema_version": 0,
          "private": "eyJlMmJmYjczMC1lY2FhLTExZTYtOGY4OC0zNDM2M2JjN2M0YzAiOnsiY3JlYXRlIjo2MDAwMDAwMDAwMDAsImRlbGV0ZSI6NjAwMDAwMDAwMDAwLCJ1cGRhdGUiOjYwMDAwMDAwMDAwMH19",
          "dependencies": [
            "aws_cloudwatch_log_group.lambda",
            "aws_iam_instance_profile.ec2",
            "aws_iam_role.ec2",
            "aws_iam_role.lambda",
            "aws_iam_role_policy.lambda",
            "aws_instance.monitored",
            "aws_security_group.ec2",
            "aws_sns_topic.alert",
            "aws_subnet.this",
            "aws_vpc.main",
            "data.archive_file.lambda",
            "data.aws_caller_identity.current",
            "data.aws_iam_policy_document.ec2_assume",
            "data.aws_iam_policy_document.lambda_assume",
            "data.aws_iam_policy_document.lambda_policy",
            "data.aws_partition.current",
            "data.aws_ssm_parameter.al2023"
          ]
        },
        {
          "index_key": "wsc2026-tag-alert",
          "schema_version": 0,
          "attributes": {
            "architectures": [
              "x86_64"
            ],
            "arn": "arn:aws:lambda:eu-west-1:412869002243:function:wsc2026-tag-alert",
            "code_sha256": "F2DYUwJ4cy+tJmrt8T6LPiZbj+ZTZVYY1Z4sGhb9U2Q=",
            "code_signing_config_arn": "",
            "dead_letter_config": [],
            "description": "필수 태그 변경 감지 -\u003e 태그 복구 + 알림",
            "environment": [
              {
                "variables": {
                  "FUNCTION_ROLE": "TAG_ALERT",
                  "INSTANCE_ID": "i-07abb6789705eab83",
                  "INSTANCE_TYPE": "t3.micro",
                  "REQUIRED_TAG_KEY": "Name",
                  "REQUIRED_TAG_VALUE": "wsc2026-event-ec2",
                  "ROLE_NAME": "wsc2026-event-ec2-role",
                  "SECURITY_GROUP_ID": "sg-0e6ced721ba71f493",
                  "SNS_TOPIC_ARN": "arn:aws:sns:eu-west-1:412869002243:wsc2026-event-alert"
                }
              }
            ],
            "ephemeral_storage": [
              {
                "size": 512
              }
            ],
            "file_system_config": [],
            "filename": "./build/lambda.zip",
            "function_name": "wsc2026-tag-alert",
            "handler": "index.handler",
            "id": "wsc2026-tag-alert",
            "image_config": [],
            "image_uri": "",
            "invoke_arn": "arn:aws:apigateway:eu-west-1:lambda:path/2015-03-31/functions/arn:aws:lambda:eu-west-1:412869002243:function:wsc2026-tag-alert/invocations",
            "kms_key_arn": "",
            "last_modified": "2026-07-31T01:25:01.600+0000",
            "layers": null,
            "logging_config": [
              {
                "application_log_level": "",
                "log_format": "Text",
                "log_group": "/aws/lambda/wsc2026-tag-alert",
                "system_log_level": ""
              }
            ],
            "memory_size": 256,
            "package_type": "Zip",
            "publish": false,
            "qualified_arn": "arn:aws:lambda:eu-west-1:412869002243:function:wsc2026-tag-alert:$LATEST",
            "qualified_invoke_arn": "arn:aws:apigateway:eu-west-1:lambda:path/2015-03-31/functions/arn:aws:lambda:eu-west-1:412869002243:function:wsc2026-tag-alert:$LATEST/invocations",
            "replace_security_groups_on_destroy": null,
            "replacement_security_group_ids": null,
            "reserved_concurrent_executions": -1,
            "role": "arn:aws:iam::412869002243:role/wsc2026-event-lambda-role",
            "runtime": "python3.12",
            "s3_bucket": null,
            "s3_key": null,
            "s3_object_version": null,
            "signing_job_arn": "",
            "signing_profile_version_arn": "",
            "skip_destroy": false,
            "snap_start": [],
            "source_code_hash": "F2DYUwJ4cy+tJmrt8T6LPiZbj+ZTZVYY1Z4sGhb9U2Q=",
            "source_code_size": 3127,
            "tags": null,
            "tags_all": {
              "Project": "wsc2026-event"
            },
            "timeout": 60,
            "timeouts": null,
            "tracing_config": [
              {
                "mode": "PassThrough"
              }
            ],
            "version": "$LATEST",
            "vpc_config": []
          },
          "sensitive_attributes": [],
          "identity_schema_version": 0,
          "private": "eyJlMmJmYjczMC1lY2FhLTExZTYtOGY4OC0zNDM2M2JjN2M0YzAiOnsiY3JlYXRlIjo2MDAwMDAwMDAwMDAsImRlbGV0ZSI6NjAwMDAwMDAwMDAwLCJ1cGRhdGUiOjYwMDAwMDAwMDAwMH19",
          "dependencies": [
            "aws_cloudwatch_log_group.lambda",
            "aws_iam_instance_profile.ec2",
            "aws_iam_role.ec2",
            "aws_iam_role.lambda",
            "aws_iam_role_policy.lambda",
            "aws_instance.monitored",
            "aws_security_group.ec2",
            "aws_sns_topic.alert",
            "aws_subnet.this",
            "aws_vpc.main",
            "data.archive_file.lambda",
            "data.aws_caller_identity.current",
            "data.aws_iam_policy_document.ec2_assume",
            "data.aws_iam_policy_document.lambda_assume",
            "data.aws_iam_policy_document.lambda_policy",
            "data.aws_partition.current",
            "data.aws_ssm_parameter.al2023"
          ]
        }
      ]
    },
    {
      "mode": "managed",
      "type": "aws_lambda_permission",
      "name": "events",
      "provider": "provider[\"registry.terraform.io/hashicorp/aws\"]",
      "instances": [
        {
          "index_key": "wsc2026-ec2-stop-rule",
          "schema_version": 0,
          "attributes": {
            "action": "lambda:InvokeFunction",
            "event_source_token": null,
            "function_name": "wsc2026-ec2-stop-remediation",
            "function_url_auth_type": null,
            "id": "AllowExecutionFromEventBridge-wsc2026-ec2-stop-rule",
            "principal": "events.amazonaws.com",
            "principal_org_id": null,
            "qualifier": "",
            "source_account": null,
            "source_arn": "arn:aws:events:eu-west-1:412869002243:rule/wsc2026-ec2-stop-rule",
            "statement_id": "AllowExecutionFromEventBridge-wsc2026-ec2-stop-rule",
            "statement_id_prefix": ""
          },
          "sensitive_attributes": [],
          "identity_schema_version": 0,
          "private": "bnVsbA==",
          "dependencies": [
            "aws_cloudwatch_event_rule.this",
            "aws_cloudwatch_log_group.lambda",
            "aws_iam_instance_profile.ec2",
            "aws_iam_role.ec2",
            "aws_iam_role.lambda",
            "aws_iam_role_policy.lambda",
            "aws_instance.monitored",
            "aws_lambda_function.fn",
            "aws_security_group.ec2",
            "aws_sns_topic.alert",
            "aws_subnet.this",
            "aws_vpc.main",
            "data.archive_file.lambda",
            "data.aws_caller_identity.current",
            "data.aws_iam_policy_document.ec2_assume",
            "data.aws_iam_policy_document.lambda_assume",
            "data.aws_iam_policy_document.lambda_policy",
            "data.aws_partition.current",
            "data.aws_ssm_parameter.al2023"
          ]
        },
        {
          "index_key": "wsc2026-ec2-terminate-rule",
          "schema_version": 0,
          "attributes": {
            "action": "lambda:InvokeFunction",
            "event_source_token": null,
            "function_name": "wsc2026-ec2-terminate-alert",
            "function_url_auth_type": null,
            "id": "AllowExecutionFromEventBridge-wsc2026-ec2-terminate-rule",
            "principal": "events.amazonaws.com",
            "principal_org_id": null,
            "qualifier": "",
            "source_account": null,
            "source_arn": "arn:aws:events:eu-west-1:412869002243:rule/wsc2026-ec2-terminate-rule",
            "statement_id": "AllowExecutionFromEventBridge-wsc2026-ec2-terminate-rule",
            "statement_id_prefix": ""
          },
          "sensitive_attributes": [],
          "identity_schema_version": 0,
          "private": "bnVsbA==",
          "dependencies": [
            "aws_cloudwatch_event_rule.this",
            "aws_cloudwatch_log_group.lambda",
            "aws_iam_instance_profile.ec2",
            "aws_iam_role.ec2",
            "aws_iam_role.lambda",
            "aws_iam_role_policy.lambda",
            "aws_instance.monitored",
            "aws_lambda_function.fn",
            "aws_security_group.ec2",
            "aws_sns_topic.alert",
            "aws_subnet.this",
            "aws_vpc.main",
            "data.archive_file.lambda",
            "data.aws_caller_identity.current",
            "data.aws_iam_policy_document.ec2_assume",
            "data.aws_iam_policy_document.lambda_assume",
            "data.aws_iam_policy_document.lambda_policy",
            "data.aws_partition.current",
            "data.aws_ssm_parameter.al2023"
          ]
        },
        {
          "index_key": "wsc2026-ec2-type-change-rule",
          "schema_version": 0,
          "attributes": {
            "action": "lambda:InvokeFunction",
            "event_source_token": null,
            "function_name": "wsc2026-ec2-type-remediation",
            "function_url_auth_type": null,
            "id": "AllowExecutionFromEventBridge-wsc2026-ec2-type-change-rule",
            "principal": "events.amazonaws.com",
            "principal_org_id": null,
            "qualifier": "",
            "source_account": null,
            "source_arn": "arn:aws:events:eu-west-1:412869002243:rule/wsc2026-ec2-type-change-rule",
            "statement_id": "AllowExecutionFromEventBridge-wsc2026-ec2-type-change-rule",
            "statement_id_prefix": ""
          },
          "sensitive_attributes": [],
          "identity_schema_version": 0,
          "private": "bnVsbA==",
          "dependencies": [
            "aws_cloudwatch_event_rule.this",
            "aws_cloudwatch_log_group.lambda",
            "aws_iam_instance_profile.ec2",
            "aws_iam_role.ec2",
            "aws_iam_role.lambda",
            "aws_iam_role_policy.lambda",
            "aws_instance.monitored",
            "aws_lambda_function.fn",
            "aws_security_group.ec2",
            "aws_sns_topic.alert",
            "aws_subnet.this",
            "aws_vpc.main",
            "data.archive_file.lambda",
            "data.aws_caller_identity.current",
            "data.aws_iam_policy_document.ec2_assume",
            "data.aws_iam_policy_document.lambda_assume",
            "data.aws_iam_policy_document.lambda_policy",
            "data.aws_partition.current",
            "data.aws_ssm_parameter.al2023"
          ]
        },
        {
          "index_key": "wsc2026-role-change-rule",
          "schema_version": 0,
          "attributes": {
            "action": "lambda:InvokeFunction",
            "event_source_token": null,
            "function_name": "wsc2026-role-remediation",
            "function_url_auth_type": null,
            "id": "AllowExecutionFromEventBridge-wsc2026-role-change-rule",
            "principal": "events.amazonaws.com",
            "principal_org_id": null,
            "qualifier": "",
            "source_account": null,
            "source_arn": "arn:aws:events:eu-west-1:412869002243:rule/wsc2026-role-change-rule",
            "statement_id": "AllowExecutionFromEventBridge-wsc2026-role-change-rule",
            "statement_id_prefix": ""
          },
          "sensitive_attributes": [],
          "identity_schema_version": 0,
          "private": "bnVsbA==",
          "dependencies": [
            "aws_cloudwatch_event_rule.this",
            "aws_cloudwatch_log_group.lambda",
            "aws_iam_instance_profile.ec2",
            "aws_iam_role.ec2",
            "aws_iam_role.lambda",
            "aws_iam_role_policy.lambda",
            "aws_instance.monitored",
            "aws_lambda_function.fn",
            "aws_security_group.ec2",
            "aws_sns_topic.alert",
            "aws_subnet.this",
            "aws_vpc.main",
            "data.archive_file.lambda",
            "data.aws_caller_identity.current",
            "data.aws_iam_policy_document.ec2_assume",
            "data.aws_iam_policy_document.lambda_assume",
            "data.aws_iam_policy_document.lambda_policy",
            "data.aws_partition.current",
            "data.aws_ssm_parameter.al2023"
          ]
        },
        {
          "index_key": "wsc2026-sg-change-rule",
          "schema_version": 0,
          "attributes": {
            "action": "lambda:InvokeFunction",
            "event_source_token": null,
            "function_name": "wsc2026-sg-remediation",
            "function_url_auth_type": null,
            "id": "AllowExecutionFromEventBridge-wsc2026-sg-change-rule",
            "principal": "events.amazonaws.com",
            "principal_org_id": null,
            "qualifier": "",
            "source_account": null,
            "source_arn": "arn:aws:events:eu-west-1:412869002243:rule/wsc2026-sg-change-rule",
            "statement_id": "AllowExecutionFromEventBridge-wsc2026-sg-change-rule",
            "statement_id_prefix": ""
          },
          "sensitive_attributes": [],
          "identity_schema_version": 0,
          "private": "bnVsbA==",
          "dependencies": [
            "aws_cloudwatch_event_rule.this",
            "aws_cloudwatch_log_group.lambda",
            "aws_iam_instance_profile.ec2",
            "aws_iam_role.ec2",
            "aws_iam_role.lambda",
            "aws_iam_role_policy.lambda",
            "aws_instance.monitored",
            "aws_lambda_function.fn",
            "aws_security_group.ec2",
            "aws_sns_topic.alert",
            "aws_subnet.this",
            "aws_vpc.main",
            "data.archive_file.lambda",
            "data.aws_caller_identity.current",
            "data.aws_iam_policy_document.ec2_assume",
            "data.aws_iam_policy_document.lambda_assume",
            "data.aws_iam_policy_document.lambda_policy",
            "data.aws_partition.current",
            "data.aws_ssm_parameter.al2023"
          ]
        },
        {
          "index_key": "wsc2026-tag-change-rule",
          "schema_version": 0,
          "attributes": {
            "action": "lambda:InvokeFunction",
            "event_source_token": null,
            "function_name": "wsc2026-tag-alert",
            "function_url_auth_type": null,
            "id": "AllowExecutionFromEventBridge-wsc2026-tag-change-rule",
            "principal": "events.amazonaws.com",
            "principal_org_id": null,
            "qualifier": "",
            "source_account": null,
            "source_arn": "arn:aws:events:eu-west-1:412869002243:rule/wsc2026-tag-change-rule",
            "statement_id": "AllowExecutionFromEventBridge-wsc2026-tag-change-rule",
            "statement_id_prefix": ""
          },
          "sensitive_attributes": [],
          "identity_schema_version": 0,
          "private": "bnVsbA==",
          "dependencies": [
            "aws_cloudwatch_event_rule.this",
            "aws_cloudwatch_log_group.lambda",
            "aws_iam_instance_profile.ec2",
            "aws_iam_role.ec2",
            "aws_iam_role.lambda",
            "aws_iam_role_policy.lambda",
            "aws_instance.monitored",
            "aws_lambda_function.fn",
            "aws_security_group.ec2",
            "aws_sns_topic.alert",
            "aws_subnet.this",
            "aws_vpc.main",
            "data.archive_file.lambda",
            "data.aws_caller_identity.current",
            "data.aws_iam_policy_document.ec2_assume",
            "data.aws_iam_policy_document.lambda_assume",
            "data.aws_iam_policy_document.lambda_policy",
            "data.aws_partition.current",
            "data.aws_ssm_parameter.al2023"
          ]
        }
      ]
    },
    {
      "mode": "managed",
      "type": "aws_route",
      "name": "pub_default",
      "provider": "provider[\"registry.terraform.io/hashicorp/aws\"]",
      "instances": [
        {
          "schema_version": 0,
          "attributes": {
            "carrier_gateway_id": "",
            "core_network_arn": "",
            "destination_cidr_block": "0.0.0.0/0",
            "destination_ipv6_cidr_block": "",
            "destination_prefix_list_id": "",
            "egress_only_gateway_id": "",
            "gateway_id": "igw-0936f1f2b4c818e2e",
            "id": "r-rtb-0327bcb2e1bc92cb81080289494",
            "instance_id": "",
            "instance_owner_id": "",
            "local_gateway_id": "",
            "nat_gateway_id": "",
            "network_interface_id": "",
            "origin": "CreateRoute",
            "route_table_id": "rtb-0327bcb2e1bc92cb8",
            "state": "active",
            "timeouts": null,
            "transit_gateway_id": "",
            "vpc_endpoint_id": "",
            "vpc_peering_connection_id": ""
          },
          "sensitive_attributes": [],
          "identity_schema_version": 0,
          "private": "eyJlMmJmYjczMC1lY2FhLTExZTYtOGY4OC0zNDM2M2JjN2M0YzAiOnsiY3JlYXRlIjozMDAwMDAwMDAwMDAsImRlbGV0ZSI6MzAwMDAwMDAwMDAwLCJ1cGRhdGUiOjEyMDAwMDAwMDAwMH19",
          "dependencies": [
            "aws_internet_gateway.igw",
            "aws_route_table.pub",
            "aws_vpc.main"
          ]
        }
      ]
    },
    {
      "mode": "managed",
      "type": "aws_route_table",
      "name": "pub",
      "provider": "provider[\"registry.terraform.io/hashicorp/aws\"]",
      "instances": [
        {
          "schema_version": 0,
          "attributes": {
            "arn": "arn:aws:ec2:eu-west-1:412869002243:route-table/rtb-0327bcb2e1bc92cb8",
            "id": "rtb-0327bcb2e1bc92cb8",
            "owner_id": "412869002243",
            "propagating_vgws": [],
            "route": [],
            "tags": {
              "Name": "event-pub-rtb"
            },
            "tags_all": {
              "Name": "event-pub-rtb",
              "Project": "wsc2026-event"
            },
            "timeouts": null,
            "vpc_id": "vpc-0c91c66f70b4e999b"
          },
          "sensitive_attributes": [],
          "identity_schema_version": 0,
          "private": "eyJlMmJmYjczMC1lY2FhLTExZTYtOGY4OC0zNDM2M2JjN2M0YzAiOnsiY3JlYXRlIjozMDAwMDAwMDAwMDAsImRlbGV0ZSI6MzAwMDAwMDAwMDAwLCJ1cGRhdGUiOjEyMDAwMDAwMDAwMH19",
          "dependencies": [
            "aws_vpc.main"
          ]
        }
      ]
    },
    {
      "mode": "managed",
      "type": "aws_route_table_association",
      "name": "pub",
      "provider": "provider[\"registry.terraform.io/hashicorp/aws\"]",
      "instances": [
        {
          "index_key": "event-pub-a",
          "schema_version": 0,
          "attributes": {
            "gateway_id": "",
            "id": "rtbassoc-026f0e57b5abf83e3",
            "route_table_id": "rtb-0327bcb2e1bc92cb8",
            "subnet_id": "subnet-09dfae6a88c6884c8",
            "timeouts": null
          },
          "sensitive_attributes": [],
          "identity_schema_version": 0,
          "private": "eyJlMmJmYjczMC1lY2FhLTExZTYtOGY4OC0zNDM2M2JjN2M0YzAiOnsiY3JlYXRlIjozMDAwMDAwMDAwMDAsImRlbGV0ZSI6MzAwMDAwMDAwMDAwLCJ1cGRhdGUiOjEyMDAwMDAwMDAwMH19",
          "dependencies": [
            "aws_route_table.pub",
            "aws_subnet.this",
            "aws_vpc.main"
          ]
        },
        {
          "index_key": "event-pub-b",
          "schema_version": 0,
          "attributes": {
            "gateway_id": "",
            "id": "rtbassoc-06e9cfd193cc9d2a5",
            "route_table_id": "rtb-0327bcb2e1bc92cb8",
            "subnet_id": "subnet-0fc241d9ce6bc24e0",
            "timeouts": null
          },
          "sensitive_attributes": [],
          "identity_schema_version": 0,
          "private": "eyJlMmJmYjczMC1lY2FhLTExZTYtOGY4OC0zNDM2M2JjN2M0YzAiOnsiY3JlYXRlIjozMDAwMDAwMDAwMDAsImRlbGV0ZSI6MzAwMDAwMDAwMDAwLCJ1cGRhdGUiOjEyMDAwMDAwMDAwMH19",
          "dependencies": [
            "aws_route_table.pub",
            "aws_subnet.this",
            "aws_vpc.main"
          ]
        }
      ]
    },
    {
      "mode": "managed",
      "type": "aws_s3_bucket",
      "name": "config",
      "provider": "provider[\"registry.terraform.io/hashicorp/aws\"]",
      "instances": [
        {
          "schema_version": 0,
          "attributes": {
            "acceleration_status": "",
            "acl": null,
            "arn": "arn:aws:s3:::wsc2026-event-config-111-412869002243",
            "bucket": "wsc2026-event-config-111-412869002243",
            "bucket_domain_name": "wsc2026-event-config-111-412869002243.s3.amazonaws.com",
            "bucket_prefix": "",
            "bucket_regional_domain_name": "wsc2026-event-config-111-412869002243.s3.eu-west-1.amazonaws.com",
            "cors_rule": [],
            "force_destroy": true,
            "grant": [
              {
                "id": "883236cf36a311ef27f46da2d113ad85e64f344ecd572ad2f186f7a9a2f5359c",
                "permissions": [
                  "FULL_CONTROL"
                ],
                "type": "CanonicalUser",
                "uri": ""
              }
            ],
            "hosted_zone_id": "Z1BKCTXD74EZPE",
            "id": "wsc2026-event-config-111-412869002243",
            "lifecycle_rule": [],
            "logging": [],
            "object_lock_configuration": [],
            "object_lock_enabled": false,
            "policy": "",
            "region": "eu-west-1",
            "replication_configuration": [],
            "request_payer": "BucketOwner",
            "server_side_encryption_configuration": [
              {
                "rule": [
                  {
                    "apply_server_side_encryption_by_default": [
                      {
                        "kms_master_key_id": "",
                        "sse_algorithm": "AES256"
                      }
                    ],
                    "bucket_key_enabled": false
                  }
                ]
              }
            ],
            "tags": null,
            "tags_all": {
              "Project": "wsc2026-event"
            },
            "timeouts": null,
            "versioning": [
              {
                "enabled": false,
                "mfa_delete": false
              }
            ],
            "website": [],
            "website_domain": null,
            "website_endpoint": null
          },
          "sensitive_attributes": [],
          "identity_schema_version": 0,
          "private": "eyJlMmJmYjczMC1lY2FhLTExZTYtOGY4OC0zNDM2M2JjN2M0YzAiOnsiY3JlYXRlIjoxMjAwMDAwMDAwMDAwLCJkZWxldGUiOjM2MDAwMDAwMDAwMDAsInJlYWQiOjEyMDAwMDAwMDAwMDAsInVwZGF0ZSI6MTIwMDAwMDAwMDAwMH19",
          "dependencies": [
            "data.aws_caller_identity.current"
          ]
        }
      ]
    },
    {
      "mode": "managed",
      "type": "aws_s3_bucket",
      "name": "trail",
      "provider": "provider[\"registry.terraform.io/hashicorp/aws\"]",
      "instances": [
        {
          "schema_version": 0,
          "attributes": {
            "acceleration_status": "",
            "acl": null,
            "arn": "arn:aws:s3:::wsc2026-event-trail-111-412869002243",
            "bucket": "wsc2026-event-trail-111-412869002243",
            "bucket_domain_name": "wsc2026-event-trail-111-412869002243.s3.amazonaws.com",
            "bucket_prefix": "",
            "bucket_regional_domain_name": "wsc2026-event-trail-111-412869002243.s3.eu-west-1.amazonaws.com",
            "cors_rule": [],
            "force_destroy": true,
            "grant": [
              {
                "id": "883236cf36a311ef27f46da2d113ad85e64f344ecd572ad2f186f7a9a2f5359c",
                "permissions": [
                  "FULL_CONTROL"
                ],
                "type": "CanonicalUser",
                "uri": ""
              }
            ],
            "hosted_zone_id": "Z1BKCTXD74EZPE",
            "id": "wsc2026-event-trail-111-412869002243",
            "lifecycle_rule": [],
            "logging": [],
            "object_lock_configuration": [],
            "object_lock_enabled": false,
            "policy": "",
            "region": "eu-west-1",
            "replication_configuration": [],
            "request_payer": "BucketOwner",
            "server_side_encryption_configuration": [
              {
                "rule": [
                  {
                    "apply_server_side_encryption_by_default": [
                      {
                        "kms_master_key_id": "",
                        "sse_algorithm": "AES256"
                      }
                    ],
                    "bucket_key_enabled": false
                  }
                ]
              }
            ],
            "tags": null,
            "tags_all": {
              "Project": "wsc2026-event"
            },
            "timeouts": null,
            "versioning": [
              {
                "enabled": false,
                "mfa_delete": false
              }
            ],
            "website": [],
            "website_domain": null,
            "website_endpoint": null
          },
          "sensitive_attributes": [],
          "identity_schema_version": 0,
          "private": "eyJlMmJmYjczMC1lY2FhLTExZTYtOGY4OC0zNDM2M2JjN2M0YzAiOnsiY3JlYXRlIjoxMjAwMDAwMDAwMDAwLCJkZWxldGUiOjM2MDAwMDAwMDAwMDAsInJlYWQiOjEyMDAwMDAwMDAwMDAsInVwZGF0ZSI6MTIwMDAwMDAwMDAwMH19",
          "dependencies": [
            "data.aws_caller_identity.current"
          ]
        }
      ]
    },
    {
      "mode": "managed",
      "type": "aws_s3_bucket_policy",
      "name": "config",
      "provider": "provider[\"registry.terraform.io/hashicorp/aws\"]",
      "instances": [
        {
          "schema_version": 0,
          "attributes": {
            "bucket": "wsc2026-event-config-111-412869002243",
            "id": "wsc2026-event-config-111-412869002243",
            "policy": "{\"Statement\":[{\"Action\":[\"s3:ListBucket\",\"s3:GetBucketAcl\"],\"Effect\":\"Allow\",\"Principal\":{\"Service\":\"config.amazonaws.com\"},\"Resource\":\"arn:aws:s3:::wsc2026-event-config-111-412869002243\",\"Sid\":\"AWSConfigBucketPermissionsCheck\"},{\"Action\":\"s3:PutObject\",\"Condition\":{\"StringEquals\":{\"s3:x-amz-acl\":\"bucket-owner-full-control\"}},\"Effect\":\"Allow\",\"Principal\":{\"Service\":\"config.amazonaws.com\"},\"Resource\":\"arn:aws:s3:::wsc2026-event-config-111-412869002243/AWSLogs/412869002243/Config/*\",\"Sid\":\"AWSConfigBucketDelivery\"}],\"Version\":\"2012-10-17\"}"
          },
          "sensitive_attributes": [],
          "identity_schema_version": 0,
          "private": "bnVsbA==",
          "dependencies": [
            "aws_s3_bucket.config",
            "data.aws_caller_identity.current",
            "data.aws_iam_policy_document.config_bucket"
          ]
        }
      ]
    },
    {
      "mode": "managed",
      "type": "aws_s3_bucket_policy",
      "name": "trail",
      "provider": "provider[\"registry.terraform.io/hashicorp/aws\"]",
      "instances": [
        {
          "schema_version": 0,
          "attributes": {
            "bucket": "wsc2026-event-trail-111-412869002243",
            "id": "wsc2026-event-trail-111-412869002243",
            "policy": "{\"Statement\":[{\"Action\":\"s3:GetBucketAcl\",\"Condition\":{\"StringEquals\":{\"aws:SourceArn\":\"arn:aws:cloudtrail:eu-west-1:412869002243:trail/wsc2026-event-trail\"}},\"Effect\":\"Allow\",\"Principal\":{\"Service\":\"cloudtrail.amazonaws.com\"},\"Resource\":\"arn:aws:s3:::wsc2026-event-trail-111-412869002243\",\"Sid\":\"AWSCloudTrailAclCheck\"},{\"Action\":\"s3:PutObject\",\"Condition\":{\"StringEquals\":{\"aws:SourceArn\":\"arn:aws:cloudtrail:eu-west-1:412869002243:trail/wsc2026-event-trail\",\"s3:x-amz-acl\":\"bucket-owner-full-control\"}},\"Effect\":\"Allow\",\"Principal\":{\"Service\":\"cloudtrail.amazonaws.com\"},\"Resource\":\"arn:aws:s3:::wsc2026-event-trail-111-412869002243/AWSLogs/412869002243/*\",\"Sid\":\"AWSCloudTrailWrite\"}],\"Version\":\"2012-10-17\"}"
          },
          "sensitive_attributes": [],
          "identity_schema_version": 0,
          "private": "bnVsbA==",
          "dependencies": [
            "aws_s3_bucket.trail",
            "data.aws_caller_identity.current",
            "data.aws_iam_policy_document.trail_bucket",
            "data.aws_partition.current"
          ]
        }
      ]
    },
    {
      "mode": "managed",
      "type": "aws_s3_bucket_public_access_block",
      "name": "config",
      "provider": "provider[\"registry.terraform.io/hashicorp/aws\"]",
      "instances": [
        {
          "schema_version": 0,
          "attributes": {
            "block_public_acls": true,
            "block_public_policy": true,
            "bucket": "wsc2026-event-config-111-412869002243",
            "id": "wsc2026-event-config-111-412869002243",
            "ignore_public_acls": true,
            "restrict_public_buckets": true
          },
          "sensitive_attributes": [],
          "identity_schema_version": 0,
          "private": "bnVsbA==",
          "dependencies": [
            "aws_s3_bucket.config",
            "data.aws_caller_identity.current"
          ]
        }
      ]
    },
    {
      "mode": "managed",
      "type": "aws_s3_bucket_public_access_block",
      "name": "trail",
      "provider": "provider[\"registry.terraform.io/hashicorp/aws\"]",
      "instances": [
        {
          "schema_version": 0,
          "attributes": {
            "block_public_acls": true,
            "block_public_policy": true,
            "bucket": "wsc2026-event-trail-111-412869002243",
            "id": "wsc2026-event-trail-111-412869002243",
            "ignore_public_acls": true,
            "restrict_public_buckets": true
          },
          "sensitive_attributes": [],
          "identity_schema_version": 0,
          "private": "bnVsbA==",
          "dependencies": [
            "aws_s3_bucket.trail",
            "data.aws_caller_identity.current"
          ]
        }
      ]
    },
    {
      "mode": "managed",
      "type": "aws_security_group",
      "name": "ec2",
      "provider": "provider[\"registry.terraform.io/hashicorp/aws\"]",
      "instances": [
        {
          "schema_version": 1,
          "attributes": {
            "arn": "arn:aws:ec2:eu-west-1:412869002243:security-group/sg-0e6ced721ba71f493",
            "description": "wsc2026 event ec2 - no inbound (minimum)",
            "egress": [],
            "id": "sg-0e6ced721ba71f493",
            "ingress": [],
            "name": "wsc2026-event-sg",
            "name_prefix": "",
            "owner_id": "412869002243",
            "revoke_rules_on_delete": false,
            "tags": {
              "Name": "wsc2026-event-sg"
            },
            "tags_all": {
              "Name": "wsc2026-event-sg",
              "Project": "wsc2026-event"
            },
            "timeouts": null,
            "vpc_id": "vpc-0c91c66f70b4e999b"
          },
          "sensitive_attributes": [],
          "identity_schema_version": 0,
          "private": "eyJlMmJmYjczMC1lY2FhLTExZTYtOGY4OC0zNDM2M2JjN2M0YzAiOnsiY3JlYXRlIjo2MDAwMDAwMDAwMDAsImRlbGV0ZSI6OTAwMDAwMDAwMDAwfSwic2NoZW1hX3ZlcnNpb24iOiIxIn0=",
          "dependencies": [
            "aws_vpc.main"
          ]
        }
      ]
    },
    {
      "mode": "managed",
      "type": "aws_sns_topic",
      "name": "alert",
      "provider": "provider[\"registry.terraform.io/hashicorp/aws\"]",
      "instances": [
        {
          "schema_version": 0,
          "attributes": {
            "application_failure_feedback_role_arn": "",
            "application_success_feedback_role_arn": "",
            "application_success_feedback_sample_rate": 0,
            "archive_policy": "",
            "arn": "arn:aws:sns:eu-west-1:412869002243:wsc2026-event-alert",
            "beginning_archive_time": "",
            "content_based_deduplication": false,
            "delivery_policy": "",
            "display_name": "WSC2026 Event Alert",
            "fifo_throughput_scope": "",
            "fifo_topic": false,
            "firehose_failure_feedback_role_arn": "",
            "firehose_success_feedback_role_arn": "",
            "firehose_success_feedback_sample_rate": 0,
            "http_failure_feedback_role_arn": "",
            "http_success_feedback_role_arn": "",
            "http_success_feedback_sample_rate": 0,
            "id": "arn:aws:sns:eu-west-1:412869002243:wsc2026-event-alert",
            "kms_master_key_id": "",
            "lambda_failure_feedback_role_arn": "",
            "lambda_success_feedback_role_arn": "",
            "lambda_success_feedback_sample_rate": 0,
            "name": "wsc2026-event-alert",
            "name_prefix": "",
            "owner": "412869002243",
            "policy": "{\"Id\":\"__default_policy_ID\",\"Statement\":[{\"Action\":[\"SNS:GetTopicAttributes\",\"SNS:SetTopicAttributes\",\"SNS:AddPermission\",\"SNS:RemovePermission\",\"SNS:DeleteTopic\",\"SNS:Subscribe\",\"SNS:ListSubscriptionsByTopic\",\"SNS:Publish\"],\"Condition\":{\"StringEquals\":{\"AWS:SourceOwner\":\"412869002243\"}},\"Effect\":\"Allow\",\"Principal\":{\"AWS\":\"*\"},\"Resource\":\"arn:aws:sns:eu-west-1:412869002243:wsc2026-event-alert\",\"Sid\":\"__default_statement_ID\"}],\"Version\":\"2008-10-17\"}",
            "signature_version": 0,
            "sqs_failure_feedback_role_arn": "",
            "sqs_success_feedback_role_arn": "",
            "sqs_success_feedback_sample_rate": 0,
            "tags": null,
            "tags_all": {
              "Project": "wsc2026-event"
            },
            "tracing_config": ""
          },
          "sensitive_attributes": [],
          "identity_schema_version": 0,
          "private": "bnVsbA=="
        }
      ]
    },
    {
      "mode": "managed",
      "type": "aws_subnet",
      "name": "this",
      "provider": "provider[\"registry.terraform.io/hashicorp/aws\"]",
      "instances": [
        {
          "index_key": "event-pub-a",
          "schema_version": 1,
          "attributes": {
            "arn": "arn:aws:ec2:eu-west-1:412869002243:subnet/subnet-09dfae6a88c6884c8",
            "assign_ipv6_address_on_creation": false,
            "availability_zone": "eu-west-1a",
            "availability_zone_id": "euw1-az2",
            "cidr_block": "172.16.0.0/24",
            "customer_owned_ipv4_pool": "",
            "enable_dns64": false,
            "enable_lni_at_device_index": 0,
            "enable_resource_name_dns_a_record_on_launch": false,
            "enable_resource_name_dns_aaaa_record_on_launch": false,
            "id": "subnet-09dfae6a88c6884c8",
            "ipv6_cidr_block": "",
            "ipv6_cidr_block_association_id": "",
            "ipv6_native": false,
            "map_customer_owned_ip_on_launch": false,
            "map_public_ip_on_launch": true,
            "outpost_arn": "",
            "owner_id": "412869002243",
            "private_dns_hostname_type_on_launch": "ip-name",
            "tags": {
              "Name": "event-pub-a"
            },
            "tags_all": {
              "Name": "event-pub-a",
              "Project": "wsc2026-event"
            },
            "timeouts": null,
            "vpc_id": "vpc-0c91c66f70b4e999b"
          },
          "sensitive_attributes": [],
          "identity_schema_version": 0,
          "private": "eyJlMmJmYjczMC1lY2FhLTExZTYtOGY4OC0zNDM2M2JjN2M0YzAiOnsiY3JlYXRlIjo2MDAwMDAwMDAwMDAsImRlbGV0ZSI6MTIwMDAwMDAwMDAwMH0sInNjaGVtYV92ZXJzaW9uIjoiMSJ9",
          "dependencies": [
            "aws_vpc.main"
          ]
        },
        {
          "index_key": "event-pub-b",
          "schema_version": 1,
          "attributes": {
            "arn": "arn:aws:ec2:eu-west-1:412869002243:subnet/subnet-0fc241d9ce6bc24e0",
            "assign_ipv6_address_on_creation": false,
            "availability_zone": "eu-west-1b",
            "availability_zone_id": "euw1-az3",
            "cidr_block": "172.16.1.0/24",
            "customer_owned_ipv4_pool": "",
            "enable_dns64": false,
            "enable_lni_at_device_index": 0,
            "enable_resource_name_dns_a_record_on_launch": false,
            "enable_resource_name_dns_aaaa_record_on_launch": false,
            "id": "subnet-0fc241d9ce6bc24e0",
            "ipv6_cidr_block": "",
            "ipv6_cidr_block_association_id": "",
            "ipv6_native": false,
            "map_customer_owned_ip_on_launch": false,
            "map_public_ip_on_launch": true,
            "outpost_arn": "",
            "owner_id": "412869002243",
            "private_dns_hostname_type_on_launch": "ip-name",
            "tags": {
              "Name": "event-pub-b"
            },
            "tags_all": {
              "Name": "event-pub-b",
              "Project": "wsc2026-event"
            },
            "timeouts": null,
            "vpc_id": "vpc-0c91c66f70b4e999b"
          },
          "sensitive_attributes": [],
          "identity_schema_version": 0,
          "private": "eyJlMmJmYjczMC1lY2FhLTExZTYtOGY4OC0zNDM2M2JjN2M0YzAiOnsiY3JlYXRlIjo2MDAwMDAwMDAwMDAsImRlbGV0ZSI6MTIwMDAwMDAwMDAwMH0sInNjaGVtYV92ZXJzaW9uIjoiMSJ9",
          "dependencies": [
            "aws_vpc.main"
          ]
        }
      ]
    },
    {
      "mode": "managed",
      "type": "aws_vpc",
      "name": "main",
      "provider": "provider[\"registry.terraform.io/hashicorp/aws\"]",
      "instances": [
        {
          "schema_version": 1,
          "attributes": {
            "arn": "arn:aws:ec2:eu-west-1:412869002243:vpc/vpc-0c91c66f70b4e999b",
            "assign_generated_ipv6_cidr_block": false,
            "cidr_block": "172.16.0.0/16",
            "default_network_acl_id": "acl-0325a5ca861237dc5",
            "default_route_table_id": "rtb-0a317164113ccfec1",
            "default_security_group_id": "sg-04bbce436b025e7a3",
            "dhcp_options_id": "dopt-0524f84cf4a54b246",
            "enable_dns_hostnames": true,
            "enable_dns_support": true,
            "enable_network_address_usage_metrics": false,
            "id": "vpc-0c91c66f70b4e999b",
            "instance_tenancy": "default",
            "ipv4_ipam_pool_id": null,
            "ipv4_netmask_length": null,
            "ipv6_association_id": "",
            "ipv6_cidr_block": "",
            "ipv6_cidr_block_network_border_group": "",
            "ipv6_ipam_pool_id": "",
            "ipv6_netmask_length": 0,
            "main_route_table_id": "rtb-0a317164113ccfec1",
            "owner_id": "412869002243",
            "tags": {
              "Name": "event-vpc"
            },
            "tags_all": {
              "Name": "event-vpc",
              "Project": "wsc2026-event"
            }
          },
          "sensitive_attributes": [],
          "identity_schema_version": 0,
          "private": "eyJzY2hlbWFfdmVyc2lvbiI6IjEifQ=="
        }
      ]
    },
    {
      "mode": "managed",
      "type": "aws_vpc_security_group_egress_rule",
      "name": "ec2_all",
      "provider": "provider[\"registry.terraform.io/hashicorp/aws\"]",
      "instances": [
        {
          "schema_version": 0,
          "attributes": {
            "arn": "arn:aws:ec2:eu-west-1:412869002243:security-group-rule/sgr-0115e3ebfcb55ae43",
            "cidr_ipv4": "0.0.0.0/0",
            "cidr_ipv6": null,
            "description": "outbound all",
            "from_port": null,
            "id": "sgr-0115e3ebfcb55ae43",
            "ip_protocol": "-1",
            "prefix_list_id": null,
            "referenced_security_group_id": null,
            "security_group_id": "sg-0e6ced721ba71f493",
            "security_group_rule_id": "sgr-0115e3ebfcb55ae43",
            "tags": null,
            "tags_all": {
              "Project": "wsc2026-event"
            },
            "to_port": null
          },
          "sensitive_attributes": [],
          "identity_schema_version": 0,
          "dependencies": [
            "aws_security_group.ec2",
            "aws_vpc.main"
          ]
        }
      ]
    }
  ],
  "check_results": [
    {
      "object_kind": "var",
      "config_addr": "var.student_number",
      "status": "pass",
      "objects": [
        {
          "object_addr": "var.student_number",
          "status": "pass"
        }
      ]
    }
  ]
}
