{
  "version": 4,
  "terraform_version": "1.14.3",
  "serial": 104,
  "lineage": "1e913924-f296-ba67-4251-40f999c9e53d",
  "outputs": {
    "alert_bucket": {
      "value": "wsc2026-sensor-alert-bucket-111",
      "type": "string"
    },
    "check_commands": {
      "value": "export AWS_DEFAULT_REGION=ap-northeast-1\nCLUSTER_ARN=arn:aws:kafka:ap-northeast-1:412869002243:cluster/wsc2026-msk-cluster/347e5bcf-bbc3-44f0-941c-62ecac634e6d-3\nBUCKET_NAME=wsc2026-sensor-alert-bucket-111\n\naws kafka describe-cluster --cluster-arn $CLUSTER_ARN \\\n  --query \"ClusterInfo.[ClusterName,State,CurrentBrokerSoftwareInfo.KafkaVersion,BrokerNodeGroupInfo.InstanceType,ClientAuthentication.Sasl.Iam.Enabled]\" --output text\n\naws dynamodb scan --table-name wsc2026-sensor-data --max-items 1 \\\n  --query \"Items[0].{sensorId:sensorId.S,temperature:temperature.S,status:status.S}\" --output json\n",
      "type": "string"
    },
    "dynamodb_table": {
      "value": "wsc2026-sensor-data",
      "type": "string"
    },
    "msk_bootstrap_brokers_sasl_iam": {
      "value": "b-1.wsc2026mskcluster.fa9g7f.c3.kafka.ap-northeast-1.amazonaws.com:9098,b-2.wsc2026mskcluster.fa9g7f.c3.kafka.ap-northeast-1.amazonaws.com:9098",
      "type": "string"
    },
    "msk_cluster_arn": {
      "value": "arn:aws:kafka:ap-northeast-1:412869002243:cluster/wsc2026-msk-cluster/347e5bcf-bbc3-44f0-941c-62ecac634e6d-3",
      "type": "string"
    },
    "producer_instance_id": {
      "value": "i-01069603d54127534",
      "type": "string"
    }
  },
  "resources": [
    {
      "mode": "data",
      "type": "archive_file",
      "name": "alert_consumer",
      "provider": "provider[\"registry.terraform.io/hashicorp/archive\"]",
      "instances": [
        {
          "schema_version": 0,
          "attributes": {
            "exclude_symlink_directories": null,
            "excludes": null,
            "id": "f17333259dbb9f9bbd7ffd11e5d642ff51d5bed2",
            "output_base64sha256": "rS5YOtCT2iEUKSnBzjBMfQTm8WmVa/cB2gV1rvC5OjU=",
            "output_base64sha512": "O0hMuML1Yk0f8n1/H//eFnnw/UhL+Xh+PcIBGXoTvC3bpQh+suvx4NDz0H82wgbUDNAK8l5lW3tVUAaBskHGWA==",
            "output_file_mode": null,
            "output_md5": "b315479f91e5a94b14eb33760e2f36e4",
            "output_path": "./build/alert_consumer.zip",
            "output_sha": "f17333259dbb9f9bbd7ffd11e5d642ff51d5bed2",
            "output_sha256": "ad2e583ad093da21142929c1ce304c7d04e6f169956bf701da0575aef0b93a35",
            "output_sha512": "3b484cb8c2f5624d1ff27d7f1fffde1679f0fd484bf9787e3dc201197a13bc2ddba5087eb2ebf1e0d0f3d07f36c206d40cd00af25e655b7b55500681b241c658",
            "output_size": 1165,
            "source": [],
            "source_content": null,
            "source_content_filename": null,
            "source_dir": null,
            "source_file": "./src/alert_consumer/index.py",
            "type": "zip"
          },
          "sensitive_attributes": [],
          "identity_schema_version": 0
        }
      ]
    },
    {
      "mode": "data",
      "type": "archive_file",
      "name": "consumer",
      "provider": "provider[\"registry.terraform.io/hashicorp/archive\"]",
      "instances": [
        {
          "schema_version": 0,
          "attributes": {
            "exclude_symlink_directories": null,
            "excludes": null,
            "id": "95aef0568c582e6f9e1dfe53e7dfbe3bacb990ea",
            "output_base64sha256": "pyWvP1acXQi8m7rIWGmtcovApvu2voE037dJD44n+as=",
            "output_base64sha512": "iEi4eECj7gy6YQSDytBj127IU9Bn3NddXoUJFM8BipH8cbd6iM5PvnHzzpR58bL0jlG43TNbJLZ9ah7+I3oDXw==",
            "output_file_mode": null,
            "output_md5": "7323353b1fe98b4dc0614d55fe722688",
            "output_path": "./build/consumer.zip",
            "output_sha": "95aef0568c582e6f9e1dfe53e7dfbe3bacb990ea",
            "output_sha256": "a725af3f569c5d08bc9bbac85869ad728bc0a6fbb6be8134dfb7490f8e27f9ab",
            "output_sha512": "8848b87840a3ee0cba610483cad063d76ec853d067dcd75d5e850914cf018a91fc71b77a88ce4fbe71f3ce9479f1b2f48e51b8dd335b24b67d6a1efe237a035f",
            "output_size": 1805,
            "source": [],
            "source_content": null,
            "source_content_filename": null,
            "source_dir": null,
            "source_file": "./src/consumer/index.py",
            "type": "zip"
          },
          "sensitive_attributes": [],
          "identity_schema_version": 0
        }
      ]
    },
    {
      "mode": "data",
      "type": "aws_caller_identity",
      "name": "current",
      "provider": "provider[\"registry.terraform.io/hashicorp/aws\"]",
      "instances": [
        {
          "schema_version": 0,
          "attributes": {
            "account_id": "412869002243",
            "arn": "arn:aws:iam::412869002243:user/kooleewan",
            "id": "412869002243",
            "user_id": "AIDAWAIHJAQB46PXDLJVU"
          },
          "sensitive_attributes": [],
          "identity_schema_version": 0
        }
      ]
    },
    {
      "mode": "data",
      "type": "aws_iam_policy_document",
      "name": "ec2_assume",
      "provider": "provider[\"registry.terraform.io/hashicorp/aws\"]",
      "instances": [
        {
          "schema_version": 0,
          "attributes": {
            "id": "2851119427",
            "json": "{\n  \"Version\": \"2012-10-17\",\n  \"Statement\": [\n    {\n      \"Effect\": \"Allow\",\n      \"Action\": \"sts:AssumeRole\",\n      \"Principal\": {\n        \"Service\": \"ec2.amazonaws.com\"\n      }\n    }\n  ]\n}",
            "minified_json": "{\"Version\":\"2012-10-17\",\"Statement\":[{\"Effect\":\"Allow\",\"Action\":\"sts:AssumeRole\",\"Principal\":{\"Service\":\"ec2.amazonaws.com\"}}]}",
            "override_json": null,
            "override_policy_documents": null,
            "policy_id": null,
            "source_json": null,
            "source_policy_documents": null,
            "statement": [
              {
                "actions": [
                  "sts:AssumeRole"
                ],
                "condition": [],
                "effect": "Allow",
                "not_actions": [],
                "not_principals": [],
                "not_resources": [],
                "principals": [
                  {
                    "identifiers": [
                      "ec2.amazonaws.com"
                    ],
                    "type": "Service"
                  }
                ],
                "resources": [],
                "sid": ""
              }
            ],
            "version": "2012-10-17"
          },
          "sensitive_attributes": [],
          "identity_schema_version": 0
        }
      ]
    },
    {
      "mode": "data",
      "type": "aws_iam_policy_document",
      "name": "ec2_layer_build",
      "provider": "provider[\"registry.terraform.io/hashicorp/aws\"]",
      "instances": [
        {
          "schema_version": 0,
          "attributes": {
            "id": "251632807",
            "json": "{\n  \"Version\": \"2012-10-17\",\n  \"Statement\": [\n    {\n      \"Sid\": \"PublishKafkaLayer\",\n      \"Effect\": \"Allow\",\n      \"Action\": [\n        \"lambda:UpdateFunctionConfiguration\",\n        \"lambda:PublishLayerVersion\",\n        \"lambda:GetFunctionConfiguration\",\n        \"lambda:GetFunction\"\n      ],\n      \"Resource\": [\n        \"arn:aws:lambda:ap-northeast-1:412869002243:layer:wsc2026-kafka-layer:*\",\n        \"arn:aws:lambda:ap-northeast-1:412869002243:layer:wsc2026-kafka-layer\",\n        \"arn:aws:lambda:ap-northeast-1:412869002243:function:wsc2026-sensor-consumer\"\n      ]\n    }\n  ]\n}",
            "minified_json": "{\"Version\":\"2012-10-17\",\"Statement\":[{\"Sid\":\"PublishKafkaLayer\",\"Effect\":\"Allow\",\"Action\":[\"lambda:UpdateFunctionConfiguration\",\"lambda:PublishLayerVersion\",\"lambda:GetFunctionConfiguration\",\"lambda:GetFunction\"],\"Resource\":[\"arn:aws:lambda:ap-northeast-1:412869002243:layer:wsc2026-kafka-layer:*\",\"arn:aws:lambda:ap-northeast-1:412869002243:layer:wsc2026-kafka-layer\",\"arn:aws:lambda:ap-northeast-1:412869002243:function:wsc2026-sensor-consumer\"]}]}",
            "override_json": null,
            "override_policy_documents": null,
            "policy_id": null,
            "source_json": null,
            "source_policy_documents": null,
            "statement": [
              {
                "actions": [
                  "lambda:GetFunction",
                  "lambda:GetFunctionConfiguration",
                  "lambda:PublishLayerVersion",
                  "lambda:UpdateFunctionConfiguration"
                ],
                "condition": [],
                "effect": "Allow",
                "not_actions": [],
                "not_principals": [],
                "not_resources": [],
                "principals": [],
                "resources": [
                  "arn:aws:lambda:ap-northeast-1:412869002243:function:wsc2026-sensor-consumer",
                  "arn:aws:lambda:ap-northeast-1:412869002243:layer:wsc2026-kafka-layer",
                  "arn:aws:lambda:ap-northeast-1:412869002243:layer:wsc2026-kafka-layer:*"
                ],
                "sid": "PublishKafkaLayer"
              }
            ],
            "version": "2012-10-17"
          },
          "sensitive_attributes": [],
          "identity_schema_version": 0
        }
      ]
    },
    {
      "mode": "data",
      "type": "aws_iam_policy_document",
      "name": "ec2_policy",
      "provider": "provider[\"registry.terraform.io/hashicorp/aws\"]",
      "instances": [
        {
          "schema_version": 0,
          "attributes": {
            "id": "554894484",
            "json": "{\n  \"Version\": \"2012-10-17\",\n  \"Statement\": [\n    {\n      \"Sid\": \"MskDescribe\",\n      \"Effect\": \"Allow\",\n      \"Action\": [\n        \"kafka:GetBootstrapBrokers\",\n        \"kafka:DescribeClusterV2\",\n        \"kafka:DescribeCluster\"\n      ],\n      \"Resource\": \"arn:aws:kafka:ap-northeast-1:412869002243:cluster/wsc2026-msk-cluster/347e5bcf-bbc3-44f0-941c-62ecac634e6d-3\"\n    },\n    {\n      \"Sid\": \"MskConnect\",\n      \"Effect\": \"Allow\",\n      \"Action\": [\n        \"kafka-cluster:DescribeCluster\",\n        \"kafka-cluster:Connect\",\n        \"kafka-cluster:AlterCluster\"\n      ],\n      \"Resource\": \"arn:aws:kafka:ap-northeast-1:412869002243:cluster/wsc2026-msk-cluster/347e5bcf-bbc3-44f0-941c-62ecac634e6d-3\"\n    },\n    {\n      \"Sid\": \"MskTopic\",\n      \"Effect\": \"Allow\",\n      \"Action\": [\n        \"kafka-cluster:WriteData\",\n        \"kafka-cluster:ReadData\",\n        \"kafka-cluster:DescribeTopicDynamicConfiguration\",\n        \"kafka-cluster:DescribeTopic\",\n        \"kafka-cluster:CreateTopic\",\n        \"kafka-cluster:AlterTopicDynamicConfiguration\",\n        \"kafka-cluster:AlterTopic\"\n      ],\n      \"Resource\": \"arn:aws:kafka:ap-northeast-1:412869002243:topic/wsc2026-msk-cluster/347e5bcf-bbc3-44f0-941c-62ecac634e6d-3/*\"\n    },\n    {\n      \"Sid\": \"MskGroup\",\n      \"Effect\": \"Allow\",\n      \"Action\": [\n        \"kafka-cluster:DescribeGroup\",\n        \"kafka-cluster:AlterGroup\"\n      ],\n      \"Resource\": \"arn:aws:kafka:ap-northeast-1:412869002243:group/wsc2026-msk-cluster/347e5bcf-bbc3-44f0-941c-62ecac634e6d-3/*\"\n    },\n    {\n      \"Sid\": \"ArtifactBucketAccess\",\n      \"Effect\": \"Allow\",\n      \"Action\": [\n        \"s3:PutObject\",\n        \"s3:GetObject\"\n      ],\n      \"Resource\": \"arn:aws:s3:::wsc2026-msk-artifacts-111-412869002243/*\"\n    },\n    {\n      \"Sid\": \"ArtifactBucketList\",\n      \"Effect\": \"Allow\",\n      \"Action\": \"s3:ListBucket\",\n      \"Resource\": \"arn:aws:s3:::wsc2026-msk-artifacts-111-412869002243\"\n    }\n  ]\n}",
            "minified_json": "{\"Version\":\"2012-10-17\",\"Statement\":[{\"Sid\":\"MskDescribe\",\"Effect\":\"Allow\",\"Action\":[\"kafka:GetBootstrapBrokers\",\"kafka:DescribeClusterV2\",\"kafka:DescribeCluster\"],\"Resource\":\"arn:aws:kafka:ap-northeast-1:412869002243:cluster/wsc2026-msk-cluster/347e5bcf-bbc3-44f0-941c-62ecac634e6d-3\"},{\"Sid\":\"MskConnect\",\"Effect\":\"Allow\",\"Action\":[\"kafka-cluster:DescribeCluster\",\"kafka-cluster:Connect\",\"kafka-cluster:AlterCluster\"],\"Resource\":\"arn:aws:kafka:ap-northeast-1:412869002243:cluster/wsc2026-msk-cluster/347e5bcf-bbc3-44f0-941c-62ecac634e6d-3\"},{\"Sid\":\"MskTopic\",\"Effect\":\"Allow\",\"Action\":[\"kafka-cluster:WriteData\",\"kafka-cluster:ReadData\",\"kafka-cluster:DescribeTopicDynamicConfiguration\",\"kafka-cluster:DescribeTopic\",\"kafka-cluster:CreateTopic\",\"kafka-cluster:AlterTopicDynamicConfiguration\",\"kafka-cluster:AlterTopic\"],\"Resource\":\"arn:aws:kafka:ap-northeast-1:412869002243:topic/wsc2026-msk-cluster/347e5bcf-bbc3-44f0-941c-62ecac634e6d-3/*\"},{\"Sid\":\"MskGroup\",\"Effect\":\"Allow\",\"Action\":[\"kafka-cluster:DescribeGroup\",\"kafka-cluster:AlterGroup\"],\"Resource\":\"arn:aws:kafka:ap-northeast-1:412869002243:group/wsc2026-msk-cluster/347e5bcf-bbc3-44f0-941c-62ecac634e6d-3/*\"},{\"Sid\":\"ArtifactBucketAccess\",\"Effect\":\"Allow\",\"Action\":[\"s3:PutObject\",\"s3:GetObject\"],\"Resource\":\"arn:aws:s3:::wsc2026-msk-artifacts-111-412869002243/*\"},{\"Sid\":\"ArtifactBucketList\",\"Effect\":\"Allow\",\"Action\":\"s3:ListBucket\",\"Resource\":\"arn:aws:s3:::wsc2026-msk-artifacts-111-412869002243\"}]}",
            "override_json": null,
            "override_policy_documents": null,
            "policy_id": null,
            "source_json": null,
            "source_policy_documents": null,
            "statement": [
              {
                "actions": [
                  "kafka:DescribeCluster",
                  "kafka:DescribeClusterV2",
                  "kafka:GetBootstrapBrokers"
                ],
                "condition": [],
                "effect": "Allow",
                "not_actions": [],
                "not_principals": [],
                "not_resources": [],
                "principals": [],
                "resources": [
                  "arn:aws:kafka:ap-northeast-1:412869002243:cluster/wsc2026-msk-cluster/347e5bcf-bbc3-44f0-941c-62ecac634e6d-3"
                ],
                "sid": "MskDescribe"
              },
              {
                "actions": [
                  "kafka-cluster:AlterCluster",
                  "kafka-cluster:Connect",
                  "kafka-cluster:DescribeCluster"
                ],
                "condition": [],
                "effect": "Allow",
                "not_actions": [],
                "not_principals": [],
                "not_resources": [],
                "principals": [],
                "resources": [
                  "arn:aws:kafka:ap-northeast-1:412869002243:cluster/wsc2026-msk-cluster/347e5bcf-bbc3-44f0-941c-62ecac634e6d-3"
                ],
                "sid": "MskConnect"
              },
              {
                "actions": [
                  "kafka-cluster:AlterTopic",
                  "kafka-cluster:AlterTopicDynamicConfiguration",
                  "kafka-cluster:CreateTopic",
                  "kafka-cluster:DescribeTopic",
                  "kafka-cluster:DescribeTopicDynamicConfiguration",
                  "kafka-cluster:ReadData",
                  "kafka-cluster:WriteData"
                ],
                "condition": [],
                "effect": "Allow",
                "not_actions": [],
                "not_principals": [],
                "not_resources": [],
                "principals": [],
                "resources": [
                  "arn:aws:kafka:ap-northeast-1:412869002243:topic/wsc2026-msk-cluster/347e5bcf-bbc3-44f0-941c-62ecac634e6d-3/*"
                ],
                "sid": "MskTopic"
              },
              {
                "actions": [
                  "kafka-cluster:AlterGroup",
                  "kafka-cluster:DescribeGroup"
                ],
                "condition": [],
                "effect": "Allow",
                "not_actions": [],
                "not_principals": [],
                "not_resources": [],
                "principals": [],
                "resources": [
                  "arn:aws:kafka:ap-northeast-1:412869002243:group/wsc2026-msk-cluster/347e5bcf-bbc3-44f0-941c-62ecac634e6d-3/*"
                ],
                "sid": "MskGroup"
              },
              {
                "actions": [
                  "s3:GetObject",
                  "s3:PutObject"
                ],
                "condition": [],
                "effect": "Allow",
                "not_actions": [],
                "not_principals": [],
                "not_resources": [],
                "principals": [],
                "resources": [
                  "arn:aws:s3:::wsc2026-msk-artifacts-111-412869002243/*"
                ],
                "sid": "ArtifactBucketAccess"
              },
              {
                "actions": [
                  "s3:ListBucket"
                ],
                "condition": [],
                "effect": "Allow",
                "not_actions": [],
                "not_principals": [],
                "not_resources": [],
                "principals": [],
                "resources": [
                  "arn:aws:s3:::wsc2026-msk-artifacts-111-412869002243"
                ],
                "sid": "ArtifactBucketList"
              }
            ],
            "version": "2012-10-17"
          },
          "sensitive_attributes": [],
          "identity_schema_version": 0
        }
      ]
    },
    {
      "mode": "data",
      "type": "aws_iam_policy_document",
      "name": "lambda_assume",
      "provider": "provider[\"registry.terraform.io/hashicorp/aws\"]",
      "instances": [
        {
          "schema_version": 0,
          "attributes": {
            "id": "2690255455",
            "json": "{\n  \"Version\": \"2012-10-17\",\n  \"Statement\": [\n    {\n      \"Effect\": \"Allow\",\n      \"Action\": \"sts:AssumeRole\",\n      \"Principal\": {\n        \"Service\": \"lambda.amazonaws.com\"\n      }\n    }\n  ]\n}",
            "minified_json": "{\"Version\":\"2012-10-17\",\"Statement\":[{\"Effect\":\"Allow\",\"Action\":\"sts:AssumeRole\",\"Principal\":{\"Service\":\"lambda.amazonaws.com\"}}]}",
            "override_json": null,
            "override_policy_documents": null,
            "policy_id": null,
            "source_json": null,
            "source_policy_documents": null,
            "statement": [
              {
                "actions": [
                  "sts:AssumeRole"
                ],
                "condition": [],
                "effect": "Allow",
                "not_actions": [],
                "not_principals": [],
                "not_resources": [],
                "principals": [
                  {
                    "identifiers": [
                      "lambda.amazonaws.com"
                    ],
                    "type": "Service"
                  }
                ],
                "resources": [],
                "sid": ""
              }
            ],
            "version": "2012-10-17"
          },
          "sensitive_attributes": [],
          "identity_schema_version": 0
        }
      ]
    },
    {
      "mode": "data",
      "type": "aws_iam_policy_document",
      "name": "lambda_policy",
      "provider": "provider[\"registry.terraform.io/hashicorp/aws\"]",
      "instances": [
        {
          "schema_version": 0,
          "attributes": {
            "id": "3535761160",
            "json": "{\n  \"Version\": \"2012-10-17\",\n  \"Statement\": [\n    {\n      \"Sid\": \"SaveSensorData\",\n      \"Effect\": \"Allow\",\n      \"Action\": \"dynamodb:PutItem\",\n      \"Resource\": \"arn:aws:dynamodb:ap-northeast-1:412869002243:table/wsc2026-sensor-data\"\n    },\n    {\n      \"Sid\": \"PublishAlert\",\n      \"Effect\": \"Allow\",\n      \"Action\": \"sns:Publish\",\n      \"Resource\": \"arn:aws:sns:ap-northeast-1:412869002243:wsc2026-sensor-alert-topic\"\n    },\n    {\n      \"Sid\": \"SaveAlertLog\",\n      \"Effect\": \"Allow\",\n      \"Action\": \"s3:PutObject\",\n      \"Resource\": \"arn:aws:s3:::wsc2026-sensor-alert-bucket-111/alert/*\"\n    },\n    {\n      \"Sid\": \"MskConnect\",\n      \"Effect\": \"Allow\",\n      \"Action\": [\n        \"kafka-cluster:DescribeClusterDynamicConfiguration\",\n        \"kafka-cluster:DescribeCluster\",\n        \"kafka-cluster:Connect\"\n      ],\n      \"Resource\": \"arn:aws:kafka:ap-northeast-1:412869002243:cluster/wsc2026-msk-cluster/347e5bcf-bbc3-44f0-941c-62ecac634e6d-3\"\n    },\n    {\n      \"Sid\": \"MskTopicReadWrite\",\n      \"Effect\": \"Allow\",\n      \"Action\": [\n        \"kafka-cluster:WriteData\",\n        \"kafka-cluster:ReadData\",\n        \"kafka-cluster:DescribeTopicDynamicConfiguration\",\n        \"kafka-cluster:DescribeTopic\"\n      ],\n      \"Resource\": \"arn:aws:kafka:ap-northeast-1:412869002243:topic/wsc2026-msk-cluster/347e5bcf-bbc3-44f0-941c-62ecac634e6d-3/*\"\n    },\n    {\n      \"Sid\": \"MskConsumerGroup\",\n      \"Effect\": \"Allow\",\n      \"Action\": [\n        \"kafka-cluster:DescribeGroup\",\n        \"kafka-cluster:AlterGroup\"\n      ],\n      \"Resource\": \"arn:aws:kafka:ap-northeast-1:412869002243:group/wsc2026-msk-cluster/347e5bcf-bbc3-44f0-941c-62ecac634e6d-3/*\"\n    },\n    {\n      \"Sid\": \"GetBootstrapBrokers\",\n      \"Effect\": \"Allow\",\n      \"Action\": [\n        \"kafka:GetBootstrapBrokers\",\n        \"kafka:DescribeCluster\"\n      ],\n      \"Resource\": \"arn:aws:kafka:ap-northeast-1:412869002243:cluster/wsc2026-msk-cluster/347e5bcf-bbc3-44f0-941c-62ecac634e6d-3\"\n    }\n  ]\n}",
            "minified_json": "{\"Version\":\"2012-10-17\",\"Statement\":[{\"Sid\":\"SaveSensorData\",\"Effect\":\"Allow\",\"Action\":\"dynamodb:PutItem\",\"Resource\":\"arn:aws:dynamodb:ap-northeast-1:412869002243:table/wsc2026-sensor-data\"},{\"Sid\":\"PublishAlert\",\"Effect\":\"Allow\",\"Action\":\"sns:Publish\",\"Resource\":\"arn:aws:sns:ap-northeast-1:412869002243:wsc2026-sensor-alert-topic\"},{\"Sid\":\"SaveAlertLog\",\"Effect\":\"Allow\",\"Action\":\"s3:PutObject\",\"Resource\":\"arn:aws:s3:::wsc2026-sensor-alert-bucket-111/alert/*\"},{\"Sid\":\"MskConnect\",\"Effect\":\"Allow\",\"Action\":[\"kafka-cluster:DescribeClusterDynamicConfiguration\",\"kafka-cluster:DescribeCluster\",\"kafka-cluster:Connect\"],\"Resource\":\"arn:aws:kafka:ap-northeast-1:412869002243:cluster/wsc2026-msk-cluster/347e5bcf-bbc3-44f0-941c-62ecac634e6d-3\"},{\"Sid\":\"MskTopicReadWrite\",\"Effect\":\"Allow\",\"Action\":[\"kafka-cluster:WriteData\",\"kafka-cluster:ReadData\",\"kafka-cluster:DescribeTopicDynamicConfiguration\",\"kafka-cluster:DescribeTopic\"],\"Resource\":\"arn:aws:kafka:ap-northeast-1:412869002243:topic/wsc2026-msk-cluster/347e5bcf-bbc3-44f0-941c-62ecac634e6d-3/*\"},{\"Sid\":\"MskConsumerGroup\",\"Effect\":\"Allow\",\"Action\":[\"kafka-cluster:DescribeGroup\",\"kafka-cluster:AlterGroup\"],\"Resource\":\"arn:aws:kafka:ap-northeast-1:412869002243:group/wsc2026-msk-cluster/347e5bcf-bbc3-44f0-941c-62ecac634e6d-3/*\"},{\"Sid\":\"GetBootstrapBrokers\",\"Effect\":\"Allow\",\"Action\":[\"kafka:GetBootstrapBrokers\",\"kafka:DescribeCluster\"],\"Resource\":\"arn:aws:kafka:ap-northeast-1:412869002243:cluster/wsc2026-msk-cluster/347e5bcf-bbc3-44f0-941c-62ecac634e6d-3\"}]}",
            "override_json": null,
            "override_policy_documents": null,
            "policy_id": null,
            "source_json": null,
            "source_policy_documents": null,
            "statement": [
              {
                "actions": [
                  "dynamodb:PutItem"
                ],
                "condition": [],
                "effect": "Allow",
                "not_actions": [],
                "not_principals": [],
                "not_resources": [],
                "principals": [],
                "resources": [
                  "arn:aws:dynamodb:ap-northeast-1:412869002243:table/wsc2026-sensor-data"
                ],
                "sid": "SaveSensorData"
              },
              {
                "actions": [
                  "sns:Publish"
                ],
                "condition": [],
                "effect": "Allow",
                "not_actions": [],
                "not_principals": [],
                "not_resources": [],
                "principals": [],
                "resources": [
                  "arn:aws:sns:ap-northeast-1:412869002243:wsc2026-sensor-alert-topic"
                ],
                "sid": "PublishAlert"
              },
              {
                "actions": [
                  "s3:PutObject"
                ],
                "condition": [],
                "effect": "Allow",
                "not_actions": [],
                "not_principals": [],
                "not_resources": [],
                "principals": [],
                "resources": [
                  "arn:aws:s3:::wsc2026-sensor-alert-bucket-111/alert/*"
                ],
                "sid": "SaveAlertLog"
              },
              {
                "actions": [
                  "kafka-cluster:Connect",
                  "kafka-cluster:DescribeCluster",
                  "kafka-cluster:DescribeClusterDynamicConfiguration"
                ],
                "condition": [],
                "effect": "Allow",
                "not_actions": [],
                "not_principals": [],
                "not_resources": [],
                "principals": [],
                "resources": [
                  "arn:aws:kafka:ap-northeast-1:412869002243:cluster/wsc2026-msk-cluster/347e5bcf-bbc3-44f0-941c-62ecac634e6d-3"
                ],
                "sid": "MskConnect"
              },
              {
                "actions": [
                  "kafka-cluster:DescribeTopic",
                  "kafka-cluster:DescribeTopicDynamicConfiguration",
                  "kafka-cluster:ReadData",
                  "kafka-cluster:WriteData"
                ],
                "condition": [],
                "effect": "Allow",
                "not_actions": [],
                "not_principals": [],
                "not_resources": [],
                "principals": [],
                "resources": [
                  "arn:aws:kafka:ap-northeast-1:412869002243:topic/wsc2026-msk-cluster/347e5bcf-bbc3-44f0-941c-62ecac634e6d-3/*"
                ],
                "sid": "MskTopicReadWrite"
              },
              {
                "actions": [
                  "kafka-cluster:AlterGroup",
                  "kafka-cluster:DescribeGroup"
                ],
                "condition": [],
                "effect": "Allow",
                "not_actions": [],
                "not_principals": [],
                "not_resources": [],
                "principals": [],
                "resources": [
                  "arn:aws:kafka:ap-northeast-1:412869002243:group/wsc2026-msk-cluster/347e5bcf-bbc3-44f0-941c-62ecac634e6d-3/*"
                ],
                "sid": "MskConsumerGroup"
              },
              {
                "actions": [
                  "kafka:DescribeCluster",
                  "kafka:GetBootstrapBrokers"
                ],
                "condition": [],
                "effect": "Allow",
                "not_actions": [],
                "not_principals": [],
                "not_resources": [],
                "principals": [],
                "resources": [
                  "arn:aws:kafka:ap-northeast-1:412869002243:cluster/wsc2026-msk-cluster/347e5bcf-bbc3-44f0-941c-62ecac634e6d-3"
                ],
                "sid": "GetBootstrapBrokers"
              }
            ],
            "version": "2012-10-17"
          },
          "sensitive_attributes": [],
          "identity_schema_version": 0
        }
      ]
    },
    {
      "mode": "data",
      "type": "aws_partition",
      "name": "current",
      "provider": "provider[\"registry.terraform.io/hashicorp/aws\"]",
      "instances": [
        {
          "schema_version": 0,
          "attributes": {
            "dns_suffix": "amazonaws.com",
            "id": "aws",
            "partition": "aws",
            "reverse_dns_prefix": "com.amazonaws"
          },
          "sensitive_attributes": [],
          "identity_schema_version": 0
        }
      ]
    },
    {
      "mode": "data",
      "type": "aws_ssm_parameter",
      "name": "al2023",
      "provider": "provider[\"registry.terraform.io/hashicorp/aws\"]",
      "instances": [
        {
          "schema_version": 0,
          "attributes": {
            "arn": "arn:aws:ssm:ap-northeast-1::parameter/aws/service/ami-amazon-linux-latest/al2023-ami-kernel-6.1-x86_64",
            "id": "/aws/service/ami-amazon-linux-latest/al2023-ami-kernel-6.1-x86_64",
            "insecure_value": "ami-03107d83a97af3820",
            "name": "/aws/service/ami-amazon-linux-latest/al2023-ami-kernel-6.1-x86_64",
            "region": "ap-northeast-1",
            "type": "String",
            "value": "ami-03107d83a97af3820",
            "version": 182,
            "with_decryption": true
          },
          "sensitive_attributes": [
            [
              {
                "type": "get_attr",
                "value": "value"
              }
            ]
          ],
          "identity_schema_version": 0
        }
      ]
    },
    {
      "mode": "managed",
      "type": "aws_cloudwatch_log_group",
      "name": "alert_consumer",
      "provider": "provider[\"registry.terraform.io/hashicorp/aws\"]",
      "instances": [
        {
          "schema_version": 0,
          "attributes": {
            "arn": "arn:aws:logs:ap-northeast-1:412869002243:log-group:/aws/lambda/wsc2026-sensor-alert-consumer",
            "deletion_protection_enabled": false,
            "id": "/aws/lambda/wsc2026-sensor-alert-consumer",
            "kms_key_id": "",
            "log_group_class": "STANDARD",
            "name": "/aws/lambda/wsc2026-sensor-alert-consumer",
            "name_prefix": "",
            "region": "ap-northeast-1",
            "retention_in_days": 7,
            "skip_destroy": false,
            "tags": null,
            "tags_all": {
              "Project": "wsc2026-msk"
            }
          },
          "sensitive_attributes": [],
          "identity_schema_version": 0,
          "identity": {
            "account_id": "412869002243",
            "name": "/aws/lambda/wsc2026-sensor-alert-consumer",
            "region": "ap-northeast-1"
          },
          "private": "bnVsbA=="
        }
      ]
    },
    {
      "mode": "managed",
      "type": "aws_cloudwatch_log_group",
      "name": "consumer",
      "provider": "provider[\"registry.terraform.io/hashicorp/aws\"]",
      "instances": [
        {
          "schema_version": 0,
          "attributes": {
            "arn": "arn:aws:logs:ap-northeast-1:412869002243:log-group:/aws/lambda/wsc2026-sensor-consumer",
            "deletion_protection_enabled": false,
            "id": "/aws/lambda/wsc2026-sensor-consumer",
            "kms_key_id": "",
            "log_group_class": "STANDARD",
            "name": "/aws/lambda/wsc2026-sensor-consumer",
            "name_prefix": "",
            "region": "ap-northeast-1",
            "retention_in_days": 7,
            "skip_destroy": false,
            "tags": null,
            "tags_all": {
              "Project": "wsc2026-msk"
            }
          },
          "sensitive_attributes": [],
          "identity_schema_version": 0,
          "identity": {
            "account_id": "412869002243",
            "name": "/aws/lambda/wsc2026-sensor-consumer",
            "region": "ap-northeast-1"
          },
          "private": "bnVsbA=="
        }
      ]
    },
    {
      "mode": "managed",
      "type": "aws_cloudwatch_log_group",
      "name": "msk",
      "provider": "provider[\"registry.terraform.io/hashicorp/aws\"]",
      "instances": [
        {
          "schema_version": 0,
          "attributes": {
            "arn": "arn:aws:logs:ap-northeast-1:412869002243:log-group:/aws/msk/wsc2026-msk-cluster",
            "deletion_protection_enabled": false,
            "id": "/aws/msk/wsc2026-msk-cluster",
            "kms_key_id": "",
            "log_group_class": "STANDARD",
            "name": "/aws/msk/wsc2026-msk-cluster",
            "name_prefix": "",
            "region": "ap-northeast-1",
            "retention_in_days": 7,
            "skip_destroy": false,
            "tags": null,
            "tags_all": {
              "Project": "wsc2026-msk"
            }
          },
          "sensitive_attributes": [],
          "identity_schema_version": 0,
          "identity": {
            "account_id": "412869002243",
            "name": "/aws/msk/wsc2026-msk-cluster",
            "region": "ap-northeast-1"
          },
          "private": "bnVsbA=="
        }
      ]
    },
    {
      "mode": "managed",
      "type": "aws_dynamodb_table",
      "name": "sensor",
      "provider": "provider[\"registry.terraform.io/hashicorp/aws\"]",
      "instances": [
        {
          "schema_version": 1,
          "attributes": {
            "arn": "arn:aws:dynamodb:ap-northeast-1:412869002243:table/wsc2026-sensor-data",
            "attribute": [
              {
                "name": "sensorId",
                "type": "S"
              },
              {
                "name": "timestamp",
                "type": "S"
              }
            ],
            "billing_mode": "PAY_PER_REQUEST",
            "deletion_protection_enabled": false,
            "global_secondary_index": [],
            "global_table_witness": [],
            "hash_key": "sensorId",
            "id": "wsc2026-sensor-data",
            "import_table": [],
            "local_secondary_index": [],
            "name": "wsc2026-sensor-data",
            "on_demand_throughput": [],
            "point_in_time_recovery": [
              {
                "enabled": false,
                "recovery_period_in_days": 0
              }
            ],
            "range_key": "timestamp",
            "read_capacity": 0,
            "region": "ap-northeast-1",
            "replica": [],
            "restore_backup_arn": null,
            "restore_date_time": null,
            "restore_source_name": null,
            "restore_source_table_arn": null,
            "restore_to_latest_time": null,
            "server_side_encryption": [],
            "stream_arn": "",
            "stream_enabled": false,
            "stream_label": "",
            "stream_view_type": "",
            "table_class": "STANDARD",
            "tags": null,
            "tags_all": {
              "Project": "wsc2026-msk"
            },
            "timeouts": null,
            "ttl": [
              {
                "attribute_name": "",
                "enabled": false
              }
            ],
            "warm_throughput": [],
            "write_capacity": 0
          },
          "sensitive_attributes": [],
          "identity_schema_version": 0,
          "identity": {
            "account_id": "412869002243",
            "name": "wsc2026-sensor-data",
            "region": "ap-northeast-1"
          },
          "private": "eyJlMmJmYjczMC1lY2FhLTExZTYtOGY4OC0zNDM2M2JjN2M0YzAiOnsiY3JlYXRlIjoxODAwMDAwMDAwMDAwLCJkZWxldGUiOjYwMDAwMDAwMDAwMCwidXBkYXRlIjozNjAwMDAwMDAwMDAwfSwic2NoZW1hX3ZlcnNpb24iOiIxIn0="
        }
      ]
    },
    {
      "mode": "managed",
      "type": "aws_eip",
      "name": "ngw",
      "provider": "provider[\"registry.terraform.io/hashicorp/aws\"]",
      "instances": [
        {
          "schema_version": 0,
          "attributes": {
            "address": null,
            "allocation_id": "eipalloc-0ce5a87bf603fdb59",
            "arn": "arn:aws:ec2:ap-northeast-1:412869002243:elastic-ip/eipalloc-0ce5a87bf603fdb59",
            "associate_with_private_ip": null,
            "association_id": "",
            "carrier_ip": "",
            "customer_owned_ip": "",
            "customer_owned_ipv4_pool": "",
            "domain": "vpc",
            "id": "eipalloc-0ce5a87bf603fdb59",
            "instance": "",
            "ipam_pool_id": "",
            "network_border_group": "ap-northeast-1",
            "network_interface": "",
            "private_dns": "",
            "private_ip": "",
            "ptr_record": "",
            "public_dns": "ec2-13-159-134-159.ap-northeast-1.compute.amazonaws.com",
            "public_ip": "13.159.134.159",
            "public_ipv4_pool": "amazon",
            "region": "ap-northeast-1",
            "tags": {
              "Name": "msk-ngw-eip"
            },
            "tags_all": {
              "Name": "msk-ngw-eip",
              "Project": "wsc2026-msk"
            },
            "timeouts": null
          },
          "sensitive_attributes": [],
          "identity_schema_version": 0,
          "identity": {
            "account_id": "412869002243",
            "id": "eipalloc-0ce5a87bf603fdb59",
            "region": "ap-northeast-1"
          },
          "private": "eyJlMmJmYjczMC1lY2FhLTExZTYtOGY4OC0zNDM2M2JjN2M0YzAiOnsiZGVsZXRlIjoxODAwMDAwMDAwMDAsInJlYWQiOjkwMDAwMDAwMDAwMCwidXBkYXRlIjozMDAwMDAwMDAwMDB9fQ=="
        }
      ]
    },
    {
      "mode": "managed",
      "type": "aws_iam_instance_profile",
      "name": "ec2",
      "provider": "provider[\"registry.terraform.io/hashicorp/aws\"]",
      "instances": [
        {
          "schema_version": 0,
          "attributes": {
            "arn": "arn:aws:iam::412869002243:instance-profile/wsc2026-msk-ec2-role",
            "create_date": "2026-07-31T00:33:24Z",
            "id": "wsc2026-msk-ec2-role",
            "name": "wsc2026-msk-ec2-role",
            "name_prefix": "",
            "path": "/",
            "role": "wsc2026-msk-ec2-role",
            "tags": null,
            "tags_all": {
              "Project": "wsc2026-msk"
            },
            "unique_id": "AIPAWAIHJAQBWANAN2EXG"
          },
          "sensitive_attributes": [],
          "identity_schema_version": 0,
          "identity": {
            "account_id": "412869002243",
            "name": "wsc2026-msk-ec2-role"
          },
          "private": "bnVsbA==",
          "dependencies": [
            "aws_iam_role.ec2",
            "data.aws_iam_policy_document.ec2_assume"
          ]
        }
      ]
    },
    {
      "mode": "managed",
      "type": "aws_iam_role",
      "name": "ec2",
      "provider": "provider[\"registry.terraform.io/hashicorp/aws\"]",
      "instances": [
        {
          "schema_version": 0,
          "attributes": {
            "arn": "arn:aws:iam::412869002243:role/wsc2026-msk-ec2-role",
            "assume_role_policy": "{\"Statement\":[{\"Action\":\"sts:AssumeRole\",\"Effect\":\"Allow\",\"Principal\":{\"Service\":\"ec2.amazonaws.com\"}}],\"Version\":\"2012-10-17\"}",
            "create_date": "2026-07-31T00:33:23Z",
            "description": "",
            "force_detach_policies": false,
            "id": "wsc2026-msk-ec2-role",
            "inline_policy": [],
            "managed_policy_arns": [],
            "max_session_duration": 3600,
            "name": "wsc2026-msk-ec2-role",
            "name_prefix": "",
            "path": "/",
            "permissions_boundary": "",
            "tags": null,
            "tags_all": {
              "Project": "wsc2026-msk"
            },
            "unique_id": "AROAWAIHJAQBSLRQVPG75"
          },
          "sensitive_attributes": [],
          "identity_schema_version": 0,
          "identity": {
            "account_id": "412869002243",
            "name": "wsc2026-msk-ec2-role"
          },
          "private": "bnVsbA==",
          "dependencies": [
            "data.aws_iam_policy_document.ec2_assume"
          ]
        }
      ]
    },
    {
      "mode": "managed",
      "type": "aws_iam_role",
      "name": "lambda",
      "provider": "provider[\"registry.terraform.io/hashicorp/aws\"]",
      "instances": [
        {
          "schema_version": 0,
          "attributes": {
            "arn": "arn:aws:iam::412869002243:role/wsc2026-msk-lambda-role",
            "assume_role_policy": "{\"Statement\":[{\"Action\":\"sts:AssumeRole\",\"Effect\":\"Allow\",\"Principal\":{\"Service\":\"lambda.amazonaws.com\"}}],\"Version\":\"2012-10-17\"}",
            "create_date": "2026-07-31T00:33:23Z",
            "description": "",
            "force_detach_policies": false,
            "id": "wsc2026-msk-lambda-role",
            "inline_policy": [],
            "managed_policy_arns": [],
            "max_session_duration": 3600,
            "name": "wsc2026-msk-lambda-role",
            "name_prefix": "",
            "path": "/",
            "permissions_boundary": "",
            "tags": null,
            "tags_all": {
              "Project": "wsc2026-msk"
            },
            "unique_id": "AROAWAIHJAQBT46ICCP25"
          },
          "sensitive_attributes": [],
          "identity_schema_version": 0,
          "identity": {
            "account_id": "412869002243",
            "name": "wsc2026-msk-lambda-role"
          },
          "private": "bnVsbA==",
          "dependencies": [
            "data.aws_iam_policy_document.lambda_assume"
          ]
        }
      ]
    },
    {
      "mode": "managed",
      "type": "aws_iam_role_policy",
      "name": "ec2",
      "provider": "provider[\"registry.terraform.io/hashicorp/aws\"]",
      "instances": [
        {
          "schema_version": 0,
          "attributes": {
            "id": "wsc2026-msk-ec2-role:wsc2026-msk-ec2-policy",
            "name": "wsc2026-msk-ec2-policy",
            "name_prefix": "",
            "policy": "{\"Version\":\"2012-10-17\",\"Statement\":[{\"Action\":[\"kafka:GetBootstrapBrokers\",\"kafka:DescribeClusterV2\",\"kafka:DescribeCluster\"],\"Effect\":\"Allow\",\"Resource\":\"arn:aws:kafka:ap-northeast-1:412869002243:cluster/wsc2026-msk-cluster/347e5bcf-bbc3-44f0-941c-62ecac634e6d-3\",\"Sid\":\"MskDescribe\"},{\"Action\":[\"kafka-cluster:DescribeCluster\",\"kafka-cluster:Connect\",\"kafka-cluster:AlterCluster\"],\"Effect\":\"Allow\",\"Resource\":\"arn:aws:kafka:ap-northeast-1:412869002243:cluster/wsc2026-msk-cluster/347e5bcf-bbc3-44f0-941c-62ecac634e6d-3\",\"Sid\":\"MskConnect\"},{\"Action\":[\"kafka-cluster:WriteData\",\"kafka-cluster:ReadData\",\"kafka-cluster:DescribeTopicDynamicConfiguration\",\"kafka-cluster:DescribeTopic\",\"kafka-cluster:CreateTopic\",\"kafka-cluster:AlterTopicDynamicConfiguration\",\"kafka-cluster:AlterTopic\"],\"Effect\":\"Allow\",\"Resource\":\"arn:aws:kafka:ap-northeast-1:412869002243:topic/wsc2026-msk-cluster/347e5bcf-bbc3-44f0-941c-62ecac634e6d-3/*\",\"Sid\":\"MskTopic\"},{\"Action\":[\"kafka-cluster:DescribeGroup\",\"kafka-cluster:AlterGroup\"],\"Effect\":\"Allow\",\"Resource\":\"arn:aws:kafka:ap-northeast-1:412869002243:group/wsc2026-msk-cluster/347e5bcf-bbc3-44f0-941c-62ecac634e6d-3/*\",\"Sid\":\"MskGroup\"},{\"Action\":[\"s3:PutObject\",\"s3:GetObject\"],\"Effect\":\"Allow\",\"Resource\":\"arn:aws:s3:::wsc2026-msk-artifacts-111-412869002243/*\",\"Sid\":\"ArtifactBucketAccess\"},{\"Action\":\"s3:ListBucket\",\"Effect\":\"Allow\",\"Resource\":\"arn:aws:s3:::wsc2026-msk-artifacts-111-412869002243\",\"Sid\":\"ArtifactBucketList\"}]}",
            "role": "wsc2026-msk-ec2-role"
          },
          "sensitive_attributes": [],
          "identity_schema_version": 0,
          "identity": {
            "account_id": "412869002243",
            "name": "wsc2026-msk-ec2-policy",
            "role": "wsc2026-msk-ec2-role"
          },
          "private": "bnVsbA==",
          "dependencies": [
            "aws_cloudwatch_log_group.msk",
            "aws_iam_role.ec2",
            "aws_msk_cluster.main",
            "aws_s3_bucket.artifact",
            "aws_security_group.msk",
            "aws_subnet.this",
            "aws_vpc.main",
            "data.aws_caller_identity.current",
            "data.aws_iam_policy_document.ec2_assume",
            "data.aws_iam_policy_document.ec2_policy"
          ]
        }
      ]
    },
    {
      "mode": "managed",
      "type": "aws_iam_role_policy",
      "name": "ec2_layer_build",
      "provider": "provider[\"registry.terraform.io/hashicorp/aws\"]",
      "instances": [
        {
          "index_key": 0,
          "schema_version": 0,
          "attributes": {
            "id": "wsc2026-msk-ec2-role:wsc2026-msk-ec2-layer-policy",
            "name": "wsc2026-msk-ec2-layer-policy",
            "name_prefix": "",
            "policy": "{\"Version\":\"2012-10-17\",\"Statement\":[{\"Action\":[\"lambda:UpdateFunctionConfiguration\",\"lambda:PublishLayerVersion\",\"lambda:GetFunctionConfiguration\",\"lambda:GetFunction\"],\"Effect\":\"Allow\",\"Resource\":[\"arn:aws:lambda:ap-northeast-1:412869002243:layer:wsc2026-kafka-layer:*\",\"arn:aws:lambda:ap-northeast-1:412869002243:layer:wsc2026-kafka-layer\",\"arn:aws:lambda:ap-northeast-1:412869002243:function:wsc2026-sensor-consumer\"],\"Sid\":\"PublishKafkaLayer\"}]}",
            "role": "wsc2026-msk-ec2-role"
          },
          "sensitive_attributes": [],
          "identity_schema_version": 0,
          "identity": {
            "account_id": "412869002243",
            "name": "wsc2026-msk-ec2-layer-policy",
            "role": "wsc2026-msk-ec2-role"
          },
          "private": "bnVsbA==",
          "dependencies": [
            "aws_iam_role.ec2",
            "data.aws_caller_identity.current",
            "data.aws_iam_policy_document.ec2_assume",
            "data.aws_iam_policy_document.ec2_layer_build",
            "data.aws_partition.current"
          ]
        }
      ]
    },
    {
      "mode": "managed",
      "type": "aws_iam_role_policy",
      "name": "lambda",
      "provider": "provider[\"registry.terraform.io/hashicorp/aws\"]",
      "instances": [
        {
          "schema_version": 0,
          "attributes": {
            "id": "wsc2026-msk-lambda-role:wsc2026-msk-lambda-policy",
            "name": "wsc2026-msk-lambda-policy",
            "name_prefix": "",
            "policy": "{\"Version\":\"2012-10-17\",\"Statement\":[{\"Action\":\"dynamodb:PutItem\",\"Effect\":\"Allow\",\"Resource\":\"arn:aws:dynamodb:ap-northeast-1:412869002243:table/wsc2026-sensor-data\",\"Sid\":\"SaveSensorData\"},{\"Action\":\"sns:Publish\",\"Effect\":\"Allow\",\"Resource\":\"arn:aws:sns:ap-northeast-1:412869002243:wsc2026-sensor-alert-topic\",\"Sid\":\"PublishAlert\"},{\"Action\":\"s3:PutObject\",\"Effect\":\"Allow\",\"Resource\":\"arn:aws:s3:::wsc2026-sensor-alert-bucket-111/alert/*\",\"Sid\":\"SaveAlertLog\"},{\"Action\":[\"kafka-cluster:DescribeClusterDynamicConfiguration\",\"kafka-cluster:DescribeCluster\",\"kafka-cluster:Connect\"],\"Effect\":\"Allow\",\"Resource\":\"arn:aws:kafka:ap-northeast-1:412869002243:cluster/wsc2026-msk-cluster/347e5bcf-bbc3-44f0-941c-62ecac634e6d-3\",\"Sid\":\"MskConnect\"},{\"Action\":[\"kafka-cluster:WriteData\",\"kafka-cluster:ReadData\",\"kafka-cluster:DescribeTopicDynamicConfiguration\",\"kafka-cluster:DescribeTopic\"],\"Effect\":\"Allow\",\"Resource\":\"arn:aws:kafka:ap-northeast-1:412869002243:topic/wsc2026-msk-cluster/347e5bcf-bbc3-44f0-941c-62ecac634e6d-3/*\",\"Sid\":\"MskTopicReadWrite\"},{\"Action\":[\"kafka-cluster:DescribeGroup\",\"kafka-cluster:AlterGroup\"],\"Effect\":\"Allow\",\"Resource\":\"arn:aws:kafka:ap-northeast-1:412869002243:group/wsc2026-msk-cluster/347e5bcf-bbc3-44f0-941c-62ecac634e6d-3/*\",\"Sid\":\"MskConsumerGroup\"},{\"Action\":[\"kafka:GetBootstrapBrokers\",\"kafka:DescribeCluster\"],\"Effect\":\"Allow\",\"Resource\":\"arn:aws:kafka:ap-northeast-1:412869002243:cluster/wsc2026-msk-cluster/347e5bcf-bbc3-44f0-941c-62ecac634e6d-3\",\"Sid\":\"GetBootstrapBrokers\"}]}",
            "role": "wsc2026-msk-lambda-role"
          },
          "sensitive_attributes": [],
          "identity_schema_version": 0,
          "identity": {
            "account_id": "412869002243",
            "name": "wsc2026-msk-lambda-policy",
            "role": "wsc2026-msk-lambda-role"
          },
          "private": "bnVsbA==",
          "dependencies": [
            "aws_cloudwatch_log_group.msk",
            "aws_dynamodb_table.sensor",
            "aws_iam_role.lambda",
            "aws_msk_cluster.main",
            "aws_s3_bucket.alert",
            "aws_security_group.msk",
            "aws_sns_topic.alert",
            "aws_subnet.this",
            "aws_vpc.main",
            "data.aws_iam_policy_document.lambda_assume",
            "data.aws_iam_policy_document.lambda_policy"
          ]
        }
      ]
    },
    {
      "mode": "managed",
      "type": "aws_iam_role_policy_attachment",
      "name": "ec2_ssm",
      "provider": "provider[\"registry.terraform.io/hashicorp/aws\"]",
      "instances": [
        {
          "schema_version": 0,
          "attributes": {
            "id": "wsc2026-msk-ec2-role/arn:aws:iam::aws:policy/AmazonSSMManagedInstanceCore",
            "policy_arn": "arn:aws:iam::aws:policy/AmazonSSMManagedInstanceCore",
            "role": "wsc2026-msk-ec2-role"
          },
          "sensitive_attributes": [],
          "identity_schema_version": 0,
          "identity": {
            "account_id": "412869002243",
            "policy_arn": "arn:aws:iam::aws:policy/AmazonSSMManagedInstanceCore",
            "role": "wsc2026-msk-ec2-role"
          },
          "private": "bnVsbA==",
          "dependencies": [
            "aws_iam_role.ec2",
            "data.aws_iam_policy_document.ec2_assume",
            "data.aws_partition.current"
          ]
        }
      ]
    },
    {
      "mode": "managed",
      "type": "aws_iam_role_policy_attachment",
      "name": "lambda_msk",
      "provider": "provider[\"registry.terraform.io/hashicorp/aws\"]",
      "instances": [
        {
          "schema_version": 0,
          "attributes": {
            "id": "wsc2026-msk-lambda-role/arn:aws:iam::aws:policy/service-role/AWSLambdaMSKExecutionRole",
            "policy_arn": "arn:aws:iam::aws:policy/service-role/AWSLambdaMSKExecutionRole",
            "role": "wsc2026-msk-lambda-role"
          },
          "sensitive_attributes": [],
          "identity_schema_version": 0,
          "identity": {
            "account_id": "412869002243",
            "policy_arn": "arn:aws:iam::aws:policy/service-role/AWSLambdaMSKExecutionRole",
            "role": "wsc2026-msk-lambda-role"
          },
          "private": "bnVsbA==",
          "dependencies": [
            "aws_iam_role.lambda",
            "data.aws_iam_policy_document.lambda_assume",
            "data.aws_partition.current"
          ]
        }
      ]
    },
    {
      "mode": "managed",
      "type": "aws_instance",
      "name": "producer",
      "provider": "provider[\"registry.terraform.io/hashicorp/aws\"]",
      "instances": [
        {
          "schema_version": 2,
          "attributes": {
            "ami": "ami-03107d83a97af3820",
            "arn": "arn:aws:ec2:ap-northeast-1:412869002243:instance/i-01069603d54127534",
            "associate_public_ip_address": false,
            "availability_zone": "ap-northeast-1a",
            "capacity_reservation_specification": [
              {
                "capacity_reservation_preference": "open",
                "capacity_reservation_target": []
              }
            ],
            "cpu_options": [
              {
                "amd_sev_snp": "",
                "core_count": 1,
                "nested_virtualization": "",
                "threads_per_core": 2
              }
            ],
            "credit_specification": [
              {
                "cpu_credits": "unlimited"
              }
            ],
            "disable_api_stop": false,
            "disable_api_termination": false,
            "ebs_block_device": [],
            "ebs_optimized": false,
            "enable_primary_ipv6": null,
            "enclave_options": [
              {
                "enabled": false
              }
            ],
            "ephemeral_block_device": [],
            "force_destroy": false,
            "get_password_data": false,
            "hibernation": false,
            "host_id": "",
            "host_resource_group_arn": null,
            "iam_instance_profile": "wsc2026-msk-ec2-role",
            "id": "i-01069603d54127534",
            "instance_initiated_shutdown_behavior": "stop",
            "instance_lifecycle": "",
            "instance_market_options": [],
            "instance_state": "running",
            "instance_type": "t3.small",
            "ipv6_address_count": 0,
            "ipv6_addresses": [],
            "key_name": "",
            "launch_template": [],
            "maintenance_options": [
              {
                "auto_recovery": "default"
              }
            ],
            "metadata_options": [
              {
                "http_endpoint": "enabled",
                "http_protocol_ipv6": "disabled",
                "http_put_response_hop_limit": 2,
                "http_tokens": "required",
                "instance_metadata_tags": "disabled"
              }
            ],
            "monitoring": false,
            "network_interface": [],
            "outpost_arn": "",
            "password_data": "",
            "placement_group": "",
            "placement_group_id": "",
            "placement_partition_number": 0,
            "primary_network_interface": [
              {
                "delete_on_termination": true,
                "network_interface_id": "eni-058a1b4f0751008f6"
              }
            ],
            "primary_network_interface_id": "eni-058a1b4f0751008f6",
            "private_dns": "ip-192-168-10-16.ap-northeast-1.compute.internal",
            "private_dns_name_options": [
              {
                "enable_resource_name_dns_a_record": false,
                "enable_resource_name_dns_aaaa_record": false,
                "hostname_type": "ip-name"
              }
            ],
            "private_ip": "192.168.10.16",
            "public_dns": "",
            "public_ip": "",
            "region": "ap-northeast-1",
            "root_block_device": [
              {
                "delete_on_termination": true,
                "device_name": "/dev/xvda",
                "encrypted": true,
                "iops": 3000,
                "kms_key_id": "arn:aws:kms:ap-northeast-1:412869002243:key/de60e028-9500-4cb4-898f-73ddb7de3a97",
                "tags": null,
                "tags_all": {
                  "Project": "wsc2026-msk"
                },
                "throughput": 125,
                "volume_id": "vol-04dcbda5b1c4a2a73",
                "volume_size": 30,
                "volume_type": "gp3"
              }
            ],
            "secondary_network_interface": [],
            "secondary_private_ips": [],
            "security_groups": [],
            "source_dest_check": true,
            "spot_instance_request_id": "",
            "subnet_id": "subnet-0d80e22aac78c992a",
            "tags": {
              "Name": "wsc2026-sensor-producer"
            },
            "tags_all": {
              "Name": "wsc2026-sensor-producer",
              "Project": "wsc2026-msk"
            },
            "tenancy": "default",
            "timeouts": null,
            "user_data": "#!/bin/bash\nset -x\nexec \u003e \u003e(tee /var/log/user-data.log | logger -t user-data -s 2\u003e/dev/console) 2\u003e\u00261\n\nREGION=\"ap-northeast-1\"\nCLUSTER_ARN=\"arn:aws:kafka:ap-northeast-1:412869002243:cluster/wsc2026-msk-cluster/347e5bcf-bbc3-44f0-941c-62ecac634e6d-3\"\nTOPIC_RAW=\"wsc2026-sensor-raw\"\nTOPIC_ALERT=\"wsc2026-sensor-alert\"\nARTIFACT_BUCKET=\"wsc2026-msk-artifacts-111-412869002243\"\nBUILD_LAYER=\"true\"\nCONSUMER_FN=\"wsc2026-sensor-consumer\"\nBOOTSTRAP_MODE=\"plaintext\"\n\necho \"=== 1. 패키지 설치 ===\"\ndnf -y install java-17-amazon-corretto-headless tar gzip unzip python3-pip\n\necho \"=== 2. Kafka CLI 설치 ===\"\nmkdir -p /opt/kafka\ncd /opt/kafka\nfor i in 1 2 3; do\n  curl -fsSL -o kafka.tgz \"https://archive.apache.org/dist/kafka/3.6.0/kafka_2.13-3.6.0.tgz\" \u0026\u0026 break\n  sleep 10\ndone\ntar -xzf kafka.tgz --strip-components=1\nrm -f kafka.tgz\n\n# IAM 접속이 필요할 때를 대비한 라이브러리 (진단용으로도 유용)\nfor i in 1 2 3; do\n  curl -fsSL -o /opt/kafka/libs/aws-msk-iam-auth.jar \\\n    \"https://github.com/aws/aws-msk-iam-auth/releases/download/v2.2.0/aws-msk-iam-auth-2.2.0-all.jar\" \u0026\u0026 break\n  sleep 10\ndone\n\ncat \u003e /opt/kafka/client-iam.properties \u003c\u003c'PROPS'\nsecurity.protocol=SASL_SSL\nsasl.mechanism=AWS_MSK_IAM\nsasl.jaas.config=software.amazon.msk.auth.iam.IAMLoginModule required;\nsasl.client.callback.handler.class=software.amazon.msk.auth.iam.IAMClientCallbackHandler\nPROPS\n\ncat \u003e /opt/kafka/client-tls.properties \u003c\u003c'PROPS'\nsecurity.protocol=SSL\nPROPS\n\necho \"=== 3. Bootstrap Broker 조회 ===\"\ncase \"$BOOTSTRAP_MODE\" in\n  iam)       QUERY=BootstrapBrokerStringSaslIam; CONFIG=\"--command-config /opt/kafka/client-iam.properties\" ;;\n  tls)       QUERY=BootstrapBrokerStringTls;     CONFIG=\"--command-config /opt/kafka/client-tls.properties\" ;;\n  *)         QUERY=BootstrapBrokerString;        CONFIG=\"\" ;;\nesac\n\nBOOTSTRAP=\"\"\nfor i in $(seq 1 30); do\n  BOOTSTRAP=$(aws kafka get-bootstrap-brokers --region \"$REGION\" \\\n    --cluster-arn \"$CLUSTER_ARN\" --query \"$QUERY\" --output text 2\u003e/dev/null)\n  [ -n \"$BOOTSTRAP\" ] \u0026\u0026 [ \"$BOOTSTRAP\" != \"None\" ] \u0026\u0026 break\n  echo \"waiting for bootstrap brokers... ($i)\"\n  sleep 20\ndone\necho \"BOOTSTRAP_MODE=$BOOTSTRAP_MODE\"\necho \"BOOTSTRAP=$BOOTSTRAP\"\n\n# 전체 부트스트랩 정보를 기록해 둔다 (진단용)\naws kafka get-bootstrap-brokers --region \"$REGION\" --cluster-arn \"$CLUSTER_ARN\" \\\n  \u003e /opt/kafka/bootstrap.json 2\u003e\u00261\ncat /opt/kafka/bootstrap.json\n\necho \"=== 4. 토픽 생성 ===\"\ncreate_topic() {\n  local name=$1 parts=$2 rf=$3\n  for i in 1 2 3 4 5; do\n    /opt/kafka/bin/kafka-topics.sh --bootstrap-server \"$BOOTSTRAP\" $CONFIG \\\n      --create --if-not-exists --topic \"$name\" \\\n      --partitions \"$parts\" --replication-factor \"$rf\" \u0026\u0026 return 0\n    echo \"retry create topic $name ($i)\"\n    sleep 15\n  done\n  return 1\n}\ncreate_topic \"$TOPIC_RAW\" 3 2\ncreate_topic \"$TOPIC_ALERT\" 1 2\n\n/opt/kafka/bin/kafka-topics.sh --bootstrap-server \"$BOOTSTRAP\" $CONFIG --describe\n\necho \"=== 5. Producer 애플리케이션 배치 ===\"\nmkdir -p /opt/app\naws s3 cp \"s3://$ARTIFACT_BUCKET/app\" /opt/app/app --region \"$REGION\"\nchmod +x /opt/app/app\n\ncat \u003e /etc/systemd/system/sensor-producer.service \u003c\u003cUNIT\n[Unit]\nDescription=WSC2026 Sensor Producer\nAfter=network-online.target\nWants=network-online.target\n\n[Service]\nType=simple\nUser=root\nWorkingDirectory=/opt/app\nEnvironment=\"BOOTSTRAP_SERVERS=$BOOTSTRAP\"\nEnvironment=\"TOPIC_RAW=$TOPIC_RAW\"\nEnvironment=\"AWS_REGION=$REGION\"\nEnvironment=\"AWS_DEFAULT_REGION=$REGION\"\nExecStart=/opt/app/app\nRestart=always\nRestartSec=5\n\n[Install]\nWantedBy=multi-user.target\nUNIT\n\nsystemctl daemon-reload\nsystemctl enable sensor-producer\nsystemctl restart sensor-producer\nsleep 10\nsystemctl is-active sensor-producer\njournalctl -u sensor-producer -n 30 --no-pager\n\necho \"=== 6. 토픽에 실제로 쌓이는지 확인 ===\"\ntimeout 20 /opt/kafka/bin/kafka-console-consumer.sh --bootstrap-server \"$BOOTSTRAP\" $CONFIG \\\n  --topic \"$TOPIC_RAW\" --from-beginning --max-messages 3 || echo \"(메시지 확인 실패)\"\n\necho \"=== 7. Lambda kafka 레이어 빌드 (옵션) ===\"\nif [ \"$BUILD_LAYER\" = \"true\" ]; then\n  (\n    set -e\n    rm -rf /tmp/layer \u0026\u0026 mkdir -p /tmp/layer/python\n    pip3 install --target /tmp/layer/python kafka-python-ng aws-msk-iam-sasl-signer-python \\\n      || pip3 install --target /tmp/layer/python kafka-python aws-msk-iam-sasl-signer-python\n    cd /tmp/layer \u0026\u0026 zip -qr /tmp/kafka-layer.zip python\n    aws s3 cp /tmp/kafka-layer.zip \"s3://$ARTIFACT_BUCKET/kafka-layer.zip\" --region \"$REGION\"\n    LAYER_ARN=$(aws lambda publish-layer-version --region \"$REGION\" \\\n      --layer-name wsc2026-kafka-layer \\\n      --content \"S3Bucket=$ARTIFACT_BUCKET,S3Key=kafka-layer.zip\" \\\n      --query LayerVersionArn --output text)\n    echo \"LAYER_ARN=$LAYER_ARN\"\n    aws lambda update-function-configuration --region \"$REGION\" \\\n      --function-name \"$CONSUMER_FN\" --layers \"$LAYER_ARN\"\n  ) || echo \"레이어 빌드 실패 - DynamoDB 저장 동작에는 영향 없음\"\nfi\n\necho \"=== user-data 완료 ===\"\n",
            "user_data_base64": null,
            "user_data_replace_on_change": true,
            "volume_tags": null,
            "vpc_security_group_ids": [
              "sg-0e9a91ca87ed147fb"
            ]
          },
          "sensitive_attributes": [
            [
              {
                "type": "get_attr",
                "value": "ami"
              }
            ]
          ],
          "identity_schema_version": 0,
          "identity": {
            "account_id": "412869002243",
            "id": "i-01069603d54127534",
            "region": "ap-northeast-1"
          },
          "private": "eyJlMmJmYjczMC1lY2FhLTExZTYtOGY4OC0zNDM2M2JjN2M0YzAiOnsiY3JlYXRlIjo2MDAwMDAwMDAwMDAsImRlbGV0ZSI6MTIwMDAwMDAwMDAwMCwicmVhZCI6OTAwMDAwMDAwMDAwLCJ1cGRhdGUiOjYwMDAwMDAwMDAwMH0sInNjaGVtYV92ZXJzaW9uIjoiMiJ9",
          "dependencies": [
            "aws_cloudwatch_log_group.msk",
            "aws_eip.ngw",
            "aws_iam_instance_profile.ec2",
            "aws_iam_role.ec2",
            "aws_iam_role_policy.ec2",
            "aws_iam_role_policy_attachment.ec2_ssm",
            "aws_internet_gateway.igw",
            "aws_msk_cluster.main",
            "aws_nat_gateway.ngw",
            "aws_route.priv_default",
            "aws_route_table.priv",
            "aws_s3_bucket.artifact",
            "aws_s3_object.app_binary",
            "aws_security_group.ec2",
            "aws_security_group.msk",
            "aws_subnet.this",
            "aws_vpc.main",
            "data.aws_caller_identity.current",
            "data.aws_iam_policy_document.ec2_assume",
            "data.aws_iam_policy_document.ec2_policy",
            "data.aws_partition.current",
            "data.aws_ssm_parameter.al2023"
          ]
        }
      ]
    },
    {
      "mode": "managed",
      "type": "aws_internet_gateway",
      "name": "igw",
      "provider": "provider[\"registry.terraform.io/hashicorp/aws\"]",
      "instances": [
        {
          "schema_version": 0,
          "attributes": {
            "arn": "arn:aws:ec2:ap-northeast-1:412869002243:internet-gateway/igw-02f438851d2da1567",
            "id": "igw-02f438851d2da1567",
            "owner_id": "412869002243",
            "region": "ap-northeast-1",
            "tags": {
              "Name": "msk-igw"
            },
            "tags_all": {
              "Name": "msk-igw",
              "Project": "wsc2026-msk"
            },
            "timeouts": null,
            "vpc_id": "vpc-0087c6867a856a0ca"
          },
          "sensitive_attributes": [],
          "identity_schema_version": 0,
          "identity": {
            "account_id": "412869002243",
            "id": "igw-02f438851d2da1567",
            "region": "ap-northeast-1"
          },
          "private": "eyJlMmJmYjczMC1lY2FhLTExZTYtOGY4OC0zNDM2M2JjN2M0YzAiOnsiY3JlYXRlIjoxMjAwMDAwMDAwMDAwLCJkZWxldGUiOjEyMDAwMDAwMDAwMDAsInVwZGF0ZSI6MTIwMDAwMDAwMDAwMH19",
          "dependencies": [
            "aws_vpc.main"
          ]
        }
      ]
    },
    {
      "mode": "managed",
      "type": "aws_lambda_event_source_mapping",
      "name": "alert",
      "provider": "provider[\"registry.terraform.io/hashicorp/aws\"]",
      "instances": [
        {
          "schema_version": 0,
          "attributes": {
            "amazon_managed_kafka_event_source_config": [
              {
                "consumer_group_id": "wsc2026-sensor-alert-consumer-group",
                "schema_registry_config": []
              }
            ],
            "arn": "arn:aws:lambda:ap-northeast-1:412869002243:event-source-mapping:8790f324-6f1f-4798-a216-6c8eaa5ff773",
            "batch_size": 10,
            "bisect_batch_on_function_error": false,
            "destination_config": [],
            "document_db_event_source_config": [],
            "enabled": true,
            "event_source_arn": "arn:aws:kafka:ap-northeast-1:412869002243:cluster/wsc2026-msk-cluster/347e5bcf-bbc3-44f0-941c-62ecac634e6d-3",
            "filter_criteria": [],
            "function_arn": "arn:aws:lambda:ap-northeast-1:412869002243:function:wsc2026-sensor-alert-consumer",
            "function_name": "arn:aws:lambda:ap-northeast-1:412869002243:function:wsc2026-sensor-alert-consumer",
            "function_response_types": null,
            "id": "8790f324-6f1f-4798-a216-6c8eaa5ff773",
            "kms_key_arn": "",
            "last_modified": "2026-07-31T01:08:52Z",
            "last_processing_result": "No records processed",
            "maximum_batching_window_in_seconds": 0,
            "maximum_record_age_in_seconds": -1,
            "maximum_retry_attempts": -1,
            "metrics_config": [],
            "parallelization_factor": 0,
            "provisioned_poller_config": [],
            "queues": null,
            "region": "ap-northeast-1",
            "scaling_config": [],
            "self_managed_event_source": [],
            "self_managed_kafka_event_source_config": [],
            "source_access_configuration": [],
            "starting_position": "LATEST",
            "starting_position_timestamp": "",
            "state": "Enabled",
            "state_transition_reason": "USER_INITIATED",
            "tags": null,
            "tags_all": {
              "Project": "wsc2026-msk"
            },
            "timeouts": null,
            "topics": [
              "wsc2026-sensor-alert"
            ],
            "tumbling_window_in_seconds": 0,
            "use_resource_timeout_for_propagation": null,
            "uuid": "8790f324-6f1f-4798-a216-6c8eaa5ff773"
          },
          "sensitive_attributes": [],
          "identity_schema_version": 0,
          "identity": {
            "account_id": "412869002243",
            "region": "ap-northeast-1",
            "uuid": "8790f324-6f1f-4798-a216-6c8eaa5ff773"
          },
          "private": "eyJlMmJmYjczMC1lY2FhLTExZTYtOGY4OC0zNDM2M2JjN2M0YzAiOnsiY3JlYXRlIjo2MDAwMDAwMDAwMDAsImRlbGV0ZSI6MzAwMDAwMDAwMDAwLCJ1cGRhdGUiOjYwMDAwMDAwMDAwMH19",
          "dependencies": [
            "aws_cloudwatch_log_group.alert_consumer",
            "aws_cloudwatch_log_group.msk",
            "aws_dynamodb_table.sensor",
            "aws_eip.ngw",
            "aws_iam_instance_profile.ec2",
            "aws_iam_role.ec2",
            "aws_iam_role.lambda",
            "aws_iam_role_policy.ec2",
            "aws_iam_role_policy.lambda",
            "aws_iam_role_policy_attachment.ec2_ssm",
            "aws_iam_role_policy_attachment.lambda_msk",
            "aws_instance.producer",
            "aws_internet_gateway.igw",
            "aws_lambda_function.alert_consumer",
            "aws_msk_cluster.main",
            "aws_nat_gateway.ngw",
            "aws_route.priv_default",
            "aws_route_table.priv",
            "aws_s3_bucket.alert",
            "aws_s3_bucket.artifact",
            "aws_s3_object.app_binary",
            "aws_security_group.ec2",
            "aws_security_group.msk",
            "aws_sns_topic.alert",
            "aws_subnet.this",
            "aws_vpc.main",
            "data.archive_file.alert_consumer",
            "data.aws_caller_identity.current",
            "data.aws_iam_policy_document.ec2_assume",
            "data.aws_iam_policy_document.ec2_policy",
            "data.aws_iam_policy_document.lambda_assume",
            "data.aws_iam_policy_document.lambda_policy",
            "data.aws_partition.current",
            "data.aws_ssm_parameter.al2023",
            "time_sleep.wait_for_topics"
          ]
        }
      ]
    },
    {
      "mode": "managed",
      "type": "aws_lambda_event_source_mapping",
      "name": "raw",
      "provider": "provider[\"registry.terraform.io/hashicorp/aws\"]",
      "instances": [
        {
          "schema_version": 0,
          "attributes": {
            "amazon_managed_kafka_event_source_config": [
              {
                "consumer_group_id": "wsc2026-sensor-consumer-group",
                "schema_registry_config": []
              }
            ],
            "arn": "arn:aws:lambda:ap-northeast-1:412869002243:event-source-mapping:f24b6190-af5d-41ec-81ba-2261460bb056",
            "batch_size": 100,
            "bisect_batch_on_function_error": false,
            "destination_config": [],
            "document_db_event_source_config": [],
            "enabled": true,
            "event_source_arn": "arn:aws:kafka:ap-northeast-1:412869002243:cluster/wsc2026-msk-cluster/347e5bcf-bbc3-44f0-941c-62ecac634e6d-3",
            "filter_criteria": [],
            "function_arn": "arn:aws:lambda:ap-northeast-1:412869002243:function:wsc2026-sensor-consumer",
            "function_name": "arn:aws:lambda:ap-northeast-1:412869002243:function:wsc2026-sensor-consumer",
            "function_response_types": null,
            "id": "f24b6190-af5d-41ec-81ba-2261460bb056",
            "kms_key_arn": "",
            "last_modified": "2026-07-31T01:08:52Z",
            "last_processing_result": "No records processed",
            "maximum_batching_window_in_seconds": 0,
            "maximum_record_age_in_seconds": -1,
            "maximum_retry_attempts": -1,
            "metrics_config": [],
            "parallelization_factor": 0,
            "provisioned_poller_config": [],
            "queues": null,
            "region": "ap-northeast-1",
            "scaling_config": [],
            "self_managed_event_source": [],
            "self_managed_kafka_event_source_config": [],
            "source_access_configuration": [],
            "starting_position": "LATEST",
            "starting_position_timestamp": "",
            "state": "Enabled",
            "state_transition_reason": "USER_INITIATED",
            "tags": null,
            "tags_all": {
              "Project": "wsc2026-msk"
            },
            "timeouts": null,
            "topics": [
              "wsc2026-sensor-raw"
            ],
            "tumbling_window_in_seconds": 0,
            "use_resource_timeout_for_propagation": null,
            "uuid": "f24b6190-af5d-41ec-81ba-2261460bb056"
          },
          "sensitive_attributes": [],
          "identity_schema_version": 0,
          "identity": {
            "account_id": "412869002243",
            "region": "ap-northeast-1",
            "uuid": "f24b6190-af5d-41ec-81ba-2261460bb056"
          },
          "private": "eyJlMmJmYjczMC1lY2FhLTExZTYtOGY4OC0zNDM2M2JjN2M0YzAiOnsiY3JlYXRlIjo2MDAwMDAwMDAwMDAsImRlbGV0ZSI6MzAwMDAwMDAwMDAwLCJ1cGRhdGUiOjYwMDAwMDAwMDAwMH19",
          "dependencies": [
            "aws_cloudwatch_log_group.consumer",
            "aws_cloudwatch_log_group.msk",
            "aws_dynamodb_table.sensor",
            "aws_eip.ngw",
            "aws_iam_instance_profile.ec2",
            "aws_iam_role.ec2",
            "aws_iam_role.lambda",
            "aws_iam_role_policy.ec2",
            "aws_iam_role_policy.lambda",
            "aws_iam_role_policy_attachment.ec2_ssm",
            "aws_iam_role_policy_attachment.lambda_msk",
            "aws_instance.producer",
            "aws_internet_gateway.igw",
            "aws_lambda_function.consumer",
            "aws_msk_cluster.main",
            "aws_nat_gateway.ngw",
            "aws_route.priv_default",
            "aws_route_table.priv",
            "aws_s3_bucket.alert",
            "aws_s3_bucket.artifact",
            "aws_s3_object.app_binary",
            "aws_security_group.ec2",
            "aws_security_group.lambda",
            "aws_security_group.msk",
            "aws_sns_topic.alert",
            "aws_subnet.this",
            "aws_vpc.main",
            "data.archive_file.consumer",
            "data.aws_caller_identity.current",
            "data.aws_iam_policy_document.ec2_assume",
            "data.aws_iam_policy_document.ec2_policy",
            "data.aws_iam_policy_document.lambda_assume",
            "data.aws_iam_policy_document.lambda_policy",
            "data.aws_partition.current",
            "data.aws_ssm_parameter.al2023",
            "time_sleep.wait_for_topics"
          ]
        }
      ]
    },
    {
      "mode": "managed",
      "type": "aws_lambda_function",
      "name": "alert_consumer",
      "provider": "provider[\"registry.terraform.io/hashicorp/aws\"]",
      "instances": [
        {
          "schema_version": 0,
          "attributes": {
            "architectures": [
              "x86_64"
            ],
            "arn": "arn:aws:lambda:ap-northeast-1:412869002243:function:wsc2026-sensor-alert-consumer",
            "capacity_provider_config": [],
            "code_sha256": "rS5YOtCT2iEUKSnBzjBMfQTm8WmVa/cB2gV1rvC5OjU=",
            "code_signing_config_arn": "",
            "dead_letter_config": [],
            "description": "MSK alert topic consumer - SNS + S3 log",
            "durable_config": [],
            "environment": [
              {
                "variables": {
                  "S3_BUCKET": "wsc2026-sensor-alert-bucket-111",
                  "SNS_TOPIC_ARN": "arn:aws:sns:ap-northeast-1:412869002243:wsc2026-sensor-alert-topic"
                }
              }
            ],
            "ephemeral_storage": [
              {
                "size": 512
              }
            ],
            "file_system_config": [],
            "filename": "./build/alert_consumer.zip",
            "function_name": "wsc2026-sensor-alert-consumer",
            "handler": "index.handler",
            "id": "wsc2026-sensor-alert-consumer",
            "image_config": [],
            "image_uri": "",
            "invoke_arn": "arn:aws:apigateway:ap-northeast-1:lambda:path/2015-03-31/functions/arn:aws:lambda:ap-northeast-1:412869002243:function:wsc2026-sensor-alert-consumer/invocations",
            "kms_key_arn": "",
            "last_modified": "2026-07-31T01:03:51.263+0000",
            "layers": null,
            "logging_config": [
              {
                "application_log_level": "",
                "log_format": "Text",
                "log_group": "/aws/lambda/wsc2026-sensor-alert-consumer",
                "system_log_level": ""
              }
            ],
            "memory_size": 256,
            "package_type": "Zip",
            "publish": false,
            "publish_to": null,
            "qualified_arn": "arn:aws:lambda:ap-northeast-1:412869002243:function:wsc2026-sensor-alert-consumer:$LATEST",
            "qualified_invoke_arn": "arn:aws:apigateway:ap-northeast-1:lambda:path/2015-03-31/functions/arn:aws:lambda:ap-northeast-1:412869002243:function:wsc2026-sensor-alert-consumer:$LATEST/invocations",
            "region": "ap-northeast-1",
            "replace_security_groups_on_destroy": null,
            "replacement_security_group_ids": null,
            "reserved_concurrent_executions": -1,
            "response_streaming_invoke_arn": "arn:aws:apigateway:ap-northeast-1:lambda:path/2021-11-15/functions/arn:aws:lambda:ap-northeast-1:412869002243:function:wsc2026-sensor-alert-consumer/response-streaming-invocations",
            "role": "arn:aws:iam::412869002243:role/wsc2026-msk-lambda-role",
            "runtime": "python3.14",
            "s3_bucket": null,
            "s3_key": null,
            "s3_object_version": null,
            "signing_job_arn": "",
            "signing_profile_version_arn": "",
            "skip_destroy": false,
            "snap_start": [],
            "source_code_hash": "rS5YOtCT2iEUKSnBzjBMfQTm8WmVa/cB2gV1rvC5OjU=",
            "source_code_size": 1165,
            "source_kms_key_arn": "",
            "tags": null,
            "tags_all": {
              "Project": "wsc2026-msk"
            },
            "tenancy_config": [],
            "timeout": 60,
            "timeouts": null,
            "tracing_config": [
              {
                "mode": "PassThrough"
              }
            ],
            "use_resource_timeout_for_propagation": null,
            "version": "$LATEST",
            "vpc_config": []
          },
          "sensitive_attributes": [],
          "identity_schema_version": 0,
          "identity": {
            "account_id": "412869002243",
            "function_name": "wsc2026-sensor-alert-consumer",
            "region": "ap-northeast-1"
          },
          "private": "eyJlMmJmYjczMC1lY2FhLTExZTYtOGY4OC0zNDM2M2JjN2M0YzAiOnsiY3JlYXRlIjo2MDAwMDAwMDAwMDAsImRlbGV0ZSI6NjAwMDAwMDAwMDAwLCJ1cGRhdGUiOjYwMDAwMDAwMDAwMH19",
          "dependencies": [
            "aws_cloudwatch_log_group.alert_consumer",
            "aws_cloudwatch_log_group.msk",
            "aws_dynamodb_table.sensor",
            "aws_iam_role.lambda",
            "aws_iam_role_policy.lambda",
            "aws_iam_role_policy_attachment.lambda_msk",
            "aws_msk_cluster.main",
            "aws_s3_bucket.alert",
            "aws_security_group.msk",
            "aws_sns_topic.alert",
            "aws_subnet.this",
            "aws_vpc.main",
            "data.archive_file.alert_consumer",
            "data.aws_iam_policy_document.lambda_assume",
            "data.aws_iam_policy_document.lambda_policy",
            "data.aws_partition.current"
          ]
        }
      ]
    },
    {
      "mode": "managed",
      "type": "aws_lambda_function",
      "name": "consumer",
      "provider": "provider[\"registry.terraform.io/hashicorp/aws\"]",
      "instances": [
        {
          "schema_version": 0,
          "attributes": {
            "architectures": [
              "x86_64"
            ],
            "arn": "arn:aws:lambda:ap-northeast-1:412869002243:function:wsc2026-sensor-consumer",
            "capacity_provider_config": [],
            "code_sha256": "pyWvP1acXQi8m7rIWGmtcovApvu2voE037dJD44n+as=",
            "code_signing_config_arn": "",
            "dead_letter_config": [],
            "description": "MSK raw topic consumer - anomaly detection",
            "durable_config": [],
            "environment": [
              {
                "variables": {
                  "ALERT_TOPIC": "wsc2026-sensor-alert",
                  "BOOTSTRAP_SERVER": "b-1.wsc2026mskcluster.fa9g7f.c3.kafka.ap-northeast-1.amazonaws.com:9098,b-2.wsc2026mskcluster.fa9g7f.c3.kafka.ap-northeast-1.amazonaws.com:9098",
                  "DDB_TABLE": "wsc2026-sensor-data"
                }
              }
            ],
            "ephemeral_storage": [
              {
                "size": 512
              }
            ],
            "file_system_config": [],
            "filename": "./build/consumer.zip",
            "function_name": "wsc2026-sensor-consumer",
            "handler": "index.handler",
            "id": "wsc2026-sensor-consumer",
            "image_config": [],
            "image_uri": "",
            "invoke_arn": "arn:aws:apigateway:ap-northeast-1:lambda:path/2015-03-31/functions/arn:aws:lambda:ap-northeast-1:412869002243:function:wsc2026-sensor-consumer/invocations",
            "kms_key_arn": "",
            "last_modified": "2026-07-31T01:01:38.703+0000",
            "layers": null,
            "logging_config": [
              {
                "application_log_level": "",
                "log_format": "Text",
                "log_group": "/aws/lambda/wsc2026-sensor-consumer",
                "system_log_level": ""
              }
            ],
            "memory_size": 512,
            "package_type": "Zip",
            "publish": false,
            "publish_to": null,
            "qualified_arn": "arn:aws:lambda:ap-northeast-1:412869002243:function:wsc2026-sensor-consumer:$LATEST",
            "qualified_invoke_arn": "arn:aws:apigateway:ap-northeast-1:lambda:path/2015-03-31/functions/arn:aws:lambda:ap-northeast-1:412869002243:function:wsc2026-sensor-consumer:$LATEST/invocations",
            "region": "ap-northeast-1",
            "replace_security_groups_on_destroy": null,
            "replacement_security_group_ids": null,
            "reserved_concurrent_executions": -1,
            "response_streaming_invoke_arn": "arn:aws:apigateway:ap-northeast-1:lambda:path/2021-11-15/functions/arn:aws:lambda:ap-northeast-1:412869002243:function:wsc2026-sensor-consumer/response-streaming-invocations",
            "role": "arn:aws:iam::412869002243:role/wsc2026-msk-lambda-role",
            "runtime": "python3.14",
            "s3_bucket": null,
            "s3_key": null,
            "s3_object_version": null,
            "signing_job_arn": "",
            "signing_profile_version_arn": "",
            "skip_destroy": false,
            "snap_start": [],
            "source_code_hash": "pyWvP1acXQi8m7rIWGmtcovApvu2voE037dJD44n+as=",
            "source_code_size": 1805,
            "source_kms_key_arn": "",
            "tags": null,
            "tags_all": {
              "Project": "wsc2026-msk"
            },
            "tenancy_config": [],
            "timeout": 60,
            "timeouts": null,
            "tracing_config": [
              {
                "mode": "PassThrough"
              }
            ],
            "use_resource_timeout_for_propagation": null,
            "version": "$LATEST",
            "vpc_config": [
              {
                "ipv6_allowed_for_dual_stack": false,
                "security_group_ids": [
                  "sg-0abaa27e72ce6118f"
                ],
                "subnet_ids": [
                  "subnet-0d80e22aac78c992a",
                  "subnet-0e379300c681626d4"
                ],
                "vpc_id": "vpc-0087c6867a856a0ca"
              }
            ]
          },
          "sensitive_attributes": [],
          "identity_schema_version": 0,
          "identity": {
            "account_id": "412869002243",
            "function_name": "wsc2026-sensor-consumer",
            "region": "ap-northeast-1"
          },
          "private": "eyJlMmJmYjczMC1lY2FhLTExZTYtOGY4OC0zNDM2M2JjN2M0YzAiOnsiY3JlYXRlIjo2MDAwMDAwMDAwMDAsImRlbGV0ZSI6NjAwMDAwMDAwMDAwLCJ1cGRhdGUiOjYwMDAwMDAwMDAwMH19",
          "dependencies": [
            "aws_cloudwatch_log_group.consumer",
            "aws_cloudwatch_log_group.msk",
            "aws_dynamodb_table.sensor",
            "aws_iam_role.lambda",
            "aws_iam_role_policy.lambda",
            "aws_iam_role_policy_attachment.lambda_msk",
            "aws_msk_cluster.main",
            "aws_s3_bucket.alert",
            "aws_security_group.lambda",
            "aws_security_group.msk",
            "aws_sns_topic.alert",
            "aws_subnet.this",
            "aws_vpc.main",
            "data.archive_file.consumer",
            "data.aws_iam_policy_document.lambda_assume",
            "data.aws_iam_policy_document.lambda_policy",
            "data.aws_partition.current"
          ]
        }
      ]
    },
    {
      "mode": "managed",
      "type": "aws_msk_cluster",
      "name": "main",
      "provider": "provider[\"registry.terraform.io/hashicorp/aws\"]",
      "instances": [
        {
          "schema_version": 0,
          "attributes": {
            "arn": "arn:aws:kafka:ap-northeast-1:412869002243:cluster/wsc2026-msk-cluster/347e5bcf-bbc3-44f0-941c-62ecac634e6d-3",
            "bootstrap_brokers": "b-1.wsc2026mskcluster.fa9g7f.c3.kafka.ap-northeast-1.amazonaws.com:9092,b-2.wsc2026mskcluster.fa9g7f.c3.kafka.ap-northeast-1.amazonaws.com:9092",
            "bootstrap_brokers_ipv6": "",
            "bootstrap_brokers_public_sasl_iam": "",
            "bootstrap_brokers_public_sasl_scram": "",
            "bootstrap_brokers_public_tls": "",
            "bootstrap_brokers_sasl_iam": "b-1.wsc2026mskcluster.fa9g7f.c3.kafka.ap-northeast-1.amazonaws.com:9098,b-2.wsc2026mskcluster.fa9g7f.c3.kafka.ap-northeast-1.amazonaws.com:9098",
            "bootstrap_brokers_sasl_iam_ipv6": "",
            "bootstrap_brokers_sasl_scram": "",
            "bootstrap_brokers_sasl_scram_ipv6": "",
            "bootstrap_brokers_tls": "b-1.wsc2026mskcluster.fa9g7f.c3.kafka.ap-northeast-1.amazonaws.com:9094,b-2.wsc2026mskcluster.fa9g7f.c3.kafka.ap-northeast-1.amazonaws.com:9094",
            "bootstrap_brokers_tls_ipv6": "",
            "bootstrap_brokers_vpc_connectivity_sasl_iam": "",
            "bootstrap_brokers_vpc_connectivity_sasl_scram": "",
            "bootstrap_brokers_vpc_connectivity_tls": "",
            "broker_node_group_info": [
              {
                "az_distribution": "DEFAULT",
                "client_subnets": [
                  "subnet-0d80e22aac78c992a",
                  "subnet-0e379300c681626d4"
                ],
                "connectivity_info": [
                  {
                    "network_type": "IPV4",
                    "public_access": [
                      {
                        "type": "DISABLED"
                      }
                    ],
                    "vpc_connectivity": [
                      {
                        "client_authentication": [
                          {
                            "sasl": [
                              {
                                "iam": false,
                                "scram": false
                              }
                            ],
                            "tls": false
                          }
                        ]
                      }
                    ]
                  }
                ],
                "instance_type": "kafka.t3.small",
                "security_groups": [
                  "sg-01bfbb4d763e12f57"
                ],
                "storage_info": [
                  {
                    "ebs_storage_info": [
                      {
                        "provisioned_throughput": [],
                        "volume_size": 100
                      }
                    ]
                  }
                ]
              }
            ],
            "client_authentication": [
              {
                "sasl": [
                  {
                    "iam": true,
                    "scram": false
                  }
                ],
                "tls": [],
                "unauthenticated": true
              }
            ],
            "cluster_name": "wsc2026-msk-cluster",
            "cluster_uuid": "347e5bcf-bbc3-44f0-941c-62ecac634e6d-3",
            "configuration_info": [],
            "current_version": "K1X6FK5RDHNB96",
            "customer_action_status": "NONE",
            "encryption_info": [
              {
                "encryption_at_rest_kms_key_arn": "arn:aws:kms:ap-northeast-1:412869002243:key/22525aae-560e-4ab9-a72d-aa0966afb1f0",
                "encryption_in_transit": [
                  {
                    "client_broker": "TLS_PLAINTEXT",
                    "in_cluster": true
                  }
                ]
              }
            ],
            "enhanced_monitoring": "DEFAULT",
            "id": "arn:aws:kafka:ap-northeast-1:412869002243:cluster/wsc2026-msk-cluster/347e5bcf-bbc3-44f0-941c-62ecac634e6d-3",
            "kafka_version": "3.6.0",
            "logging_info": [
              {
                "broker_logs": [
                  {
                    "cloudwatch_logs": [
                      {
                        "enabled": true,
                        "log_group": "/aws/msk/wsc2026-msk-cluster"
                      }
                    ],
                    "firehose": [],
                    "s3": []
                  }
                ]
              }
            ],
            "number_of_broker_nodes": 2,
            "open_monitoring": [
              {
                "prometheus": [
                  {
                    "jmx_exporter": [
                      {
                        "enabled_in_broker": false
                      }
                    ],
                    "node_exporter": [
                      {
                        "enabled_in_broker": false
                      }
                    ]
                  }
                ]
              }
            ],
            "rebalancing": [],
            "region": "ap-northeast-1",
            "storage_mode": "LOCAL",
            "tags": {
              "Name": "wsc2026-msk-cluster"
            },
            "tags_all": {
              "Name": "wsc2026-msk-cluster",
              "Project": "wsc2026-msk"
            },
            "timeouts": null,
            "zookeeper_connect_string": "z-1.wsc2026mskcluster.fa9g7f.c3.kafka.ap-northeast-1.amazonaws.com:2181,z-2.wsc2026mskcluster.fa9g7f.c3.kafka.ap-northeast-1.amazonaws.com:2181,z-3.wsc2026mskcluster.fa9g7f.c3.kafka.ap-northeast-1.amazonaws.com:2181",
            "zookeeper_connect_string_tls": "z-1.wsc2026mskcluster.fa9g7f.c3.kafka.ap-northeast-1.amazonaws.com:2182,z-2.wsc2026mskcluster.fa9g7f.c3.kafka.ap-northeast-1.amazonaws.com:2182,z-3.wsc2026mskcluster.fa9g7f.c3.kafka.ap-northeast-1.amazonaws.com:2182"
          },
          "sensitive_attributes": [],
          "identity_schema_version": 0,
          "identity": {
            "arn": "arn:aws:kafka:ap-northeast-1:412869002243:cluster/wsc2026-msk-cluster/347e5bcf-bbc3-44f0-941c-62ecac634e6d-3"
          },
          "private": "eyJlMmJmYjczMC1lY2FhLTExZTYtOGY4OC0zNDM2M2JjN2M0YzAiOnsiY3JlYXRlIjo3MjAwMDAwMDAwMDAwLCJkZWxldGUiOjcyMDAwMDAwMDAwMDAsInVwZGF0ZSI6NzIwMDAwMDAwMDAwMH19",
          "dependencies": [
            "aws_cloudwatch_log_group.msk",
            "aws_security_group.msk",
            "aws_subnet.this",
            "aws_vpc.main"
          ]
        }
      ]
    },
    {
      "mode": "managed",
      "type": "aws_nat_gateway",
      "name": "ngw",
      "provider": "provider[\"registry.terraform.io/hashicorp/aws\"]",
      "instances": [
        {
          "schema_version": 0,
          "attributes": {
            "allocation_id": "eipalloc-0ce5a87bf603fdb59",
            "association_id": "eipassoc-0c10b499ab21feb4e",
            "auto_provision_zones": null,
            "auto_scaling_ips": null,
            "availability_mode": "zonal",
            "availability_zone_address": [],
            "connectivity_type": "public",
            "id": "nat-0cc3b46a8fecc7192",
            "network_interface_id": "eni-0cecd42d36c4562cc",
            "private_ip": "192.168.0.183",
            "public_ip": "13.159.134.159",
            "region": "ap-northeast-1",
            "regional_nat_gateway_address": [],
            "regional_nat_gateway_auto_mode": null,
            "route_table_id": null,
            "secondary_allocation_ids": [],
            "secondary_private_ip_address_count": 0,
            "secondary_private_ip_addresses": [],
            "subnet_id": "subnet-0514a0ff96dd8b323",
            "tags": {
              "Name": "msk-ngw"
            },
            "tags_all": {
              "Name": "msk-ngw",
              "Project": "wsc2026-msk"
            },
            "timeouts": null,
            "vpc_id": "vpc-0087c6867a856a0ca"
          },
          "sensitive_attributes": [],
          "identity_schema_version": 0,
          "identity": {
            "account_id": "412869002243",
            "id": "nat-0cc3b46a8fecc7192",
            "region": "ap-northeast-1"
          },
          "private": "eyJlMmJmYjczMC1lY2FhLTExZTYtOGY4OC0zNDM2M2JjN2M0YzAiOnsiY3JlYXRlIjo2MDAwMDAwMDAwMDAsImRlbGV0ZSI6MTgwMDAwMDAwMDAwMCwidXBkYXRlIjo2MDAwMDAwMDAwMDB9fQ==",
          "dependencies": [
            "aws_eip.ngw",
            "aws_internet_gateway.igw",
            "aws_subnet.this",
            "aws_vpc.main"
          ]
        }
      ]
    },
    {
      "mode": "managed",
      "type": "aws_route",
      "name": "priv_default",
      "provider": "provider[\"registry.terraform.io/hashicorp/aws\"]",
      "instances": [
        {
          "index_key": "msk-priv-a",
          "schema_version": 0,
          "attributes": {
            "carrier_gateway_id": "",
            "core_network_arn": "",
            "destination_cidr_block": "0.0.0.0/0",
            "destination_ipv6_cidr_block": "",
            "destination_prefix_list_id": "",
            "egress_only_gateway_id": "",
            "gateway_id": "",
            "id": "r-rtb-0fe21115c287b1edb1080289494",
            "instance_id": "",
            "instance_owner_id": "",
            "local_gateway_id": "",
            "nat_gateway_id": "nat-0cc3b46a8fecc7192",
            "network_interface_id": "",
            "odb_network_arn": "",
            "origin": "CreateRoute",
            "region": "ap-northeast-1",
            "route_table_id": "rtb-0fe21115c287b1edb",
            "state": "active",
            "timeouts": null,
            "transit_gateway_id": "",
            "vpc_endpoint_id": "",
            "vpc_peering_connection_id": ""
          },
          "sensitive_attributes": [],
          "identity_schema_version": 0,
          "identity": {
            "account_id": "412869002243",
            "destination_cidr_block": "0.0.0.0/0",
            "destination_ipv6_cidr_block": null,
            "destination_prefix_list_id": null,
            "region": "ap-northeast-1",
            "route_table_id": "rtb-0fe21115c287b1edb"
          },
          "private": "eyJlMmJmYjczMC1lY2FhLTExZTYtOGY4OC0zNDM2M2JjN2M0YzAiOnsiY3JlYXRlIjozMDAwMDAwMDAwMDAsImRlbGV0ZSI6MzAwMDAwMDAwMDAwLCJ1cGRhdGUiOjEyMDAwMDAwMDAwMH19",
          "dependencies": [
            "aws_eip.ngw",
            "aws_internet_gateway.igw",
            "aws_nat_gateway.ngw",
            "aws_route_table.priv",
            "aws_subnet.this",
            "aws_vpc.main"
          ]
        },
        {
          "index_key": "msk-priv-d",
          "schema_version": 0,
          "attributes": {
            "carrier_gateway_id": "",
            "core_network_arn": "",
            "destination_cidr_block": "0.0.0.0/0",
            "destination_ipv6_cidr_block": "",
            "destination_prefix_list_id": "",
            "egress_only_gateway_id": "",
            "gateway_id": "",
            "id": "r-rtb-0fabbda7dd582b7f71080289494",
            "instance_id": "",
            "instance_owner_id": "",
            "local_gateway_id": "",
            "nat_gateway_id": "nat-0cc3b46a8fecc7192",
            "network_interface_id": "",
            "odb_network_arn": "",
            "origin": "CreateRoute",
            "region": "ap-northeast-1",
            "route_table_id": "rtb-0fabbda7dd582b7f7",
            "state": "active",
            "timeouts": null,
            "transit_gateway_id": "",
            "vpc_endpoint_id": "",
            "vpc_peering_connection_id": ""
          },
          "sensitive_attributes": [],
          "identity_schema_version": 0,
          "identity": {
            "account_id": "412869002243",
            "destination_cidr_block": "0.0.0.0/0",
            "destination_ipv6_cidr_block": null,
            "destination_prefix_list_id": null,
            "region": "ap-northeast-1",
            "route_table_id": "rtb-0fabbda7dd582b7f7"
          },
          "private": "eyJlMmJmYjczMC1lY2FhLTExZTYtOGY4OC0zNDM2M2JjN2M0YzAiOnsiY3JlYXRlIjozMDAwMDAwMDAwMDAsImRlbGV0ZSI6MzAwMDAwMDAwMDAwLCJ1cGRhdGUiOjEyMDAwMDAwMDAwMH19",
          "dependencies": [
            "aws_eip.ngw",
            "aws_internet_gateway.igw",
            "aws_nat_gateway.ngw",
            "aws_route_table.priv",
            "aws_subnet.this",
            "aws_vpc.main"
          ]
        }
      ]
    },
    {
      "mode": "managed",
      "type": "aws_route",
      "name": "pub_default",
      "provider": "provider[\"registry.terraform.io/hashicorp/aws\"]",
      "instances": [
        {
          "schema_version": 0,
          "attributes": {
            "carrier_gateway_id": "",
            "core_network_arn": "",
            "destination_cidr_block": "0.0.0.0/0",
            "destination_ipv6_cidr_block": "",
            "destination_prefix_list_id": "",
            "egress_only_gateway_id": "",
            "gateway_id": "igw-02f438851d2da1567",
            "id": "r-rtb-08b7993a5bca2db3e1080289494",
            "instance_id": "",
            "instance_owner_id": "",
            "local_gateway_id": "",
            "nat_gateway_id": "",
            "network_interface_id": "",
            "odb_network_arn": "",
            "origin": "CreateRoute",
            "region": "ap-northeast-1",
            "route_table_id": "rtb-08b7993a5bca2db3e",
            "state": "active",
            "timeouts": null,
            "transit_gateway_id": "",
            "vpc_endpoint_id": "",
            "vpc_peering_connection_id": ""
          },
          "sensitive_attributes": [],
          "identity_schema_version": 0,
          "identity": {
            "account_id": "412869002243",
            "destination_cidr_block": "0.0.0.0/0",
            "destination_ipv6_cidr_block": null,
            "destination_prefix_list_id": null,
            "region": "ap-northeast-1",
            "route_table_id": "rtb-08b7993a5bca2db3e"
          },
          "private": "eyJlMmJmYjczMC1lY2FhLTExZTYtOGY4OC0zNDM2M2JjN2M0YzAiOnsiY3JlYXRlIjozMDAwMDAwMDAwMDAsImRlbGV0ZSI6MzAwMDAwMDAwMDAwLCJ1cGRhdGUiOjEyMDAwMDAwMDAwMH19",
          "dependencies": [
            "aws_internet_gateway.igw",
            "aws_route_table.pub",
            "aws_vpc.main"
          ]
        }
      ]
    },
    {
      "mode": "managed",
      "type": "aws_route_table",
      "name": "priv",
      "provider": "provider[\"registry.terraform.io/hashicorp/aws\"]",
      "instances": [
        {
          "index_key": "msk-priv-a",
          "schema_version": 0,
          "attributes": {
            "arn": "arn:aws:ec2:ap-northeast-1:412869002243:route-table/rtb-0fe21115c287b1edb",
            "id": "rtb-0fe21115c287b1edb",
            "owner_id": "412869002243",
            "propagating_vgws": [],
            "region": "ap-northeast-1",
            "route": [],
            "tags": {
              "Name": "msk-priv-a-rtb"
            },
            "tags_all": {
              "Name": "msk-priv-a-rtb",
              "Project": "wsc2026-msk"
            },
            "timeouts": null,
            "vpc_id": "vpc-0087c6867a856a0ca"
          },
          "sensitive_attributes": [],
          "identity_schema_version": 0,
          "identity": {
            "account_id": "412869002243",
            "id": "rtb-0fe21115c287b1edb",
            "region": "ap-northeast-1"
          },
          "private": "eyJlMmJmYjczMC1lY2FhLTExZTYtOGY4OC0zNDM2M2JjN2M0YzAiOnsiY3JlYXRlIjozMDAwMDAwMDAwMDAsImRlbGV0ZSI6MzAwMDAwMDAwMDAwLCJ1cGRhdGUiOjEyMDAwMDAwMDAwMH19",
          "dependencies": [
            "aws_vpc.main"
          ]
        },
        {
          "index_key": "msk-priv-d",
          "schema_version": 0,
          "attributes": {
            "arn": "arn:aws:ec2:ap-northeast-1:412869002243:route-table/rtb-0fabbda7dd582b7f7",
            "id": "rtb-0fabbda7dd582b7f7",
            "owner_id": "412869002243",
            "propagating_vgws": [],
            "region": "ap-northeast-1",
            "route": [],
            "tags": {
              "Name": "msk-priv-d-rtb"
            },
            "tags_all": {
              "Name": "msk-priv-d-rtb",
              "Project": "wsc2026-msk"
            },
            "timeouts": null,
            "vpc_id": "vpc-0087c6867a856a0ca"
          },
          "sensitive_attributes": [],
          "identity_schema_version": 0,
          "identity": {
            "account_id": "412869002243",
            "id": "rtb-0fabbda7dd582b7f7",
            "region": "ap-northeast-1"
          },
          "private": "eyJlMmJmYjczMC1lY2FhLTExZTYtOGY4OC0zNDM2M2JjN2M0YzAiOnsiY3JlYXRlIjozMDAwMDAwMDAwMDAsImRlbGV0ZSI6MzAwMDAwMDAwMDAwLCJ1cGRhdGUiOjEyMDAwMDAwMDAwMH19",
          "dependencies": [
            "aws_vpc.main"
          ]
        }
      ]
    },
    {
      "mode": "managed",
      "type": "aws_route_table",
      "name": "pub",
      "provider": "provider[\"registry.terraform.io/hashicorp/aws\"]",
      "instances": [
        {
          "schema_version": 0,
          "attributes": {
            "arn": "arn:aws:ec2:ap-northeast-1:412869002243:route-table/rtb-08b7993a5bca2db3e",
            "id": "rtb-08b7993a5bca2db3e",
            "owner_id": "412869002243",
            "propagating_vgws": [],
            "region": "ap-northeast-1",
            "route": [],
            "tags": {
              "Name": "msk-pub-rtb"
            },
            "tags_all": {
              "Name": "msk-pub-rtb",
              "Project": "wsc2026-msk"
            },
            "timeouts": null,
            "vpc_id": "vpc-0087c6867a856a0ca"
          },
          "sensitive_attributes": [],
          "identity_schema_version": 0,
          "identity": {
            "account_id": "412869002243",
            "id": "rtb-08b7993a5bca2db3e",
            "region": "ap-northeast-1"
          },
          "private": "eyJlMmJmYjczMC1lY2FhLTExZTYtOGY4OC0zNDM2M2JjN2M0YzAiOnsiY3JlYXRlIjozMDAwMDAwMDAwMDAsImRlbGV0ZSI6MzAwMDAwMDAwMDAwLCJ1cGRhdGUiOjEyMDAwMDAwMDAwMH19",
          "dependencies": [
            "aws_vpc.main"
          ]
        }
      ]
    },
    {
      "mode": "managed",
      "type": "aws_route_table_association",
      "name": "priv",
      "provider": "provider[\"registry.terraform.io/hashicorp/aws\"]",
      "instances": [
        {
          "index_key": "msk-priv-a",
          "schema_version": 0,
          "attributes": {
            "gateway_id": "",
            "id": "rtbassoc-066fe711fa29f69d1",
            "region": "ap-northeast-1",
            "route_table_id": "rtb-0fe21115c287b1edb",
            "subnet_id": "subnet-0d80e22aac78c992a",
            "timeouts": null
          },
          "sensitive_attributes": [],
          "identity_schema_version": 0,
          "identity": {
            "account_id": "412869002243",
            "id": "rtbassoc-066fe711fa29f69d1",
            "region": "ap-northeast-1"
          },
          "private": "eyJlMmJmYjczMC1lY2FhLTExZTYtOGY4OC0zNDM2M2JjN2M0YzAiOnsiY3JlYXRlIjozMDAwMDAwMDAwMDAsImRlbGV0ZSI6MzAwMDAwMDAwMDAwLCJ1cGRhdGUiOjEyMDAwMDAwMDAwMH19",
          "dependencies": [
            "aws_route_table.priv",
            "aws_subnet.this",
            "aws_vpc.main"
          ]
        },
        {
          "index_key": "msk-priv-d",
          "schema_version": 0,
          "attributes": {
            "gateway_id": "",
            "id": "rtbassoc-0c49df93efae8d461",
            "region": "ap-northeast-1",
            "route_table_id": "rtb-0fabbda7dd582b7f7",
            "subnet_id": "subnet-0e379300c681626d4",
            "timeouts": null
          },
          "sensitive_attributes": [],
          "identity_schema_version": 0,
          "identity": {
            "account_id": "412869002243",
            "id": "rtbassoc-0c49df93efae8d461",
            "region": "ap-northeast-1"
          },
          "private": "eyJlMmJmYjczMC1lY2FhLTExZTYtOGY4OC0zNDM2M2JjN2M0YzAiOnsiY3JlYXRlIjozMDAwMDAwMDAwMDAsImRlbGV0ZSI6MzAwMDAwMDAwMDAwLCJ1cGRhdGUiOjEyMDAwMDAwMDAwMH19",
          "dependencies": [
            "aws_route_table.priv",
            "aws_subnet.this",
            "aws_vpc.main"
          ]
        }
      ]
    },
    {
      "mode": "managed",
      "type": "aws_route_table_association",
      "name": "pub",
      "provider": "provider[\"registry.terraform.io/hashicorp/aws\"]",
      "instances": [
        {
          "index_key": "msk-pub-a",
          "schema_version": 0,
          "attributes": {
            "gateway_id": "",
            "id": "rtbassoc-027d7a92f152dc43a",
            "region": "ap-northeast-1",
            "route_table_id": "rtb-08b7993a5bca2db3e",
            "subnet_id": "subnet-0514a0ff96dd8b323",
            "timeouts": null
          },
          "sensitive_attributes": [],
          "identity_schema_version": 0,
          "identity": {
            "account_id": "412869002243",
            "id": "rtbassoc-027d7a92f152dc43a",
            "region": "ap-northeast-1"
          },
          "private": "eyJlMmJmYjczMC1lY2FhLTExZTYtOGY4OC0zNDM2M2JjN2M0YzAiOnsiY3JlYXRlIjozMDAwMDAwMDAwMDAsImRlbGV0ZSI6MzAwMDAwMDAwMDAwLCJ1cGRhdGUiOjEyMDAwMDAwMDAwMH19",
          "dependencies": [
            "aws_route_table.pub",
            "aws_subnet.this",
            "aws_vpc.main"
          ]
        },
        {
          "index_key": "msk-pub-d",
          "schema_version": 0,
          "attributes": {
            "gateway_id": "",
            "id": "rtbassoc-0899441d3e89abf39",
            "region": "ap-northeast-1",
            "route_table_id": "rtb-08b7993a5bca2db3e",
            "subnet_id": "subnet-097005745fb90e507",
            "timeouts": null
          },
          "sensitive_attributes": [],
          "identity_schema_version": 0,
          "identity": {
            "account_id": "412869002243",
            "id": "rtbassoc-0899441d3e89abf39",
            "region": "ap-northeast-1"
          },
          "private": "eyJlMmJmYjczMC1lY2FhLTExZTYtOGY4OC0zNDM2M2JjN2M0YzAiOnsiY3JlYXRlIjozMDAwMDAwMDAwMDAsImRlbGV0ZSI6MzAwMDAwMDAwMDAwLCJ1cGRhdGUiOjEyMDAwMDAwMDAwMH19",
          "dependencies": [
            "aws_route_table.pub",
            "aws_subnet.this",
            "aws_vpc.main"
          ]
        }
      ]
    },
    {
      "mode": "managed",
      "type": "aws_s3_bucket",
      "name": "alert",
      "provider": "provider[\"registry.terraform.io/hashicorp/aws\"]",
      "instances": [
        {
          "schema_version": 0,
          "attributes": {
            "acceleration_status": "",
            "acl": null,
            "arn": "arn:aws:s3:::wsc2026-sensor-alert-bucket-111",
            "bucket": "wsc2026-sensor-alert-bucket-111",
            "bucket_domain_name": "wsc2026-sensor-alert-bucket-111.s3.amazonaws.com",
            "bucket_namespace": "global",
            "bucket_prefix": "",
            "bucket_region": "ap-northeast-1",
            "bucket_regional_domain_name": "wsc2026-sensor-alert-bucket-111.s3.ap-northeast-1.amazonaws.com",
            "cors_rule": [],
            "force_destroy": true,
            "grant": [
              {
                "id": "883236cf36a311ef27f46da2d113ad85e64f344ecd572ad2f186f7a9a2f5359c",
                "permissions": [
                  "FULL_CONTROL"
                ],
                "type": "CanonicalUser",
                "uri": ""
              }
            ],
            "hosted_zone_id": "Z2M4EHUR26P7ZW",
            "id": "wsc2026-sensor-alert-bucket-111",
            "lifecycle_rule": [],
            "logging": [],
            "object_lock_configuration": [],
            "object_lock_enabled": false,
            "policy": "",
            "region": "ap-northeast-1",
            "replication_configuration": [],
            "request_payer": "BucketOwner",
            "server_side_encryption_configuration": [
              {
                "rule": [
                  {
                    "apply_server_side_encryption_by_default": [
                      {
                        "kms_master_key_id": "",
                        "sse_algorithm": "AES256"
                      }
                    ],
                    "bucket_key_enabled": false
                  }
                ]
              }
            ],
            "tags": null,
            "tags_all": {
              "Project": "wsc2026-msk"
            },
            "timeouts": null,
            "versioning": [
              {
                "enabled": false,
                "mfa_delete": false
              }
            ],
            "website": [],
            "website_domain": null,
            "website_endpoint": null
          },
          "sensitive_attributes": [],
          "identity_schema_version": 0,
          "identity": {
            "account_id": "412869002243",
            "bucket": "wsc2026-sensor-alert-bucket-111",
            "region": "ap-northeast-1"
          },
          "private": "eyJlMmJmYjczMC1lY2FhLTExZTYtOGY4OC0zNDM2M2JjN2M0YzAiOnsiY3JlYXRlIjoxMjAwMDAwMDAwMDAwLCJkZWxldGUiOjM2MDAwMDAwMDAwMDAsInJlYWQiOjEyMDAwMDAwMDAwMDAsInVwZGF0ZSI6MTIwMDAwMDAwMDAwMH19"
        }
      ]
    },
    {
      "mode": "managed",
      "type": "aws_s3_bucket",
      "name": "artifact",
      "provider": "provider[\"registry.terraform.io/hashicorp/aws\"]",
      "instances": [
        {
          "schema_version": 0,
          "attributes": {
            "acceleration_status": "",
            "acl": null,
            "arn": "arn:aws:s3:::wsc2026-msk-artifacts-111-412869002243",
            "bucket": "wsc2026-msk-artifacts-111-412869002243",
            "bucket_domain_name": "wsc2026-msk-artifacts-111-412869002243.s3.amazonaws.com",
            "bucket_namespace": "global",
            "bucket_prefix": "",
            "bucket_region": "ap-northeast-1",
            "bucket_regional_domain_name": "wsc2026-msk-artifacts-111-412869002243.s3.ap-northeast-1.amazonaws.com",
            "cors_rule": [],
            "force_destroy": true,
            "grant": [
              {
                "id": "883236cf36a311ef27f46da2d113ad85e64f344ecd572ad2f186f7a9a2f5359c",
                "permissions": [
                  "FULL_CONTROL"
                ],
                "type": "CanonicalUser",
                "uri": ""
              }
            ],
            "hosted_zone_id": "Z2M4EHUR26P7ZW",
            "id": "wsc2026-msk-artifacts-111-412869002243",
            "lifecycle_rule": [],
            "logging": [],
            "object_lock_configuration": [],
            "object_lock_enabled": false,
            "policy": "",
            "region": "ap-northeast-1",
            "replication_configuration": [],
            "request_payer": "BucketOwner",
            "server_side_encryption_configuration": [
              {
                "rule": [
                  {
                    "apply_server_side_encryption_by_default": [
                      {
                        "kms_master_key_id": "",
                        "sse_algorithm": "AES256"
                      }
                    ],
                    "bucket_key_enabled": false
                  }
                ]
              }
            ],
            "tags": null,
            "tags_all": {
              "Project": "wsc2026-msk"
            },
            "timeouts": null,
            "versioning": [
              {
                "enabled": false,
                "mfa_delete": false
              }
            ],
            "website": [],
            "website_domain": null,
            "website_endpoint": null
          },
          "sensitive_attributes": [],
          "identity_schema_version": 0,
          "identity": {
            "account_id": "412869002243",
            "bucket": "wsc2026-msk-artifacts-111-412869002243",
            "region": "ap-northeast-1"
          },
          "private": "eyJlMmJmYjczMC1lY2FhLTExZTYtOGY4OC0zNDM2M2JjN2M0YzAiOnsiY3JlYXRlIjoxMjAwMDAwMDAwMDAwLCJkZWxldGUiOjM2MDAwMDAwMDAwMDAsInJlYWQiOjEyMDAwMDAwMDAwMDAsInVwZGF0ZSI6MTIwMDAwMDAwMDAwMH19",
          "dependencies": [
            "data.aws_caller_identity.current"
          ]
        }
      ]
    },
    {
      "mode": "managed",
      "type": "aws_s3_bucket_public_access_block",
      "name": "alert",
      "provider": "provider[\"registry.terraform.io/hashicorp/aws\"]",
      "instances": [
        {
          "schema_version": 0,
          "attributes": {
            "block_public_acls": true,
            "block_public_policy": true,
            "bucket": "wsc2026-sensor-alert-bucket-111",
            "id": "wsc2026-sensor-alert-bucket-111",
            "ignore_public_acls": true,
            "region": "ap-northeast-1",
            "restrict_public_buckets": true,
            "skip_destroy": null
          },
          "sensitive_attributes": [],
          "identity_schema_version": 0,
          "identity": {
            "account_id": "412869002243",
            "bucket": "wsc2026-sensor-alert-bucket-111",
            "region": "ap-northeast-1"
          },
          "private": "bnVsbA==",
          "dependencies": [
            "aws_s3_bucket.alert"
          ]
        }
      ]
    },
    {
      "mode": "managed",
      "type": "aws_s3_bucket_public_access_block",
      "name": "artifact",
      "provider": "provider[\"registry.terraform.io/hashicorp/aws\"]",
      "instances": [
        {
          "schema_version": 0,
          "attributes": {
            "block_public_acls": true,
            "block_public_policy": true,
            "bucket": "wsc2026-msk-artifacts-111-412869002243",
            "id": "wsc2026-msk-artifacts-111-412869002243",
            "ignore_public_acls": true,
            "region": "ap-northeast-1",
            "restrict_public_buckets": true,
            "skip_destroy": null
          },
          "sensitive_attributes": [],
          "identity_schema_version": 0,
          "identity": {
            "account_id": "412869002243",
            "bucket": "wsc2026-msk-artifacts-111-412869002243",
            "region": "ap-northeast-1"
          },
          "private": "bnVsbA==",
          "dependencies": [
            "aws_s3_bucket.artifact",
            "data.aws_caller_identity.current"
          ]
        }
      ]
    },
    {
      "mode": "managed",
      "type": "aws_s3_object",
      "name": "app_binary",
      "provider": "provider[\"registry.terraform.io/hashicorp/aws\"]",
      "instances": [
        {
          "schema_version": 0,
          "attributes": {
            "acl": null,
            "arn": "arn:aws:s3:::wsc2026-msk-artifacts-111-412869002243/app",
            "bucket": "wsc2026-msk-artifacts-111-412869002243",
            "bucket_key_enabled": false,
            "cache_control": "",
            "checksum_algorithm": null,
            "checksum_crc32": "",
            "checksum_crc32c": "",
            "checksum_crc64nvme": "",
            "checksum_sha1": "",
            "checksum_sha256": "",
            "content": null,
            "content_base64": null,
            "content_disposition": "",
            "content_encoding": "",
            "content_language": "",
            "content_type": "binary/octet-stream",
            "etag": "76a54626f6e0994bf297a5eaa9d65c00-2",
            "force_destroy": false,
            "id": "wsc2026-msk-artifacts-111-412869002243/app",
            "key": "app",
            "kms_key_id": null,
            "metadata": null,
            "object_lock_legal_hold_status": "",
            "object_lock_mode": "",
            "object_lock_retain_until_date": "",
            "override_provider": [],
            "region": "ap-northeast-1",
            "server_side_encryption": "AES256",
            "source": "./app/app",
            "source_hash": null,
            "storage_class": "STANDARD",
            "tags": null,
            "tags_all": {
              "Project": "wsc2026-msk"
            },
            "version_id": "",
            "website_redirect": ""
          },
          "sensitive_attributes": [],
          "identity_schema_version": 0,
          "identity": {
            "account_id": "412869002243",
            "bucket": "wsc2026-msk-artifacts-111-412869002243",
            "key": "app",
            "region": "ap-northeast-1"
          },
          "private": "bnVsbA==",
          "dependencies": [
            "aws_s3_bucket.artifact",
            "data.aws_caller_identity.current"
          ]
        }
      ]
    },
    {
      "mode": "managed",
      "type": "aws_security_group",
      "name": "ec2",
      "provider": "provider[\"registry.terraform.io/hashicorp/aws\"]",
      "instances": [
        {
          "schema_version": 1,
          "attributes": {
            "arn": "arn:aws:ec2:ap-northeast-1:412869002243:security-group/sg-0e9a91ca87ed147fb",
            "description": "Producer EC2",
            "egress": [],
            "id": "sg-0e9a91ca87ed147fb",
            "ingress": [],
            "name": "wsc2026-msk-producer-sg",
            "name_prefix": "",
            "owner_id": "412869002243",
            "region": "ap-northeast-1",
            "revoke_rules_on_delete": false,
            "tags": {
              "Name": "wsc2026-msk-producer-sg"
            },
            "tags_all": {
              "Name": "wsc2026-msk-producer-sg",
              "Project": "wsc2026-msk"
            },
            "timeouts": null,
            "vpc_id": "vpc-0087c6867a856a0ca"
          },
          "sensitive_attributes": [],
          "identity_schema_version": 0,
          "identity": {
            "account_id": "412869002243",
            "id": "sg-0e9a91ca87ed147fb",
            "region": "ap-northeast-1"
          },
          "private": "eyJlMmJmYjczMC1lY2FhLTExZTYtOGY4OC0zNDM2M2JjN2M0YzAiOnsiY3JlYXRlIjo2MDAwMDAwMDAwMDAsImRlbGV0ZSI6OTAwMDAwMDAwMDAwfSwic2NoZW1hX3ZlcnNpb24iOiIxIn0=",
          "dependencies": [
            "aws_vpc.main"
          ]
        }
      ]
    },
    {
      "mode": "managed",
      "type": "aws_security_group",
      "name": "lambda",
      "provider": "provider[\"registry.terraform.io/hashicorp/aws\"]",
      "instances": [
        {
          "schema_version": 1,
          "attributes": {
            "arn": "arn:aws:ec2:ap-northeast-1:412869002243:security-group/sg-0abaa27e72ce6118f",
            "description": "Lambda VPC ENI",
            "egress": [],
            "id": "sg-0abaa27e72ce6118f",
            "ingress": [],
            "name": "wsc2026-msk-lambda-sg",
            "name_prefix": "",
            "owner_id": "412869002243",
            "region": "ap-northeast-1",
            "revoke_rules_on_delete": false,
            "tags": {
              "Name": "wsc2026-msk-lambda-sg"
            },
            "tags_all": {
              "Name": "wsc2026-msk-lambda-sg",
              "Project": "wsc2026-msk"
            },
            "timeouts": null,
            "vpc_id": "vpc-0087c6867a856a0ca"
          },
          "sensitive_attributes": [],
          "identity_schema_version": 0,
          "identity": {
            "account_id": "412869002243",
            "id": "sg-0abaa27e72ce6118f",
            "region": "ap-northeast-1"
          },
          "private": "eyJlMmJmYjczMC1lY2FhLTExZTYtOGY4OC0zNDM2M2JjN2M0YzAiOnsiY3JlYXRlIjo2MDAwMDAwMDAwMDAsImRlbGV0ZSI6OTAwMDAwMDAwMDAwfSwic2NoZW1hX3ZlcnNpb24iOiIxIn0=",
          "dependencies": [
            "aws_vpc.main"
          ]
        }
      ]
    },
    {
      "mode": "managed",
      "type": "aws_security_group",
      "name": "msk",
      "provider": "provider[\"registry.terraform.io/hashicorp/aws\"]",
      "instances": [
        {
          "schema_version": 1,
          "attributes": {
            "arn": "arn:aws:ec2:ap-northeast-1:412869002243:security-group/sg-01bfbb4d763e12f57",
            "description": "MSK broker access (IAM SASL 9098)",
            "egress": [],
            "id": "sg-01bfbb4d763e12f57",
            "ingress": [],
            "name": "wsc2026-msk-cluster-sg",
            "name_prefix": "",
            "owner_id": "412869002243",
            "region": "ap-northeast-1",
            "revoke_rules_on_delete": false,
            "tags": {
              "Name": "wsc2026-msk-cluster-sg"
            },
            "tags_all": {
              "Name": "wsc2026-msk-cluster-sg",
              "Project": "wsc2026-msk"
            },
            "timeouts": null,
            "vpc_id": "vpc-0087c6867a856a0ca"
          },
          "sensitive_attributes": [],
          "identity_schema_version": 0,
          "identity": {
            "account_id": "412869002243",
            "id": "sg-01bfbb4d763e12f57",
            "region": "ap-northeast-1"
          },
          "private": "eyJlMmJmYjczMC1lY2FhLTExZTYtOGY4OC0zNDM2M2JjN2M0YzAiOnsiY3JlYXRlIjo2MDAwMDAwMDAwMDAsImRlbGV0ZSI6OTAwMDAwMDAwMDAwfSwic2NoZW1hX3ZlcnNpb24iOiIxIn0=",
          "dependencies": [
            "aws_vpc.main"
          ]
        }
      ]
    },
    {
      "mode": "managed",
      "type": "aws_sns_topic",
      "name": "alert",
      "provider": "provider[\"registry.terraform.io/hashicorp/aws\"]",
      "instances": [
        {
          "schema_version": 0,
          "attributes": {
            "application_failure_feedback_role_arn": "",
            "application_success_feedback_role_arn": "",
            "application_success_feedback_sample_rate": 0,
            "archive_policy": "",
            "arn": "arn:aws:sns:ap-northeast-1:412869002243:wsc2026-sensor-alert-topic",
            "beginning_archive_time": "",
            "content_based_deduplication": false,
            "delivery_policy": "",
            "display_name": "",
            "fifo_throughput_scope": "",
            "fifo_topic": false,
            "firehose_failure_feedback_role_arn": "",
            "firehose_success_feedback_role_arn": "",
            "firehose_success_feedback_sample_rate": 0,
            "http_failure_feedback_role_arn": "",
            "http_success_feedback_role_arn": "",
            "http_success_feedback_sample_rate": 0,
            "id": "arn:aws:sns:ap-northeast-1:412869002243:wsc2026-sensor-alert-topic",
            "kms_master_key_id": "",
            "lambda_failure_feedback_role_arn": "",
            "lambda_success_feedback_role_arn": "",
            "lambda_success_feedback_sample_rate": 0,
            "name": "wsc2026-sensor-alert-topic",
            "name_prefix": "",
            "owner": "412869002243",
            "policy": "{\"Id\":\"__default_policy_ID\",\"Statement\":[{\"Action\":[\"SNS:GetTopicAttributes\",\"SNS:SetTopicAttributes\",\"SNS:AddPermission\",\"SNS:RemovePermission\",\"SNS:DeleteTopic\",\"SNS:Subscribe\",\"SNS:ListSubscriptionsByTopic\",\"SNS:Publish\"],\"Condition\":{\"StringEquals\":{\"AWS:SourceOwner\":\"412869002243\"}},\"Effect\":\"Allow\",\"Principal\":{\"AWS\":\"*\"},\"Resource\":\"arn:aws:sns:ap-northeast-1:412869002243:wsc2026-sensor-alert-topic\",\"Sid\":\"__default_statement_ID\"}],\"Version\":\"2008-10-17\"}",
            "region": "ap-northeast-1",
            "signature_version": 0,
            "sqs_failure_feedback_role_arn": "",
            "sqs_success_feedback_role_arn": "",
            "sqs_success_feedback_sample_rate": 0,
            "tags": null,
            "tags_all": {
              "Project": "wsc2026-msk"
            },
            "tracing_config": ""
          },
          "sensitive_attributes": [],
          "identity_schema_version": 0,
          "identity": {
            "arn": "arn:aws:sns:ap-northeast-1:412869002243:wsc2026-sensor-alert-topic"
          },
          "private": "bnVsbA=="
        }
      ]
    },
    {
      "mode": "managed",
      "type": "aws_subnet",
      "name": "this",
      "provider": "provider[\"registry.terraform.io/hashicorp/aws\"]",
      "instances": [
        {
          "index_key": "msk-priv-a",
          "schema_version": 1,
          "attributes": {
            "arn": "arn:aws:ec2:ap-northeast-1:412869002243:subnet/subnet-0d80e22aac78c992a",
            "assign_ipv6_address_on_creation": false,
            "availability_zone": "ap-northeast-1a",
            "availability_zone_id": "apne1-az4",
            "cidr_block": "192.168.10.0/24",
            "customer_owned_ipv4_pool": "",
            "enable_dns64": false,
            "enable_lni_at_device_index": 0,
            "enable_resource_name_dns_a_record_on_launch": false,
            "enable_resource_name_dns_aaaa_record_on_launch": false,
            "id": "subnet-0d80e22aac78c992a",
            "ipv4_ipam_pool_id": null,
            "ipv4_netmask_length": null,
            "ipv6_cidr_block": "",
            "ipv6_cidr_block_association_id": "",
            "ipv6_ipam_pool_id": null,
            "ipv6_native": false,
            "ipv6_netmask_length": null,
            "map_customer_owned_ip_on_launch": false,
            "map_public_ip_on_launch": false,
            "outpost_arn": "",
            "owner_id": "412869002243",
            "private_dns_hostname_type_on_launch": "ip-name",
            "region": "ap-northeast-1",
            "tags": {
              "Name": "msk-priv-a"
            },
            "tags_all": {
              "Name": "msk-priv-a",
              "Project": "wsc2026-msk"
            },
            "timeouts": null,
            "vpc_id": "vpc-0087c6867a856a0ca"
          },
          "sensitive_attributes": [],
          "identity_schema_version": 0,
          "identity": {
            "account_id": "412869002243",
            "id": "subnet-0d80e22aac78c992a",
            "region": "ap-northeast-1"
          },
          "private": "eyJlMmJmYjczMC1lY2FhLTExZTYtOGY4OC0zNDM2M2JjN2M0YzAiOnsiY3JlYXRlIjo2MDAwMDAwMDAwMDAsImRlbGV0ZSI6MTIwMDAwMDAwMDAwMH0sInNjaGVtYV92ZXJzaW9uIjoiMSJ9",
          "dependencies": [
            "aws_vpc.main"
          ]
        },
        {
          "index_key": "msk-priv-d",
          "schema_version": 1,
          "attributes": {
            "arn": "arn:aws:ec2:ap-northeast-1:412869002243:subnet/subnet-0e379300c681626d4",
            "assign_ipv6_address_on_creation": false,
            "availability_zone": "ap-northeast-1d",
            "availability_zone_id": "apne1-az2",
            "cidr_block": "192.168.11.0/24",
            "customer_owned_ipv4_pool": "",
            "enable_dns64": false,
            "enable_lni_at_device_index": 0,
            "enable_resource_name_dns_a_record_on_launch": false,
            "enable_resource_name_dns_aaaa_record_on_launch": false,
            "id": "subnet-0e379300c681626d4",
            "ipv4_ipam_pool_id": null,
            "ipv4_netmask_length": null,
            "ipv6_cidr_block": "",
            "ipv6_cidr_block_association_id": "",
            "ipv6_ipam_pool_id": null,
            "ipv6_native": false,
            "ipv6_netmask_length": null,
            "map_customer_owned_ip_on_launch": false,
            "map_public_ip_on_launch": false,
            "outpost_arn": "",
            "owner_id": "412869002243",
            "private_dns_hostname_type_on_launch": "ip-name",
            "region": "ap-northeast-1",
            "tags": {
              "Name": "msk-priv-d"
            },
            "tags_all": {
              "Name": "msk-priv-d",
              "Project": "wsc2026-msk"
            },
            "timeouts": null,
            "vpc_id": "vpc-0087c6867a856a0ca"
          },
          "sensitive_attributes": [],
          "identity_schema_version": 0,
          "identity": {
            "account_id": "412869002243",
            "id": "subnet-0e379300c681626d4",
            "region": "ap-northeast-1"
          },
          "private": "eyJlMmJmYjczMC1lY2FhLTExZTYtOGY4OC0zNDM2M2JjN2M0YzAiOnsiY3JlYXRlIjo2MDAwMDAwMDAwMDAsImRlbGV0ZSI6MTIwMDAwMDAwMDAwMH0sInNjaGVtYV92ZXJzaW9uIjoiMSJ9",
          "dependencies": [
            "aws_vpc.main"
          ]
        },
        {
          "index_key": "msk-pub-a",
          "schema_version": 1,
          "attributes": {
            "arn": "arn:aws:ec2:ap-northeast-1:412869002243:subnet/subnet-0514a0ff96dd8b323",
            "assign_ipv6_address_on_creation": false,
            "availability_zone": "ap-northeast-1a",
            "availability_zone_id": "apne1-az4",
            "cidr_block": "192.168.0.0/24",
            "customer_owned_ipv4_pool": "",
            "enable_dns64": false,
            "enable_lni_at_device_index": 0,
            "enable_resource_name_dns_a_record_on_launch": false,
            "enable_resource_name_dns_aaaa_record_on_launch": false,
            "id": "subnet-0514a0ff96dd8b323",
            "ipv4_ipam_pool_id": null,
            "ipv4_netmask_length": null,
            "ipv6_cidr_block": "",
            "ipv6_cidr_block_association_id": "",
            "ipv6_ipam_pool_id": null,
            "ipv6_native": false,
            "ipv6_netmask_length": null,
            "map_customer_owned_ip_on_launch": false,
            "map_public_ip_on_launch": true,
            "outpost_arn": "",
            "owner_id": "412869002243",
            "private_dns_hostname_type_on_launch": "ip-name",
            "region": "ap-northeast-1",
            "tags": {
              "Name": "msk-pub-a"
            },
            "tags_all": {
              "Name": "msk-pub-a",
              "Project": "wsc2026-msk"
            },
            "timeouts": null,
            "vpc_id": "vpc-0087c6867a856a0ca"
          },
          "sensitive_attributes": [],
          "identity_schema_version": 0,
          "identity": {
            "account_id": "412869002243",
            "id": "subnet-0514a0ff96dd8b323",
            "region": "ap-northeast-1"
          },
          "private": "eyJlMmJmYjczMC1lY2FhLTExZTYtOGY4OC0zNDM2M2JjN2M0YzAiOnsiY3JlYXRlIjo2MDAwMDAwMDAwMDAsImRlbGV0ZSI6MTIwMDAwMDAwMDAwMH0sInNjaGVtYV92ZXJzaW9uIjoiMSJ9",
          "dependencies": [
            "aws_vpc.main"
          ]
        },
        {
          "index_key": "msk-pub-d",
          "schema_version": 1,
          "attributes": {
            "arn": "arn:aws:ec2:ap-northeast-1:412869002243:subnet/subnet-097005745fb90e507",
            "assign_ipv6_address_on_creation": false,
            "availability_zone": "ap-northeast-1d",
            "availability_zone_id": "apne1-az2",
            "cidr_block": "192.168.1.0/24",
            "customer_owned_ipv4_pool": "",
            "enable_dns64": false,
            "enable_lni_at_device_index": 0,
            "enable_resource_name_dns_a_record_on_launch": false,
            "enable_resource_name_dns_aaaa_record_on_launch": false,
            "id": "subnet-097005745fb90e507",
            "ipv4_ipam_pool_id": null,
            "ipv4_netmask_length": null,
            "ipv6_cidr_block": "",
            "ipv6_cidr_block_association_id": "",
            "ipv6_ipam_pool_id": null,
            "ipv6_native": false,
            "ipv6_netmask_length": null,
            "map_customer_owned_ip_on_launch": false,
            "map_public_ip_on_launch": true,
            "outpost_arn": "",
            "owner_id": "412869002243",
            "private_dns_hostname_type_on_launch": "ip-name",
            "region": "ap-northeast-1",
            "tags": {
              "Name": "msk-pub-d"
            },
            "tags_all": {
              "Name": "msk-pub-d",
              "Project": "wsc2026-msk"
            },
            "timeouts": null,
            "vpc_id": "vpc-0087c6867a856a0ca"
          },
          "sensitive_attributes": [],
          "identity_schema_version": 0,
          "identity": {
            "account_id": "412869002243",
            "id": "subnet-097005745fb90e507",
            "region": "ap-northeast-1"
          },
          "private": "eyJlMmJmYjczMC1lY2FhLTExZTYtOGY4OC0zNDM2M2JjN2M0YzAiOnsiY3JlYXRlIjo2MDAwMDAwMDAwMDAsImRlbGV0ZSI6MTIwMDAwMDAwMDAwMH0sInNjaGVtYV92ZXJzaW9uIjoiMSJ9",
          "dependencies": [
            "aws_vpc.main"
          ]
        }
      ]
    },
    {
      "mode": "managed",
      "type": "aws_vpc",
      "name": "main",
      "provider": "provider[\"registry.terraform.io/hashicorp/aws\"]",
      "instances": [
        {
          "schema_version": 1,
          "attributes": {
            "arn": "arn:aws:ec2:ap-northeast-1:412869002243:vpc/vpc-0087c6867a856a0ca",
            "assign_generated_ipv6_cidr_block": false,
            "cidr_block": "192.168.0.0/16",
            "default_network_acl_id": "acl-0096ea5fa7aa2c1da",
            "default_route_table_id": "rtb-0b65a839549dbfeaa",
            "default_security_group_id": "sg-04079b137299d10ab",
            "dhcp_options_id": "dopt-0d758f5658ea9e4c5",
            "enable_dns_hostnames": true,
            "enable_dns_support": true,
            "enable_network_address_usage_metrics": false,
            "id": "vpc-0087c6867a856a0ca",
            "instance_tenancy": "default",
            "ipv4_ipam_pool_id": null,
            "ipv4_netmask_length": null,
            "ipv6_association_id": "",
            "ipv6_cidr_block": "",
            "ipv6_cidr_block_network_border_group": "",
            "ipv6_ipam_pool_id": "",
            "ipv6_netmask_length": 0,
            "main_route_table_id": "rtb-0b65a839549dbfeaa",
            "owner_id": "412869002243",
            "region": "ap-northeast-1",
            "tags": {
              "Name": "msk-vpc"
            },
            "tags_all": {
              "Name": "msk-vpc",
              "Project": "wsc2026-msk"
            }
          },
          "sensitive_attributes": [],
          "identity_schema_version": 0,
          "identity": {
            "account_id": "412869002243",
            "id": "vpc-0087c6867a856a0ca",
            "region": "ap-northeast-1"
          },
          "private": "eyJzY2hlbWFfdmVyc2lvbiI6IjEifQ=="
        }
      ]
    },
    {
      "mode": "managed",
      "type": "aws_vpc_security_group_egress_rule",
      "name": "ec2_all",
      "provider": "provider[\"registry.terraform.io/hashicorp/aws\"]",
      "instances": [
        {
          "schema_version": 0,
          "attributes": {
            "arn": "arn:aws:ec2:ap-northeast-1:412869002243:security-group-rule/sgr-038136ac6ff64c544",
            "cidr_ipv4": "0.0.0.0/0",
            "cidr_ipv6": null,
            "description": "outbound all (NAT, MSK, AWS API)",
            "from_port": null,
            "id": "sgr-038136ac6ff64c544",
            "ip_protocol": "-1",
            "prefix_list_id": null,
            "referenced_security_group_id": null,
            "region": "ap-northeast-1",
            "security_group_id": "sg-0e9a91ca87ed147fb",
            "security_group_rule_id": "sgr-038136ac6ff64c544",
            "tags": null,
            "tags_all": {
              "Project": "wsc2026-msk"
            },
            "to_port": null
          },
          "sensitive_attributes": [],
          "identity_schema_version": 0,
          "identity": {
            "account_id": "412869002243",
            "id": "sgr-038136ac6ff64c544",
            "region": "ap-northeast-1"
          },
          "dependencies": [
            "aws_security_group.ec2",
            "aws_vpc.main"
          ]
        }
      ]
    },
    {
      "mode": "managed",
      "type": "aws_vpc_security_group_egress_rule",
      "name": "lambda_all",
      "provider": "provider[\"registry.terraform.io/hashicorp/aws\"]",
      "instances": [
        {
          "schema_version": 0,
          "attributes": {
            "arn": "arn:aws:ec2:ap-northeast-1:412869002243:security-group-rule/sgr-0b9a9999e7d52b928",
            "cidr_ipv4": "0.0.0.0/0",
            "cidr_ipv6": null,
            "description": "outbound all",
            "from_port": null,
            "id": "sgr-0b9a9999e7d52b928",
            "ip_protocol": "-1",
            "prefix_list_id": null,
            "referenced_security_group_id": null,
            "region": "ap-northeast-1",
            "security_group_id": "sg-0abaa27e72ce6118f",
            "security_group_rule_id": "sgr-0b9a9999e7d52b928",
            "tags": null,
            "tags_all": {
              "Project": "wsc2026-msk"
            },
            "to_port": null
          },
          "sensitive_attributes": [],
          "identity_schema_version": 0,
          "identity": {
            "account_id": "412869002243",
            "id": "sgr-0b9a9999e7d52b928",
            "region": "ap-northeast-1"
          },
          "dependencies": [
            "aws_security_group.lambda",
            "aws_vpc.main"
          ]
        }
      ]
    },
    {
      "mode": "managed",
      "type": "aws_vpc_security_group_egress_rule",
      "name": "msk_all",
      "provider": "provider[\"registry.terraform.io/hashicorp/aws\"]",
      "instances": [
        {
          "schema_version": 0,
          "attributes": {
            "arn": "arn:aws:ec2:ap-northeast-1:412869002243:security-group-rule/sgr-020824e499da49e9f",
            "cidr_ipv4": "0.0.0.0/0",
            "cidr_ipv6": null,
            "description": null,
            "from_port": null,
            "id": "sgr-020824e499da49e9f",
            "ip_protocol": "-1",
            "prefix_list_id": null,
            "referenced_security_group_id": null,
            "region": "ap-northeast-1",
            "security_group_id": "sg-01bfbb4d763e12f57",
            "security_group_rule_id": "sgr-020824e499da49e9f",
            "tags": null,
            "tags_all": {
              "Project": "wsc2026-msk"
            },
            "to_port": null
          },
          "sensitive_attributes": [],
          "identity_schema_version": 0,
          "identity": {
            "account_id": "412869002243",
            "id": "sgr-020824e499da49e9f",
            "region": "ap-northeast-1"
          },
          "dependencies": [
            "aws_security_group.msk",
            "aws_vpc.main"
          ]
        }
      ]
    },
    {
      "mode": "managed",
      "type": "aws_vpc_security_group_ingress_rule",
      "name": "msk_from_ec2",
      "provider": "provider[\"registry.terraform.io/hashicorp/aws\"]",
      "instances": [
        {
          "index_key": "9092",
          "schema_version": 0,
          "attributes": {
            "arn": "arn:aws:ec2:ap-northeast-1:412869002243:security-group-rule/sgr-08ff9f3e9880ef5a7",
            "cidr_ipv4": null,
            "cidr_ipv6": null,
            "description": "kafka 9092 from producer",
            "from_port": 9092,
            "id": "sgr-08ff9f3e9880ef5a7",
            "ip_protocol": "tcp",
            "prefix_list_id": null,
            "referenced_security_group_id": "sg-0e9a91ca87ed147fb",
            "region": "ap-northeast-1",
            "security_group_id": "sg-01bfbb4d763e12f57",
            "security_group_rule_id": "sgr-08ff9f3e9880ef5a7",
            "tags": null,
            "tags_all": {
              "Project": "wsc2026-msk"
            },
            "to_port": 9092
          },
          "sensitive_attributes": [],
          "identity_schema_version": 0,
          "identity": {
            "account_id": "412869002243",
            "id": "sgr-08ff9f3e9880ef5a7",
            "region": "ap-northeast-1"
          },
          "dependencies": [
            "aws_security_group.ec2",
            "aws_security_group.msk",
            "aws_vpc.main"
          ]
        },
        {
          "index_key": "9094",
          "schema_version": 0,
          "attributes": {
            "arn": "arn:aws:ec2:ap-northeast-1:412869002243:security-group-rule/sgr-0f553e02b77ad77cc",
            "cidr_ipv4": null,
            "cidr_ipv6": null,
            "description": "kafka 9094 from producer",
            "from_port": 9094,
            "id": "sgr-0f553e02b77ad77cc",
            "ip_protocol": "tcp",
            "prefix_list_id": null,
            "referenced_security_group_id": "sg-0e9a91ca87ed147fb",
            "region": "ap-northeast-1",
            "security_group_id": "sg-01bfbb4d763e12f57",
            "security_group_rule_id": "sgr-0f553e02b77ad77cc",
            "tags": null,
            "tags_all": {
              "Project": "wsc2026-msk"
            },
            "to_port": 9094
          },
          "sensitive_attributes": [],
          "identity_schema_version": 0,
          "identity": {
            "account_id": "412869002243",
            "id": "sgr-0f553e02b77ad77cc",
            "region": "ap-northeast-1"
          },
          "dependencies": [
            "aws_security_group.ec2",
            "aws_security_group.msk",
            "aws_vpc.main"
          ]
        },
        {
          "index_key": "9098",
          "schema_version": 0,
          "attributes": {
            "arn": "arn:aws:ec2:ap-northeast-1:412869002243:security-group-rule/sgr-074c67a8eb01f46f0",
            "cidr_ipv4": null,
            "cidr_ipv6": null,
            "description": "kafka 9098 from producer",
            "from_port": 9098,
            "id": "sgr-074c67a8eb01f46f0",
            "ip_protocol": "tcp",
            "prefix_list_id": null,
            "referenced_security_group_id": "sg-0e9a91ca87ed147fb",
            "region": "ap-northeast-1",
            "security_group_id": "sg-01bfbb4d763e12f57",
            "security_group_rule_id": "sgr-074c67a8eb01f46f0",
            "tags": null,
            "tags_all": {
              "Project": "wsc2026-msk"
            },
            "to_port": 9098
          },
          "sensitive_attributes": [],
          "identity_schema_version": 0,
          "identity": {
            "account_id": "412869002243",
            "id": "sgr-074c67a8eb01f46f0",
            "region": "ap-northeast-1"
          },
          "dependencies": [
            "aws_security_group.ec2",
            "aws_security_group.msk",
            "aws_vpc.main"
          ]
        }
      ]
    },
    {
      "mode": "managed",
      "type": "aws_vpc_security_group_ingress_rule",
      "name": "msk_from_lambda",
      "provider": "provider[\"registry.terraform.io/hashicorp/aws\"]",
      "instances": [
        {
          "schema_version": 0,
          "attributes": {
            "arn": "arn:aws:ec2:ap-northeast-1:412869002243:security-group-rule/sgr-0eca0fb196e790b25",
            "cidr_ipv4": null,
            "cidr_ipv6": null,
            "description": "SASL_SSL(IAM) from lambda vpc eni",
            "from_port": 9098,
            "id": "sgr-0eca0fb196e790b25",
            "ip_protocol": "tcp",
            "prefix_list_id": null,
            "referenced_security_group_id": "sg-0abaa27e72ce6118f",
            "region": "ap-northeast-1",
            "security_group_id": "sg-01bfbb4d763e12f57",
            "security_group_rule_id": "sgr-0eca0fb196e790b25",
            "tags": null,
            "tags_all": {
              "Project": "wsc2026-msk"
            },
            "to_port": 9098
          },
          "sensitive_attributes": [],
          "identity_schema_version": 0,
          "identity": {
            "account_id": "412869002243",
            "id": "sgr-0eca0fb196e790b25",
            "region": "ap-northeast-1"
          },
          "dependencies": [
            "aws_security_group.lambda",
            "aws_security_group.msk",
            "aws_vpc.main"
          ]
        }
      ]
    },
    {
      "mode": "managed",
      "type": "aws_vpc_security_group_ingress_rule",
      "name": "msk_self",
      "provider": "provider[\"registry.terraform.io/hashicorp/aws\"]",
      "instances": [
        {
          "schema_version": 0,
          "attributes": {
            "arn": "arn:aws:ec2:ap-northeast-1:412869002243:security-group-rule/sgr-03346ee735dbae6fa",
            "cidr_ipv4": null,
            "cidr_ipv6": null,
            "description": "self reference for Lambda MSK event source ENI",
            "from_port": 0,
            "id": "sgr-03346ee735dbae6fa",
            "ip_protocol": "tcp",
            "prefix_list_id": null,
            "referenced_security_group_id": "sg-01bfbb4d763e12f57",
            "region": "ap-northeast-1",
            "security_group_id": "sg-01bfbb4d763e12f57",
            "security_group_rule_id": "sgr-03346ee735dbae6fa",
            "tags": null,
            "tags_all": {
              "Project": "wsc2026-msk"
            },
            "to_port": 65535
          },
          "sensitive_attributes": [],
          "identity_schema_version": 0,
          "identity": {
            "account_id": "412869002243",
            "id": "sgr-03346ee735dbae6fa",
            "region": "ap-northeast-1"
          },
          "dependencies": [
            "aws_security_group.msk",
            "aws_vpc.main"
          ]
        }
      ]
    },
    {
      "mode": "managed",
      "type": "time_sleep",
      "name": "wait_for_topics",
      "provider": "provider[\"registry.terraform.io/hashicorp/time\"]",
      "instances": [
        {
          "schema_version": 0,
          "attributes": {
            "create_duration": "420s",
            "destroy_duration": null,
            "id": "2026-07-31T01:08:49Z",
            "triggers": null
          },
          "sensitive_attributes": [],
          "identity_schema_version": 0,
          "dependencies": [
            "aws_cloudwatch_log_group.msk",
            "aws_eip.ngw",
            "aws_iam_instance_profile.ec2",
            "aws_iam_role.ec2",
            "aws_iam_role_policy.ec2",
            "aws_iam_role_policy_attachment.ec2_ssm",
            "aws_instance.producer",
            "aws_internet_gateway.igw",
            "aws_msk_cluster.main",
            "aws_nat_gateway.ngw",
            "aws_route.priv_default",
            "aws_route_table.priv",
            "aws_s3_bucket.artifact",
            "aws_s3_object.app_binary",
            "aws_security_group.ec2",
            "aws_security_group.msk",
            "aws_subnet.this",
            "aws_vpc.main",
            "data.aws_caller_identity.current",
            "data.aws_iam_policy_document.ec2_assume",
            "data.aws_iam_policy_document.ec2_policy",
            "data.aws_partition.current",
            "data.aws_ssm_parameter.al2023"
          ]
        }
      ]
    }
  ],
  "check_results": [
    {
      "object_kind": "var",
      "config_addr": "var.student_number",
      "status": "pass",
      "objects": [
        {
          "object_addr": "var.student_number",
          "status": "pass"
        }
      ]
    },
    {
      "object_kind": "var",
      "config_addr": "var.producer_bootstrap",
      "status": "pass",
      "objects": [
        {
          "object_addr": "var.producer_bootstrap",
          "status": "pass"
        }
      ]
    }
  ]
}
